{
  "version": 4,
  "terraform_version": "1.5.7",
  "serial": 209,
  "lineage": "c1c7d3aa-7345-5c60-40ca-fc87cf059d24",
  "outputs": {},
  "resources": [
    {
      "mode": "data",
      "type": "aws_ami",
      "name": "amazonlinux2",
      "provider": "provider[\"registry.terraform.io/hashicorp/aws\"]",
      "instances": [
        {
          "index_key": 0,
          "schema_version": 0,
          "attributes": {
            "architecture": "x86_64",
            "arn": "arn:aws:ec2:us-east-2::image/ami-0e4bab9adfcf464b1",
            "block_device_mappings": [
              {
                "device_name": "/dev/xvda",
                "ebs": {
                  "delete_on_termination": "true",
                  "encrypted": "false",
                  "iops": "0",
                  "snapshot_id": "snap-0360d6bd77aa4ebdf",
                  "throughput": "0",
                  "volume_size": "8",
                  "volume_type": "gp2"
                },
                "no_device": "",
                "virtual_name": ""
              }
            ],
            "boot_mode": "",
            "creation_date": "2023-11-17T00:56:28.000Z",
            "deprecation_time": "2025-07-01T00:00:00.000Z",
            "description": "Amazon Linux 2 AMI 2.0.20231116.0 x86_64 HVM gp2",
            "ena_support": true,
            "executable_users": null,
            "filter": [
              {
                "name": "name",
                "values": [
                  "amzn2-ami-hvm*x86_64-gp2"
                ]
              }
            ],
            "hypervisor": "xen",
            "id": "ami-0e4bab9adfcf464b1",
            "image_id": "ami-0e4bab9adfcf464b1",
            "image_location": "amazon/amzn2-ami-hvm-2.0.20231116.0-x86_64-gp2",
            "image_owner_alias": "amazon",
            "image_type": "machine",
            "imds_support": "",
            "include_deprecated": false,
            "kernel_id": "",
            "most_recent": true,
            "name": "amzn2-ami-hvm-2.0.20231116.0-x86_64-gp2",
            "name_regex": null,
            "owner_id": "137112412989",
            "owners": [
              "amazon"
            ],
            "platform": "",
            "platform_details": "Linux/UNIX",
            "product_codes": [],
            "public": true,
            "ramdisk_id": "",
            "root_device_name": "/dev/xvda",
            "root_device_type": "ebs",
            "root_snapshot_id": "snap-0360d6bd77aa4ebdf",
            "sriov_net_support": "simple",
            "state": "available",
            "state_reason": {
              "code": "UNSET",
              "message": "UNSET"
            },
            "tags": {},
            "timeouts": null,
            "tpm_support": "",
            "usage_operation": "RunInstances",
            "virtualization_type": "hvm"
          },
          "sensitive_attributes": []
        }
      ]
    },
    {
      "mode": "data",
      "type": "aws_caller_identity",
      "name": "current",
      "provider": "provider[\"registry.terraform.io/hashicorp/aws\"]",
      "instances": [
        {
          "schema_version": 0,
          "attributes": {
            "account_id": "730071141898",
            "arn": "arn:aws:iam::730071141898:user/Gabe",
            "id": "730071141898",
            "user_id": "AIDA2T65BRYFM4UJZYJXK"
          },
          "sensitive_attributes": []
        }
      ]
    },
    {
      "mode": "data",
      "type": "aws_iam_policy_document",
      "name": "kms_access",
      "provider": "provider[\"registry.terraform.io/hashicorp/aws\"]",
      "instances": [
        {
          "schema_version": 0,
          "attributes": {
            "id": "2006775670",
            "json": "{\n  \"Version\": \"2012-10-17\",\n  \"Statement\": [\n    {\n      \"Sid\": \"KMS Key Default\",\n      \"Effect\": \"Allow\",\n      \"Action\": \"kms:*\",\n      \"Resource\": \"*\",\n      \"Principal\": {\n        \"AWS\": \"arn:aws:iam::730071141898:root\"\n      }\n    },\n    {\n      \"Sid\": \"CloudWatchLogsEncryption\",\n      \"Effect\": \"Allow\",\n      \"Action\": [\n        \"kms:ReEncrypt*\",\n        \"kms:GenerateDataKey*\",\n        \"kms:Encrypt*\",\n        \"kms:Describe*\",\n        \"kms:Decrypt*\"\n      ],\n      \"Resource\": \"*\",\n      \"Principal\": {\n        \"Service\": \"logs.us-east-2.amazonaws.com\"\n      }\n    },\n    {\n      \"Sid\": \"Cloudtrail KMS permissions\",\n      \"Effect\": \"Allow\",\n      \"Action\": [\n        \"kms:ReEncrypt*\",\n        \"kms:GenerateDataKey*\",\n        \"kms:Encrypt*\",\n        \"kms:Describe*\",\n        \"kms:Decrypt*\"\n      ],\n      \"Resource\": \"*\",\n      \"Principal\": {\n        \"Service\": \"cloudtrail.amazonaws.com\"\n      }\n    }\n  ]\n}",
            "override_policy_documents": null,
            "policy_id": null,
            "source_policy_documents": null,
            "statement": [
              {
                "actions": [
                  "kms:*"
                ],
                "condition": [],
                "effect": "Allow",
                "not_actions": [],
                "not_principals": [],
                "not_resources": [],
                "principals": [
                  {
                    "identifiers": [
                      "arn:aws:iam::730071141898:root"
                    ],
                    "type": "AWS"
                  }
                ],
                "resources": [
                  "*"
                ],
                "sid": "KMS Key Default"
              },
              {
                "actions": [
                  "kms:Decrypt*",
                  "kms:Describe*",
                  "kms:Encrypt*",
                  "kms:GenerateDataKey*",
                  "kms:ReEncrypt*"
                ],
                "condition": [],
                "effect": "Allow",
                "not_actions": [],
                "not_principals": [],
                "not_resources": [],
                "principals": [
                  {
                    "identifiers": [
                      "logs.us-east-2.amazonaws.com"
                    ],
                    "type": "Service"
                  }
                ],
                "resources": [
                  "*"
                ],
                "sid": "CloudWatchLogsEncryption"
              },
              {
                "actions": [
                  "kms:Decrypt*",
                  "kms:Describe*",
                  "kms:Encrypt*",
                  "kms:GenerateDataKey*",
                  "kms:ReEncrypt*"
                ],
                "condition": [],
                "effect": "Allow",
                "not_actions": [],
                "not_principals": [],
                "not_resources": [],
                "principals": [
                  {
                    "identifiers": [
                      "cloudtrail.amazonaws.com"
                    ],
                    "type": "Service"
                  }
                ],
                "resources": [
                  "*"
                ],
                "sid": "Cloudtrail KMS permissions"
              }
            ],
            "version": "2012-10-17"
          },
          "sensitive_attributes": []
        }
      ]
    },
    {
      "mode": "data",
      "type": "aws_partition",
      "name": "current",
      "provider": "provider[\"registry.terraform.io/hashicorp/aws\"]",
      "instances": [
        {
          "schema_version": 0,
          "attributes": {
            "dns_suffix": "amazonaws.com",
            "id": "aws",
            "partition": "aws",
            "reverse_dns_prefix": "com.amazonaws"
          },
          "sensitive_attributes": []
        }
      ]
    },
    {
      "mode": "managed",
      "type": "aws_kms_alias",
      "name": "default",
      "provider": "provider[\"registry.terraform.io/hashicorp/aws\"]",
      "instances": [
        {
          "schema_version": 0,
          "attributes": {
            "arn": "arn:aws:kms:us-east-2:730071141898:alias/ex-complete-c8df2023103114554493280000000b",
            "id": "alias/ex-complete-c8df2023103114554493280000000b",
            "name": "alias/ex-complete-c8df2023103114554493280000000b",
            "name_prefix": "alias/ex-complete-c8df",
            "target_key_arn": "arn:aws:kms:us-east-2:730071141898:key/mrk-a156b49d5c6b44cc9496116f1ca15f67",
            "target_key_id": "mrk-a156b49d5c6b44cc9496116f1ca15f67"
          },
          "sensitive_attributes": [],
          "private": "bnVsbA==",
          "dependencies": [
            "aws_kms_key.default",
            "data.aws_caller_identity.current",
            "data.aws_iam_policy_document.kms_access",
            "data.aws_partition.current",
            "random_id.default"
          ]
        }
      ]
    },
    {
      "mode": "managed",
      "type": "aws_kms_key",
      "name": "default",
      "provider": "provider[\"registry.terraform.io/hashicorp/aws\"]",
      "instances": [
        {
          "schema_version": 0,
          "attributes": {
            "arn": "arn:aws:kms:us-east-2:730071141898:key/mrk-a156b49d5c6b44cc9496116f1ca15f67",
            "bypass_policy_lockout_safety_check": false,
            "custom_key_store_id": "",
            "customer_master_key_spec": "SYMMETRIC_DEFAULT",
            "deletion_window_in_days": 7,
            "description": "SSM Key",
            "enable_key_rotation": true,
            "id": "mrk-a156b49d5c6b44cc9496116f1ca15f67",
            "is_enabled": true,
            "key_id": "mrk-a156b49d5c6b44cc9496116f1ca15f67",
            "key_usage": "ENCRYPT_DECRYPT",
            "multi_region": true,
            "policy": "{\"Statement\":[{\"Action\":\"kms:*\",\"Effect\":\"Allow\",\"Principal\":{\"AWS\":\"arn:aws:iam::730071141898:root\"},\"Resource\":\"*\",\"Sid\":\"KMS Key Default\"},{\"Action\":[\"kms:ReEncrypt*\",\"kms:GenerateDataKey*\",\"kms:Encrypt*\",\"kms:Describe*\",\"kms:Decrypt*\"],\"Effect\":\"Allow\",\"Principal\":{\"Service\":\"logs.us-east-2.amazonaws.com\"},\"Resource\":\"*\",\"Sid\":\"CloudWatchLogsEncryption\"},{\"Action\":[\"kms:ReEncrypt*\",\"kms:GenerateDataKey*\",\"kms:Encrypt*\",\"kms:Describe*\",\"kms:Decrypt*\"],\"Effect\":\"Allow\",\"Principal\":{\"Service\":\"cloudtrail.amazonaws.com\"},\"Resource\":\"*\",\"Sid\":\"Cloudtrail KMS permissions\"}],\"Version\":\"2012-10-17\"}",
            "tags": {
              "Environment": "dev",
              "GithubRepo": "github.com/defenseunicorns/delivery-aws-iac",
              "Project": "du-iac-cicd",
              "RootTFModule": "bootstrap"
            },
            "tags_all": {
              "Environment": "dev",
              "GithubRepo": "github.com/defenseunicorns/delivery-aws-iac",
              "Project": "du-iac-cicd",
              "RootTFModule": "bootstrap"
            },
            "timeouts": null
          },
          "sensitive_attributes": [],
          "private": "eyJlMmJmYjczMC1lY2FhLTExZTYtOGY4OC0zNDM2M2JjN2M0YzAiOnsiY3JlYXRlIjoxMjAwMDAwMDAwMDB9fQ==",
          "dependencies": [
            "data.aws_caller_identity.current",
            "data.aws_iam_policy_document.kms_access",
            "data.aws_partition.current"
          ]
        }
      ]
    },
    {
      "mode": "managed",
      "type": "aws_s3_bucket",
      "name": "access_log_bucket",
      "provider": "provider[\"registry.terraform.io/hashicorp/aws\"]",
      "instances": [
        {
          "schema_version": 0,
          "attributes": {
            "acceleration_status": "",
            "acl": null,
            "arn": "arn:aws:s3:::ex-complete-accesslog-c8df20231201151220366300000004",
            "bucket": "ex-complete-accesslog-c8df20231201151220366300000004",
            "bucket_domain_name": "ex-complete-accesslog-c8df20231201151220366300000004.s3.amazonaws.com",
            "bucket_prefix": "ex-complete-accesslog-c8df",
            "bucket_regional_domain_name": "ex-complete-accesslog-c8df20231201151220366300000004.s3.us-east-2.amazonaws.com",
            "cors_rule": [],
            "force_destroy": true,
            "grant": [
              {
                "id": "c799a934ad5c489ced0b6c3a042451a17d48854c88bf12c97f3bb164a8ae4d47",
                "permissions": [
                  "FULL_CONTROL"
                ],
                "type": "CanonicalUser",
                "uri": ""
              }
            ],
            "hosted_zone_id": "Z2O1EMRO9K5GLX",
            "id": "ex-complete-accesslog-c8df20231201151220366300000004",
            "lifecycle_rule": [],
            "logging": [],
            "object_lock_configuration": [],
            "object_lock_enabled": false,
            "policy": "",
            "region": "us-east-2",
            "replication_configuration": [],
            "request_payer": "BucketOwner",
            "server_side_encryption_configuration": [
              {
                "rule": [
                  {
                    "apply_server_side_encryption_by_default": [
                      {
                        "kms_master_key_id": "",
                        "sse_algorithm": "AES256"
                      }
                    ],
                    "bucket_key_enabled": false
                  }
                ]
              }
            ],
            "tags": {
              "Environment": "dev",
              "GithubRepo": "github.com/defenseunicorns/delivery-aws-iac",
              "Project": "du-iac-cicd",
              "RootTFModule": "bootstrap"
            },
            "tags_all": {
              "Environment": "dev",
              "GithubRepo": "github.com/defenseunicorns/delivery-aws-iac",
              "Project": "du-iac-cicd",
              "RootTFModule": "bootstrap"
            },
            "timeouts": null,
            "versioning": [
              {
                "enabled": false,
                "mfa_delete": false
              }
            ],
            "website": [],
            "website_domain": null,
            "website_endpoint": null
          },
          "sensitive_attributes": [],
          "private": "eyJlMmJmYjczMC1lY2FhLTExZTYtOGY4OC0zNDM2M2JjN2M0YzAiOnsiY3JlYXRlIjoxMjAwMDAwMDAwMDAwLCJkZWxldGUiOjM2MDAwMDAwMDAwMDAsInJlYWQiOjEyMDAwMDAwMDAwMDAsInVwZGF0ZSI6MTIwMDAwMDAwMDAwMH19",
          "dependencies": [
            "random_id.default"
          ]
        }
      ]
    },
    {
      "mode": "managed",
      "type": "aws_s3_bucket_lifecycle_configuration",
      "name": "access_log_bucket",
      "provider": "provider[\"registry.terraform.io/hashicorp/aws\"]",
      "instances": [
        {
          "schema_version": 0,
          "attributes": {
            "bucket": "ex-complete-accesslog-c8df20231201151220366300000004",
            "expected_bucket_owner": "",
            "id": "ex-complete-accesslog-c8df20231201151220366300000004",
            "rule": [
              {
                "abort_incomplete_multipart_upload": [],
                "expiration": [
                  {
                    "date": "",
                    "days": 30,
                    "expired_object_delete_marker": false
                  }
                ],
                "filter": [
                  {
                    "and": [],
                    "object_size_greater_than": "",
                    "object_size_less_than": "",
                    "prefix": "",
                    "tag": []
                  }
                ],
                "id": "delete_after_X_days",
                "noncurrent_version_expiration": [],
                "noncurrent_version_transition": [],
                "prefix": "",
                "status": "Enabled",
                "transition": []
              },
              {
                "abort_incomplete_multipart_upload": [
                  {
                    "days_after_initiation": 7
                  }
                ],
                "expiration": [],
                "filter": [
                  {
                    "and": [],
                    "object_size_greater_than": "",
                    "object_size_less_than": "",
                    "prefix": "",
                    "tag": []
                  }
                ],
                "id": "abort_incomplete_multipart_upload",
                "noncurrent_version_expiration": [],
                "noncurrent_version_transition": [],
                "prefix": "",
                "status": "Enabled",
                "transition": []
              }
            ]
          },
          "sensitive_attributes": [],
          "private": "bnVsbA==",
          "dependencies": [
            "aws_s3_bucket.access_log_bucket",
            "random_id.default"
          ]
        }
      ]
    },
    {
      "mode": "managed",
      "type": "aws_s3_bucket_public_access_block",
      "name": "access_log_bucket",
      "provider": "provider[\"registry.terraform.io/hashicorp/aws\"]",
      "instances": [
        {
          "schema_version": 0,
          "attributes": {
            "block_public_acls": true,
            "block_public_policy": true,
            "bucket": "ex-complete-accesslog-c8df20231201151220366300000004",
            "id": "ex-complete-accesslog-c8df20231201151220366300000004",
            "ignore_public_acls": true,
            "restrict_public_buckets": true
          },
          "sensitive_attributes": [],
          "private": "bnVsbA==",
          "dependencies": [
            "aws_s3_bucket.access_log_bucket",
            "random_id.default"
          ]
        }
      ]
    },
    {
      "mode": "managed",
      "type": "aws_s3_bucket_server_side_encryption_configuration",
      "name": "access_log_bucket",
      "provider": "provider[\"registry.terraform.io/hashicorp/aws\"]",
      "instances": [
        {
          "schema_version": 0,
          "attributes": {
            "bucket": "ex-complete-accesslog-c8df20231201151220366300000004",
            "expected_bucket_owner": "",
            "id": "ex-complete-accesslog-c8df20231201151220366300000004",
            "rule": [
              {
                "apply_server_side_encryption_by_default": [
                  {
                    "kms_master_key_id": "arn:aws:kms:us-east-2:730071141898:key/mrk-a156b49d5c6b44cc9496116f1ca15f67",
                    "sse_algorithm": "aws:kms"
                  }
                ],
                "bucket_key_enabled": null
              }
            ]
          },
          "sensitive_attributes": [],
          "private": "bnVsbA==",
          "dependencies": [
            "aws_kms_key.default",
            "aws_s3_bucket.access_log_bucket",
            "random_id.default"
          ]
        }
      ]
    },
    {
      "mode": "managed",
      "type": "aws_s3_bucket_versioning",
      "name": "access_log_bucket",
      "provider": "provider[\"registry.terraform.io/hashicorp/aws\"]",
      "instances": [
        {
          "schema_version": 0,
          "attributes": {
            "bucket": "ex-complete-accesslog-c8df20231201151220366300000004",
            "expected_bucket_owner": "",
            "id": "ex-complete-accesslog-c8df20231201151220366300000004",
            "mfa": null,
            "versioning_configuration": [
              {
                "mfa_delete": "",
                "status": "Enabled"
              }
            ]
          },
          "sensitive_attributes": [],
          "private": "bnVsbA==",
          "dependencies": [
            "aws_s3_bucket.access_log_bucket",
            "random_id.default"
          ]
        }
      ]
    },
    {
      "mode": "managed",
      "type": "random_id",
      "name": "default",
      "provider": "provider[\"registry.terraform.io/hashicorp/random\"]",
      "instances": [
        {
          "schema_version": 0,
          "attributes": {
            "b64_std": "yN8=",
            "b64_url": "yN8",
            "byte_length": 2,
            "dec": "51423",
            "hex": "c8df",
            "id": "yN8",
            "keepers": null,
            "prefix": null
          },
          "sensitive_attributes": [],
          "create_before_destroy": true
        }
      ]
    },
    {
      "module": "module.bastion[0]",
      "mode": "data",
      "type": "aws_caller_identity",
      "name": "current",
      "provider": "provider[\"registry.terraform.io/hashicorp/aws\"]",
      "instances": [
        {
          "schema_version": 0,
          "attributes": {
            "account_id": "730071141898",
            "arn": "arn:aws:iam::730071141898:user/Gabe",
            "id": "730071141898",
            "user_id": "AIDA2T65BRYFM4UJZYJXK"
          },
          "sensitive_attributes": []
        }
      ]
    },
    {
      "module": "module.bastion[0]",
      "mode": "data",
      "type": "aws_iam_policy",
      "name": "AmazonElasticFileSystemFullAccess",
      "provider": "provider[\"registry.terraform.io/hashicorp/aws\"]",
      "instances": [
        {
          "schema_version": 0,
          "attributes": {
            "arn": "arn:aws:iam::aws:policy/AmazonElasticFileSystemFullAccess",
            "description": "Provides full access to Amazon EFS via the AWS Management Console.",
            "id": "arn:aws:iam::aws:policy/AmazonElasticFileSystemFullAccess",
            "name": "AmazonElasticFileSystemFullAccess",
            "path": "/",
            "path_prefix": null,
            "policy": "{\n\t\"Version\": \"2012-10-17\",\n\t\"Statement\": [\n\t\t{\n\t\t\t\"Action\": [\n\t\t\t\t\"cloudwatch:DescribeAlarmsForMetric\",\n\t\t\t\t\"cloudwatch:GetMetricData\",\n\t\t\t\t\"ec2:CreateNetworkInterface\",\n\t\t\t\t\"ec2:DeleteNetworkInterface\",\n\t\t\t\t\"ec2:DescribeAvailabilityZones\",\n\t\t\t\t\"ec2:DescribeNetworkInterfaceAttribute\",\n\t\t\t\t\"ec2:DescribeNetworkInterfaces\",\n\t\t\t\t\"ec2:DescribeSecurityGroups\",\n\t\t\t\t\"ec2:DescribeSubnets\",\n\t\t\t\t\"ec2:DescribeVpcAttribute\",\n\t\t\t\t\"ec2:DescribeVpcs\",\n\t\t\t\t\"ec2:ModifyNetworkInterfaceAttribute\",\n\t\t\t\t\"elasticfilesystem:CreateFileSystem\",\n\t\t\t\t\"elasticfilesystem:CreateMountTarget\",\n\t\t\t\t\"elasticfilesystem:CreateTags\",\n\t\t\t\t\"elasticfilesystem:CreateAccessPoint\",\n\t\t\t\t\"elasticfilesystem:CreateReplicationConfiguration\",\n\t\t\t\t\"elasticfilesystem:DeleteFileSystem\",\n\t\t\t\t\"elasticfilesystem:DeleteMountTarget\",\n\t\t\t\t\"elasticfilesystem:DeleteTags\",\n\t\t\t\t\"elasticfilesystem:DeleteAccessPoint\",\n\t\t\t\t\"elasticfilesystem:DeleteFileSystemPolicy\",\n\t\t\t\t\"elasticfilesystem:DeleteReplicationConfiguration\",\n\t\t\t\t\"elasticfilesystem:DescribeAccountPreferences\",\n\t\t\t\t\"elasticfilesystem:DescribeBackupPolicy\",\n\t\t\t\t\"elasticfilesystem:DescribeFileSystems\",\n\t\t\t\t\"elasticfilesystem:DescribeFileSystemPolicy\",\n\t\t\t\t\"elasticfilesystem:DescribeLifecycleConfiguration\",\n\t\t\t\t\"elasticfilesystem:DescribeMountTargets\",\n\t\t\t\t\"elasticfilesystem:DescribeMountTargetSecurityGroups\",\n\t\t\t\t\"elasticfilesystem:DescribeTags\",\n\t\t\t\t\"elasticfilesystem:DescribeAccessPoints\",\n\t\t\t\t\"elasticfilesystem:DescribeReplicationConfigurations\",\n\t\t\t\t\"elasticfilesystem:ModifyMountTargetSecurityGroups\",\n\t\t\t\t\"elasticfilesystem:PutAccountPreferences\",\n\t\t\t\t\"elasticfilesystem:PutBackupPolicy\",\n\t\t\t\t\"elasticfilesystem:PutLifecycleConfiguration\",\n\t\t\t\t\"elasticfilesystem:PutFileSystemPolicy\",\n\t\t\t\t\"elasticfilesystem:UpdateFileSystem\",\n\t\t\t\t\"elasticfilesystem:UpdateFileSystemProtection\",\n\t\t\t\t\"elasticfilesystem:TagResource\",\n\t\t\t\t\"elasticfilesystem:UntagResource\",\n\t\t\t\t\"elasticfilesystem:ListTagsForResource\",\n\t\t\t\t\"elasticfilesystem:Backup\",\n\t\t\t\t\"elasticfilesystem:Restore\",\n\t\t\t\t\"kms:DescribeKey\",\n\t\t\t\t\"kms:ListAliases\"\n\t\t\t],\n\t\t\t\"Sid\": \"ElasticFileSystemFullAccess\",\n\t\t\t\"Effect\": \"Allow\",\n\t\t\t\"Resource\": \"*\"\n\t\t},\n\t\t{\n\t\t\t\"Action\": \"iam:CreateServiceLinkedRole\",\n\t\t\t\"Sid\": \"CreateServiceLinkedRoleForEFS\",\n\t\t\t\"Effect\": \"Allow\",\n\t\t\t\"Resource\": \"*\",\n\t\t\t\"Condition\": {\n\t\t\t\t\"StringEquals\": {\n\t\t\t\t\t\"iam:AWSServiceName\": [\n\t\t\t\t\t\t\"elasticfilesystem.amazonaws.com\"\n\t\t\t\t\t]\n\t\t\t\t}\n\t\t\t}\n\t\t}\n\t]\n}",
            "policy_id": "ANPAJKXTMNVQGIDNCKPBC",
            "tags": {}
          },
          "sensitive_attributes": []
        }
      ]
    },
    {
      "module": "module.bastion[0]",
      "mode": "data",
      "type": "aws_iam_policy",
      "name": "AmazonSSMManagedInstanceCore",
      "provider": "provider[\"registry.terraform.io/hashicorp/aws\"]",
      "instances": [
        {
          "schema_version": 0,
          "attributes": {
            "arn": "arn:aws:iam::aws:policy/AmazonSSMManagedInstanceCore",
            "description": "The policy for Amazon EC2 Role to enable AWS Systems Manager service core functionality.",
            "id": "arn:aws:iam::aws:policy/AmazonSSMManagedInstanceCore",
            "name": "AmazonSSMManagedInstanceCore",
            "path": "/",
            "path_prefix": null,
            "policy": "{\n    \"Version\": \"2012-10-17\",\n    \"Statement\": [\n        {\n            \"Effect\": \"Allow\",\n            \"Action\": [\n                \"ssm:DescribeAssociation\",\n                \"ssm:GetDeployablePatchSnapshotForInstance\",\n                \"ssm:GetDocument\",\n                \"ssm:DescribeDocument\",\n                \"ssm:GetManifest\",\n                \"ssm:GetParameter\",\n                \"ssm:GetParameters\",\n                \"ssm:ListAssociations\",\n                \"ssm:ListInstanceAssociations\",\n                \"ssm:PutInventory\",\n                \"ssm:PutComplianceItems\",\n                \"ssm:PutConfigurePackageResult\",\n                \"ssm:UpdateAssociationStatus\",\n                \"ssm:UpdateInstanceAssociationStatus\",\n                \"ssm:UpdateInstanceInformation\"\n            ],\n            \"Resource\": \"*\"\n        },\n        {\n            \"Effect\": \"Allow\",\n            \"Action\": [\n                \"ssmmessages:CreateControlChannel\",\n                \"ssmmessages:CreateDataChannel\",\n                \"ssmmessages:OpenControlChannel\",\n                \"ssmmessages:OpenDataChannel\"\n            ],\n            \"Resource\": \"*\"\n        },\n        {\n            \"Effect\": \"Allow\",\n            \"Action\": [\n                \"ec2messages:AcknowledgeMessage\",\n                \"ec2messages:DeleteMessage\",\n                \"ec2messages:FailMessage\",\n                \"ec2messages:GetEndpoint\",\n                \"ec2messages:GetMessages\",\n                \"ec2messages:SendReply\"\n            ],\n            \"Resource\": \"*\"\n        }\n    ]\n}",
            "policy_id": "ANPAIXSHM2BNB2D3AXXRU",
            "tags": {}
          },
          "sensitive_attributes": []
        }
      ]
    },
    {
      "module": "module.bastion[0]",
      "mode": "data",
      "type": "aws_iam_policy_document",
      "name": "ssm_ec2_access",
      "provider": "provider[\"registry.terraform.io/hashicorp/aws\"]",
      "instances": [
        {
          "schema_version": 0,
          "attributes": {
            "id": "2556957389",
            "json": "{\n  \"Version\": \"2012-10-17\",\n  \"Statement\": [\n    {\n      \"Sid\": \"KMSEncryptionForSessionManager\",\n      \"Effect\": \"Allow\",\n      \"Action\": [\n        \"kms:GenerateDataKey\",\n        \"kms:Encrypt\",\n        \"kms:DescribeKey\",\n        \"kms:Decrypt\"\n      ],\n      \"Resource\": \"arn:aws:kms:us-east-2:730071141898:key/mrk-a156b49d5c6b44cc9496116f1ca15f67\"\n    },\n    {\n      \"Effect\": \"Allow\",\n      \"Action\": \"ssm:StartSession\",\n      \"Resource\": [\n        \"arn:aws:ssm:*:*:document/AWS-StartSSHSession\",\n        \"arn:aws:ec2:us-east-2:730071141898:instance/i-07f0e5306e70106e7\"\n      ]\n    }\n  ]\n}",
            "override_policy_documents": null,
            "policy_id": null,
            "source_policy_documents": null,
            "statement": [
              {
                "actions": [
                  "kms:Decrypt",
                  "kms:DescribeKey",
                  "kms:Encrypt",
                  "kms:GenerateDataKey"
                ],
                "condition": [],
                "effect": "Allow",
                "not_actions": [],
                "not_principals": [],
                "not_resources": [],
                "principals": [],
                "resources": [
                  "arn:aws:kms:us-east-2:730071141898:key/mrk-a156b49d5c6b44cc9496116f1ca15f67"
                ],
                "sid": "KMSEncryptionForSessionManager"
              },
              {
                "actions": [
                  "ssm:StartSession"
                ],
                "condition": [],
                "effect": "Allow",
                "not_actions": [],
                "not_principals": [],
                "not_resources": [],
                "principals": [],
                "resources": [
                  "arn:aws:ec2:us-east-2:730071141898:instance/i-07f0e5306e70106e7",
                  "arn:aws:ssm:*:*:document/AWS-StartSSHSession"
                ],
                "sid": ""
              }
            ],
            "version": "2012-10-17"
          },
          "sensitive_attributes": []
        }
      ]
    },
    {
      "module": "module.bastion[0]",
      "mode": "data",
      "type": "aws_iam_policy_document",
      "name": "ssm_s3_cwl_access",
      "provider": "provider[\"registry.terraform.io/hashicorp/aws\"]",
      "instances": [
        {
          "schema_version": 0,
          "attributes": {
            "id": "2752760293",
            "json": "{\n  \"Version\": \"2012-10-17\",\n  \"Statement\": [\n    {\n      \"Sid\": \"S3BucketAccessForSessionManager\",\n      \"Effect\": \"Allow\",\n      \"Action\": [\n        \"s3:PutObjectVersionAcl\",\n        \"s3:PutObjectAcl\",\n        \"s3:PutObject\"\n      ],\n      \"Resource\": [\n        \"arn:aws:s3:::ex-complete-bastion-c8df-sessionlogs-20231201151220365300000003/*\",\n        \"arn:aws:s3:::ex-complete-bastion-c8df-sessionlogs-20231201151220365300000003\"\n      ]\n    },\n    {\n      \"Sid\": \"S3EncryptionForSessionManager\",\n      \"Effect\": \"Allow\",\n      \"Action\": \"s3:GetEncryptionConfiguration\",\n      \"Resource\": \"arn:aws:s3:::ex-complete-bastion-c8df-sessionlogs-20231201151220365300000003\"\n    },\n    {\n      \"Sid\": \"CloudWatchLogsAccessForSessionManager\",\n      \"Effect\": \"Allow\",\n      \"Action\": [\n        \"logs:PutLogEvents\",\n        \"logs:DescribeLogStreams\",\n        \"logs:DescribeLogGroups\",\n        \"logs:CreateLogStream\"\n      ],\n      \"Resource\": \"*\"\n    },\n    {\n      \"Sid\": \"KMSEncryptionForSessionManager\",\n      \"Effect\": \"Allow\",\n      \"Action\": [\n        \"kms:GenerateDataKey\",\n        \"kms:Encrypt\",\n        \"kms:DescribeKey\",\n        \"kms:Decrypt\"\n      ],\n      \"Resource\": \"arn:aws:kms:us-east-2:730071141898:key/mrk-a156b49d5c6b44cc9496116f1ca15f67\"\n    }\n  ]\n}",
            "override_policy_documents": null,
            "policy_id": null,
            "source_policy_documents": null,
            "statement": [
              {
                "actions": [
                  "s3:PutObject",
                  "s3:PutObjectAcl",
                  "s3:PutObjectVersionAcl"
                ],
                "condition": [],
                "effect": "Allow",
                "not_actions": [],
                "not_principals": [],
                "not_resources": [],
                "principals": [],
                "resources": [
                  "arn:aws:s3:::ex-complete-bastion-c8df-sessionlogs-20231201151220365300000003",
                  "arn:aws:s3:::ex-complete-bastion-c8df-sessionlogs-20231201151220365300000003/*"
                ],
                "sid": "S3BucketAccessForSessionManager"
              },
              {
                "actions": [
                  "s3:GetEncryptionConfiguration"
                ],
                "condition": [],
                "effect": "Allow",
                "not_actions": [],
                "not_principals": [],
                "not_resources": [],
                "principals": [],
                "resources": [
                  "arn:aws:s3:::ex-complete-bastion-c8df-sessionlogs-20231201151220365300000003"
                ],
                "sid": "S3EncryptionForSessionManager"
              },
              {
                "actions": [
                  "logs:CreateLogStream",
                  "logs:DescribeLogGroups",
                  "logs:DescribeLogStreams",
                  "logs:PutLogEvents"
                ],
                "condition": [],
                "effect": "Allow",
                "not_actions": [],
                "not_principals": [],
                "not_resources": [],
                "principals": [],
                "resources": [
                  "*"
                ],
                "sid": "CloudWatchLogsAccessForSessionManager"
              },
              {
                "actions": [
                  "kms:Decrypt",
                  "kms:DescribeKey",
                  "kms:Encrypt",
                  "kms:GenerateDataKey"
                ],
                "condition": [],
                "effect": "Allow",
                "not_actions": [],
                "not_principals": [],
                "not_resources": [],
                "principals": [],
                "resources": [
                  "arn:aws:kms:us-east-2:730071141898:key/mrk-a156b49d5c6b44cc9496116f1ca15f67"
                ],
                "sid": "KMSEncryptionForSessionManager"
              }
            ],
            "version": "2012-10-17"
          },
          "sensitive_attributes": []
        }
      ]
    },
    {
      "module": "module.bastion[0]",
      "mode": "data",
      "type": "aws_kms_key",
      "name": "default",
      "provider": "provider[\"registry.terraform.io/hashicorp/aws\"]",
      "instances": [
        {
          "schema_version": 0,
          "attributes": {
            "arn": "arn:aws:kms:us-east-2:730071141898:key/mrk-a156b49d5c6b44cc9496116f1ca15f67",
            "aws_account_id": "730071141898",
            "cloud_hsm_cluster_id": "",
            "creation_date": "2023-10-31T14:55:31Z",
            "custom_key_store_id": "",
            "customer_master_key_spec": "SYMMETRIC_DEFAULT",
            "deletion_date": null,
            "description": "SSM Key",
            "enabled": true,
            "expiration_model": "",
            "grant_tokens": null,
            "id": "mrk-a156b49d5c6b44cc9496116f1ca15f67",
            "key_id": "arn:aws:kms:us-east-2:730071141898:key/mrk-a156b49d5c6b44cc9496116f1ca15f67",
            "key_manager": "CUSTOMER",
            "key_spec": "SYMMETRIC_DEFAULT",
            "key_state": "Enabled",
            "key_usage": "ENCRYPT_DECRYPT",
            "multi_region": true,
            "multi_region_configuration": [
              {
                "multi_region_key_type": "PRIMARY",
                "primary_key": [
                  {
                    "arn": "arn:aws:kms:us-east-2:730071141898:key/mrk-a156b49d5c6b44cc9496116f1ca15f67",
                    "region": "us-east-2"
                  }
                ],
                "replica_keys": []
              }
            ],
            "origin": "AWS_KMS",
            "pending_deletion_window_in_days": 0,
            "valid_to": null,
            "xks_key_configuration": []
          },
          "sensitive_attributes": []
        }
      ]
    },
    {
      "module": "module.bastion[0]",
      "mode": "data",
      "type": "aws_partition",
      "name": "current",
      "provider": "provider[\"registry.terraform.io/hashicorp/aws\"]",
      "instances": [
        {
          "schema_version": 0,
          "attributes": {
            "dns_suffix": "amazonaws.com",
            "id": "aws",
            "partition": "aws",
            "reverse_dns_prefix": "com.amazonaws"
          },
          "sensitive_attributes": []
        }
      ]
    },
    {
      "module": "module.bastion[0]",
      "mode": "data",
      "type": "aws_region",
      "name": "current",
      "provider": "provider[\"registry.terraform.io/hashicorp/aws\"]",
      "instances": [
        {
          "schema_version": 0,
          "attributes": {
            "description": "US East (Ohio)",
            "endpoint": "ec2.us-east-2.amazonaws.com",
            "id": "us-east-2",
            "name": "us-east-2"
          },
          "sensitive_attributes": []
        }
      ]
    },
    {
      "module": "module.bastion[0]",
      "mode": "data",
      "type": "aws_s3_bucket",
      "name": "access_logs_bucket",
      "provider": "provider[\"registry.terraform.io/hashicorp/aws\"]",
      "instances": [
        {
          "schema_version": 0,
          "attributes": {
            "arn": "arn:aws:s3:::ex-complete-accesslog-c8df20231201151220366300000004",
            "bucket": "ex-complete-accesslog-c8df20231201151220366300000004",
            "bucket_domain_name": "ex-complete-accesslog-c8df20231201151220366300000004.s3.amazonaws.com",
            "bucket_regional_domain_name": "ex-complete-accesslog-c8df20231201151220366300000004.s3.us-east-2.amazonaws.com",
            "hosted_zone_id": "Z2O1EMRO9K5GLX",
            "id": "ex-complete-accesslog-c8df20231201151220366300000004",
            "region": "us-east-2",
            "website_domain": null,
            "website_endpoint": null
          },
          "sensitive_attributes": []
        }
      ]
    },
    {
      "module": "module.bastion[0]",
      "mode": "data",
      "type": "cloudinit_config",
      "name": "config",
      "provider": "provider[\"registry.terraform.io/hashicorp/cloudinit\"]",
      "instances": [
        {
          "schema_version": 0,
          "attributes": {
            "base64_encode": true,
            "boundary": "MIMEBOUNDARY",
            "gzip": true,
            "id": "3069931195",
            "part": [
              {
                "content": "#!/usr/bin/env bash\nexec \u003e \u003e(tee /var/log/user-data.log | logger -t user-data -s 2\u003e/dev/console) 2\u003e\u00261\n\n##\n## Enable SSM \u0026 SSH\n##\n\ncat \u003c\u003c\"__EOF__\" \u003e /home/ec2-user/.ssh/config\nHost *\n    StrictHostKeyChecking no\n__EOF__\n\nif [  \"true\" = \"true\" ]\nthen\n    systemctl enable amazon-ssm-agent\n    systemctl start amazon-ssm-agent\n    systemctl status amazon-ssm-agent\n    sudo sed -i '/PasswordAuthentication no/s/^/#/g' /etc/ssh/sshd_config\n    sudo sed -i '/PasswordAuthentication yes/s/^#//g' /etc/ssh/sshd_config\n    sudo systemctl restart sshd\n    echo my-password | sudo passwd --stdin ec2-user\nelse\n    systemctl disable amazon-ssm-agent\n    systemctl stop amazon-ssm-agent\n    systemctl status amazon-ssm-agent\n    chmod 600 /home/ec2-user/.ssh/config\n    chown ec2-user:ec2-user /home/ec2-user/.ssh/config\nfi\n\n# Install needed tools\n# TODO: Make this work in more AMIs than just Amazon Linux 2 (for example, on RHEL the amazon-cloudwatch-agent package doesn't exist)\nsudo yum install -y \\\n  amazon-cloudwatch-agent\n  docker \\\n  git \\\n  jq \\\n  unzip \\\n  wget\n\nsudo yum update -y\n\n# Install newer version of aws cli\nsudo yum remove awscli -y\ncurl \"https://awscli.amazonaws.com/awscli-exe-linux-x86_64.zip\" -o \"awscliv2.zip\"\nunzip awscliv2.zip\nsudo ./aws/install\nsudo chmod -R 755 /usr/local/aws-cli/\n\n# Install kubectl\ncurl -LO \"https://dl.k8s.io/release/$(curl -L -s https://dl.k8s.io/release/stable.txt)/bin/linux/amd64/kubectl\"\nsudo install -o root -g root -m 0755 kubectl /usr/local/bin/kubectl\n\n# Install flux\ncurl -s https://fluxcd.io/install.sh | sudo bash\n\n# Download zarf binary and init package\nwget -O /home/ec2-user/zarf https://github.com/defenseunicorns/zarf/releases/download/v0.29.2/zarf_v0.29.2_Linux_amd64\nwget -O /home/ec2-user/zarf-init-amd64-v0.29.2.tar.zst https://github.com/defenseunicorns/zarf/releases/download/v0.29.2/zarf-init-amd64-v0.29.2.tar.zst\nchmod +x /home/ec2-user/zarf\ncp /home/ec2-user/zarf /usr/local/bin/zarf\ncp /home/ec2-user/zarf-init-amd64-v0.29.2.tar.zst /usr/local/bin/zarf-init-amd64-v0.29.2.tar.zst\nchown -R ec2-user:ec2-user /home/ec2-user/\n\n# Create the /usr/share/collectd directory and types.db file\nsudo mkdir -p /usr/share/collectd\nsudo touch /usr/share/collectd/types.db\n\n# Fetch the configuration from the SSM parameter store\nsudo /opt/aws/amazon-cloudwatch-agent/bin/amazon-cloudwatch-agent-ctl -a fetch-config -m ec2 -c ssm:AmazonCloudWatch-linux-ex-complete-bastion-c8df -s\n\n ###StartUpScript###\n\nsudo cat \u003c\u003c '_EOF_' \u003e /etc/profile.d/startupscript.sh\n#!/bin/bash\n\n{\n    trap '' 2  #disable ctrl+c\n\n    ###Script to check if exceeded maximum Session Manager Sessions and takes action\n    {\n        ###Configuration Options\n        MAX_SESSIONS=1  #Number of maximum sessions allowed\n        TERMINATE_SESSIONS=false #This will terminate the sessions starting from the oldest; if set to false, it will list out the sessions IDs, but not terminate them\n        TERMINATE_OLDEST=false #true/false - if true, script will terminate the oldest session first. if false, the newest session will be terminated.\n        #Terminating the newest session may result in poor experiance as there will be no message provided to the user.\n\n\n        ###Logic\n        MESSAGE=\"\" #clears out message variable (mainly for debugging purposes in case script is run multiple times)\n\n        ##Configure Reverse Logic\n        REVERSE_LOGIC='| reverse'\n        if [[ \"$TERMINATE_OLDEST\" = false ]]\n        then\n            REVERSE_LOGIC=''\n        fi\n\n        ##Get Instance details and configure aws region\n\n        EC2_INSTANCE_ID=$(TOKEN=$(curl -s -X PUT \"http://169.254.169.254/latest/api/token\" -H \"X-aws-ec2-metadata-token-ttl-seconds: 21600\" )\ncurl -s -H \"X-aws-ec2-metadata-token: $TOKEN\" http://169.254.169.254/latest/meta-data/instance-id )\n\n        REGION=$(TOKEN=$(curl -s -X PUT \"http://169.254.169.254/latest/api/token\" -H \"X-aws-ec2-metadata-token-ttl-seconds: 21600\" )\ncurl -s -H \"X-aws-ec2-metadata-token: $TOKEN\" http://169.254.169.254/latest/meta-data/placement/region )\n        aws configure set default.region $REGION\n\n\n        ##Get All sessions for the instance and group by owner\n\n        SESSION_INFO=$(aws ssm describe-sessions --state \"Active\" --filter \"key=Target,value=$EC2_INSTANCE_ID\" 2\u003e\u00261)\n\n        if [[ $? -gt 0 ]]  #An error has occured\n        then\n            MESSAGE=\"An Error has occured; ExitCode: $?, Details: $SESSION_INFO\"\n        else\n            SESSIONS=$(jq '.Sessions | group_by(.Owner)' \u003c\u003c\u003c $SESSION_INFO)\n            SESSIONS_GROUP=$(jq 'length' \u003c\u003c\u003c $SESSIONS)\n\n            if [[ $SESSIONS_GROUP -gt 0 ]]\n            then\n                COUNTER=0\n                MESSAGE_HEADER=\"Too many sessions found:\"\n                while [ $COUNTER -lt $SESSIONS_GROUP ]\n                do\n                    SESSION_COUNT=$(jq \".[$COUNTER] | length\" \u003c\u003c\u003c $SESSIONS)\n                    if [ $SESSION_COUNT -gt $MAX_SESSIONS ]\n                    then\n                        SORTED=$(jq \".[$COUNTER] | sort_by(.StartDate) $REVERSE_LOGIC\" \u003c\u003c\u003c $SESSIONS)\n                        while [ $SESSION_COUNT -gt $MAX_SESSIONS ]\n                        do\n                            TERMINATE_ROW=$(($SESSION_COUNT-1))\n                            TERMINATE_SESSION=$(jq -r \".[$TERMINATE_ROW].SessionId\" \u003c\u003c\u003c $SORTED)\n\n                            if [[ \"$TERMINATE_SESSIONS\" = true ]]\n                            then\n                                TERMINATOR=$(aws ssm terminate-session --session-id $TERMINATE_SESSION 2\u003e\u00261)\n                                echo \"new line 233\"\n                                if [[ $? -gt 0 ]]  #An error has occured\n                                then\n                                    MESSAGE=\"An Error has occured; ExitCode: $?, Details: $TERMINATOR\"\n                                    break 2\n                                fi\n                                MESSAGE=\"$MESSAGE\\n Terminated Session $TERMINATE_SESSION\"\n                            else\n                                MESSAGE=\"$MESSAGE\\n$TERMINATE_SESSION\"\n                            fi\n\n\n                            SESSION_COUNT=$(($SESSION_COUNT-1))\n                        done\n                    fi\n                    COUNTER=$((COUNTER+1))\n                done\n                if [[ ! -z \"$MESSAGE\" ]]\n                then\n                    MESSAGE=$MESSAGE_HEADER$MESSAGE\n                fi\n            else\n                MESSAGE=\"No active sessions for this instance\"\n            fi\n        fi\n    }\n    trap 2  #enable ctrl+c\n    clear \u0026\u0026 echo -e $MESSAGE\n\n\n}\n\n\n\n_EOF_\nsudo chmod +x /etc/profile.d/startupscript.sh\n\n#Adjusting SSHD Config\n\nsudo cat \u003c\u003c '_EOF_' \u003e /etc/ssh/sshd_config\n#     $OpenBSD: sshd_config,v 1.100 2016/08/15 12:32:04 naddy Exp $\n\n# This is the sshd server system-wide configuration file.  See\n# sshd_config(5) for more information.\n\n# This sshd was compiled with PATH=/usr/local/bin:/usr/bin\n\n# The strategy used for options in the default sshd_config shipped with\n# OpenSSH is to specify options with their default value where\n# possible, but leave them commented.  Uncommented options override the\n# default value.\n\n# If you want to change the port on a SELinux system, you have to tell\n# SELinux about this change.\n# semanage port -a -t ssh_port_t -p tcp #PORTNUMBER\n#\n#Port 22\n#AddressFamily any\n#ListenAddress 0.0.0.0\n#ListenAddress ::\n\nHostKey /etc/ssh/ssh_host_rsa_key\n#HostKey /etc/ssh/ssh_host_dsa_key\nHostKey /etc/ssh/ssh_host_ecdsa_key\n# HostKey /etc/ssh/ssh_host_ed25519_key\n\n# Ciphers and keying\n#RekeyLimit default none\n\n# Logging\n#SyslogFacility AUTH\nSyslogFacility AUTHPRIV\n#LogLevel INFO\n\n# Authentication:\n\nLoginGraceTime 15m\n#PermitRootLogin yes\nStrictModes yes\nMaxAuthTries 3\nMaxSessions 1\nMaxStartups 1:100:100\n#PubkeyAuthentication yes\n\n# The default is to check both .ssh/authorized_keys and .ssh/authorized_keys2\n# but this is overridden so installations will only check .ssh/authorized_keys\nAuthorizedKeysFile .ssh/authorized_keys\n\n#AuthorizedPrincipalsFile none\n\n\n# For this to work you will also need host keys in /etc/ssh/ssh_known_hosts\n#HostbasedAuthentication no\n# Change to yes if you don't trust ~/.ssh/known_hosts for\n# HostbasedAuthentication\nIgnoreUserKnownHosts yes\n# Don't read the user's ~/.rhosts and ~/.shosts files\n#IgnoreRhosts yes\n\n# To disable tunneled clear text passwords, change to no here!\nPasswordAuthentication yes\n#PermitEmptyPasswords no\n#PasswordAuthentication no\n\n# Change to no to disable s/key passwords\n#ChallengeResponseAuthentication yes\nChallengeResponseAuthentication no\n\n# Kerberos options\nKerberosAuthentication no\n#KerberosOrLocalPasswd yes\n#KerberosTicketCleanup yes\n#KerberosGetAFSToken no\n#KerberosUseKuserok yes\n\n# GSSAPI options\nGSSAPIAuthentication no\nGSSAPICleanupCredentials no\n#GSSAPIStrictAcceptorCheck yes\n#GSSAPIKeyExchange no\n#GSSAPIEnablek5users no\n\n# Set this to 'yes' to enable PAM authentication, account processing,\n# and session processing. If this is enabled, PAM authentication will\n# be allowed through the ChallengeResponseAuthentication and\n# PasswordAuthentication.  Depending on your PAM configuration,\n# PAM authentication via ChallengeResponseAuthentication may bypass\n# the setting of \"PermitRootLogin without-password\".\n# If you just want the PAM account and session checks to run without\n# PAM authentication, then enable this but set PasswordAuthentication\n# and ChallengeResponseAuthentication to 'no'.\n# WARNING: 'UsePAM no' is not supported in Red Hat Enterprise Linux and may cause several\n# problems.\nUsePAM yes\n\n#AllowAgentForwarding yes\n#AllowTcpForwarding yes\n#GatewayPorts no\nX11Forwarding no\n#X11DisplayOffset 10\n#X11UseLocalhost yes\n#PermitTTY yes\n#PrintMotd yes\nPrintLastLog yes\n#TCPKeepAlive yes\n#UseLogin no\nUsePrivilegeSeparation sandbox\n#PermitUserEnvironment no\n#Compression delayed\n#ClientAliveInterval 0\n#ClientAliveCountMax 3\n#ShowPatchLevel no\n#UseDNS yes\n#PidFile /var/run/sshd.pid\n#MaxStartups 10:30:100\n#PermitTunnel no\n#ChrootDirectory none\n#VersionAddendum none\n\n# no default banner path\n#Banner none\n\n# Accept locale-related environment variables\nAcceptEnv LANG LC_CTYPE LC_NUMERIC LC_TIME LC_COLLATE LC_MONETARY LC_MESSAGES\nAcceptEnv LC_PAPER LC_NAME LC_ADDRESS LC_TELEPHONE LC_MEASUREMENT\nAcceptEnv LC_IDENTIFICATION LC_ALL LANGUAGE\nAcceptEnv XMODIFIERS\n\n# override default of no subsystems\nSubsystem sftp  /usr/libexec/openssh/sftp-server\n\n# Example of overriding settings on a per-user basis\n#Match User anoncvs\n#       X11Forwarding no\n#       AllowTcpForwarding no\n#       PermitTTY no\n#       ForceCommand cvs server\n\nAuthorizedKeysCommand /opt/aws/bin/eic_run_authorized_keys %u %f\nAuthorizedKeysCommandUser ec2-instance-connect\nCiphers aes256-ctr,aes192-ctr,aes128-ctr\nMACs hmac-sha2-512-etm@openssh.com,hmac-sha2-256-etm@openssh.com,hmac-sha2-512,hmac-sha2-256\n# RhostsRSAAuthentication no\nCompression no\nX11UseLocalhost yes\nMACs hmac-sha2-512-etm@openssh.com,hmac-sha2-256-etm@openssh.com,hmac-sha2-512,hmac-sha2-256\nClientAliveInterval 14400\nClientAliveCountMax 0\n\n\n_EOF_\n\n#Restart SSHD\n\nsudo service sshd restart\n\n# Export ssh_user and zarf_version for use in additional user-data script\nexport ssh_user=ec2-user\nexport zarf_version=v0.29.2\n\n# Append addition user-data script\n\n",
                "content_type": "text/x-shellscript",
                "filename": null,
                "merge_type": null
              }
            ],
            "rendered": "H4sIAAAAAAAA/9x6bXPjNpL/e1blO/SK3tjzj6mnGc8m2jj7V2R5rBrbcklyMqnsnAoiWxIiEuACoCzNZe+zXzVAUo/2THbv3pxTGZFA49eNRqMfAHakMChMMFqn2IIkiw1PmTK1hK8w+itMZCYiptaXlbveXffH/uP9VXvwS8Wjt+AnVJpL0YJGtf6V95UXBNtEX3kltmJCT1EFXRHKiItZC/4y4WaLwDI3uDK1VaDnGMc6VDw1X3l3PMEDPv6faplWtQkXNRRLmDA993CFIfwAP5wZRKgtmarFclbLNKogYoZVYzmD3yGWsxkqCAyUPRBoaP5Qi3BZC6XQMsZX0Pzh64bn+b7n+9AVbBIjDId38DUMhzfU7IXMwPffV8bjbv96PK7AD1CbywRrGDYDQq5VtZ4T3pTPvBupDfw/DwBgaBQPDTW8x3VnjuGCixkI6eVInsen8CtAxagMK3BZPHz0zByFhdBrbTAJTQzoJGMJ+yRFoHUSsBkKs0elDVPmC4hMpp+hyiIJGiMIOJzWHpjWT1JF7YwkMjxkhksBQtZ07T9qfm12CjU0YY3mr/U8GudK+GKkNWqC8mtfAFXKr9BNk8hsP4ZzCck6SHMm8LsbYt8jCAJtIi6gWC8PY417Oom4/jL9yvTfUW84T2QEb+v1l0zIEcqnjcSt4uGlYVPueT70hDYsjkEgRhiBkTLWng+j/lW/BXdsgWDmXMOTVAvgAhKpENp3PQ1mzgT8lmkDbSs53HKRraAJZ1OpAFcsSWM8BylgcNO9BTMvlRXGMouemAnnbqaQsnDBZgiRRC1ODeCKa/PKs2uyzhLguYzBGv7uwXMwHkAkwwUqSzTjxv7+9g/7k4lPPLVPTzM03gY7SyNmEIL1rjKeUMHSeRaQU2BPGsKYb4YpTOQSqT2MOY0OMxVDZW5Mqlu1mmuvOknZk66GMskbA1xhEJOugtW3b8dv31Q/8bQCgYSKI1g2bYvnRN5uc+yrBFTLdeKanJkEA/jLxQVY9xfLkMVEGIQxr23PbZFNMDSxEzi47W+EjuLq4ltd5bKmMEamsXZyllORH3yeTBvaC1WzMq+s37Wzq7EkevumlrOrOEHLlZSgpDQQzPLfBOoke069PQcCLGTemsY0zlb5HDaiUWMYkWg5o6qeF5vbBgLPhyv5JGLJIvjE1BQmXDC1BiYi4IKXpuiRlUDQ398/dkzBbcbNPJvYpY1wikJjJngoldCWrlCPrkU5y9qyXm1+V23a7nH+Mrb7Zmy19RLbgOQLLFmQD60apqqftPkfkugFDp6zsG9WxyTzwvSonvYW8QXSl+Z2BOVlQckRBoPP+0Iyho5C2v3knCwfPWcKa6GMYwxNBBFXGBqZG4hZp6ir0QSmPEZnz8ki4gqC9NhoR2FkFs6PddcKOJLjGk04t2I455wpF++mSia2mTKMlCmWoEFFYUXlEtRkaqxDeMYrWqU90xfQVgsYTIl74DjTVsSwCUEIWict59s7NPBnO9B5LlwFoSQHbzCYME2yBuG30RQC7Xng+/6QIu5jOrSZmk9ZkXNUNjWCU5vQnFJmRDE8VZJUWo1qNlBnqUvwqnpO2RxNwG3e/7ShziiWwukpNAH8IgyHRsXfhJ7tJ+52PBjyjBgugE8BV6GLcAlb8SRLYIjaevc7Jhilffm7dkvNFqiBhTQxC+pY5/CdnTXqp/SjS4K79ofxsDsc9vr3w8sGgH+fJRNUFEYK3rrkFcfyCaNy7Kg7uOvdt0fdDcKUxRrBH9kozOMYDKqEi8JsSyirOkoYS5uRcYTa/JVmr9Fqw2KdAzcOKebagMzMLlDvSp/DJDMgpNlllhyRs3971R2OCikpIa2554D40vs5uOU8Jr0TseANU660qdLAXFKioWC8RWNRJrgBiqqbtRnljaSHI2MTtqZsMIsN5TKptIlKioozESIwSmpQYclCSEhQa0pNUiWX3CVIFpg8SNXztq3iVs54uLGC7nDYfte9rFTAD2NkSltNF3hLpri13LOEcRGvgZKmCCfZbEayp5lKpUZNYoZMY6FCrkFlIq/EYgTDE9SvtsUobBNhgJTAIOzKNej+1B0Mu+Pb/rte5/L0d1CO7LSkoCLjV6ic7K8xVRxuaT9+LInLyuMZ/A0spZsbMd+hcaGcFB+hYTx2Oy8s5aecS+GMdmA5sNtpjnv3w1H7vtMd964uT85G/ffd+8siUdEQfICHx5FLalq1WuPtd9XmxZtq/luLmUFtaizlNSMXKCoQ3EDlQ0CZEkWGBA2jwi+wvYExcaAxlCLSLWg23tbrFXhVph0vDW3BiRWtAi9LQqNsqelSFhFiwCPYWtJB912vf/9/aqZpzEJMKDi59YVX5Wxtol2aALmtCKcsi001Jz1x+vD2jakdxxsXRpuJdmmhUmtZMyWzFCZrkE8C1WZ87mnHvfvr/uXJGUmgdQIR0p6bYFCiUl1IjqvSDg1fYgWCYMpjiseVBa4vR0zN0JwvWZzh5cmepVbsscHWsrpddvI3CGYG6vDxI4DfFoBKSQVzpkGGYaa2QsPBTis9TFtAd3/YX6G74qYjI2zByd/O4cptsRacbE+3UgKWJe6eVoaXJ2e//QNOq2V4/N0pcjxZn1X7pMlXp/D999/vAr86ijV+N+g/PuSIMYqZme+OHW4paEtJu+NLje2QHqiH/jr9x/tRd3BZP+jJlTe+6bavuoPLykhKSJhYb9tQJqJW5WDk05zHCL/CSQ4OQWwORPx4MCySB01bqhlbMKeZSvXXAvsj/A5OT5V9PR0Ds8dDJzuQVlkn2ynJEdme1V8pZX8w6l4dFU9LZawt2Izvihl8RXt0Kwh8keg7mv3XZvCClou/TUgb9H++PDk722UVNF49Lx0cS8+cSgJltbKD/rHYMb2oUIBV4p6F7/8dBt9i1hR+KZ3aN/z9vxcXcn8i/cGWxyszqsLlkcdzTxSTDmXKfdrnmNnjtorAJ4i5QGi+fn24q47r4Q+4x39LHfCvu9ONJj8/KfqbKGQLaH6Wdso/S1JKfJI//V3AqMyKywLncN1elvQgFHwh7z/KhxLCFwn2feMf2a2RFMcn8Yxei0hxcnaWP35zDP4orLPVP0HwCUp1VI5t02dtsdDmyW5YKl4PxuxN4uiKlSt0L20hu8T9/IjrMkHaXakt+Pzxn5vKm8ru/HIhr7qpy5Y48PXXbrMHCKXsnvdPz/M8W/Fvn1Z+s/ps8e/57ei3TNtqbji8uQJX3Lx4lrB/H+DbaZz0UxQ/Dq9asNV3voRGtVGvQ7PeeFurf1trXECj2XrdbNXfgGBRtIbuKoUTz/PBlt9cu0pZzyPQqJao8mP84IlHB0c3NCmAIaLnb3M9u3hl9W9P0rmYSpXYAdWSjcV/YpQIJymPMYInbubw0B7dXO6ehrWKqy43FkEbxQzO1lSfRpaNdKcTVEiS7Hk2vS0Q6DlP05yL5wOpaji8sbOVoFMM+XRd4lhRzBy5KrFsxgtPVDp7PqRSaz6J0Z0hxMiW7uyAZkM5P0ZVgEdRvpXIcolKkR7NnHB20K1yelNYywyemMiPdpiYuWOEVCoDUgCDYdddQ7h1ObcD5lYECQbj2PNLEjZxRx9c51BVWihM7HmQgwwYBFZXY3odGwhSMGEK/kN/MLp/vPuxO/B8z38g2maTzDVSqPU1S3i8BibWnn/LtUGRd0C9av/bb261PC+/99ux4vFcajNWmo0XuPb850minOR5CgwLGh9eoIqaFxeN7yyd50OHp3NUrjBf4JqLmecPcIHrW57wsjQDQV7R8+FW2tMLzx+udSxn1yzkMTdraD+ObrwjbQ+D3k+efytnt7jEGKhwIJjdO7+W593KGRfvFAtxxBOExkXi+Q8U6MxASmN7YY3acxeodzJCbd/v2IqwRoqjhtf0WlYxDfuWOxxotBr1Ov3v+Q/ZZIHrw2vHYocVc3a7wx0vTqSZg71aY5mZS8U/YUQqdIo71tH0fLs9TO5WctuPUIAub0lYsePiGKSI1zm3Y3heu3x/j2t9TYn0UTrP31A+KC5CnrLY0btV9Hy4LqKDke7ez+46koLFWtqbQiBrATtFLnbtaCHkk7DWpJ3FTpjGwxthsq58A0vSL0VR4hNJcWoo0dUG/svdV24hkkvLDfgIrNebCanwUaN6T2Nu7BBaPB+uLK5CFpXnd6eaOCgHTCtF/HI2PKZRDm8wL3HICGR5+WsyIZD8s4t+BlcGijtlfV46KAlCAnnHP3nPX2sXFt1NUrMuyLRV1LO36t6OEoWkfwvZdG2B6400nt+Zs5hqSRygTqXQeESGz9E4lu9RTVBJXXhur2g4sshFV1/dUtB6cDfsdr5F14iHCzSdGJnI0t2ud2ja18ORXOAu2qPG97SCclGsyrvhsP3QKyVyr4fyuPacV0dhRN0sdnp2nc6JtMMQUyOV/QzDCeW63+O6u8pXdjPIfQeyuCChdK6mIZpyG52uUZ/SQ545PbTvgO1Idw4sDGUmDKRKhuSmxOzc861dFuXYpqdKwbBwHg4zOj+Carct+RosrhrAzJXMZu6y6XPrzUTk+XDc/qoAV5iiiCg7I/uRmbIS7KRBNIUjYi05+yzzhK1hsiYL9vz8hsLYVFBOobLv/iktkZkpP+moVDcJg/1IwWUN81z1uaq3lWudq10slZV4R6W31xKiWEq7CuTLNZpnVJUv4+cmTHYi5ClJ/nN7cN+7f9eC00eNJIGQp7TUQhrQWUrZCEbkegcYwQ0z0BUGVaq4xvw7DGJIGgxZpkl1S1SMLCFVchJjoqtejuw2UJusoz1DYa6lemLKrqo1e9szCtP99nfM4BNbU+5jLf5Do7FFQlvjQ6NxxXUas3V/OiXtNOq28VGjdQY2hmy5vtHol/xVcWHupHGOwr7dMk0r7fpHnYf3iGk7pqLGtlhIsgMh7bwUX/IYZzjElOX5uGYimshVwYyCRFcsuZKC8lArcEcmqcrNIcKYrTHy/E7MURjLq0dKXrIY6jvNHbKlO7aC154/nMunB2bCuUtpCPVR49X9MJ8Zj2ystd+gqUzYUqWa8sjzd/KReut1kY841dhI44ScKynNVXkzbcO2n38F16YUIsqSMiUTssxYJkwIVJAyyvJ/dC8FmXN3YAsLDBTG9gQBt/RTXFhpz9F2xRJu2/fv4LYz7ox+eejSw/3jXXfQ69DjqHdnmzr929v2yD7e9e+7o/bgF/vsqsPhNlpn/NB+6A4sUNuNbl9dDbrDoQXs3nYfbvr3DqrbHj4Ounfd+9EuQu+qez/qXfc67VGvf28hbm+toI9UjG5oP9z1r3rXve5gSPMva49CWXJKqtPZxBUS2hsWj6CnJoX8swQ+wRWGNZmisPnP1KSBqwwJtes+giKwnAFtjdyNaVewpKjc1wkTprkmMzDhHMg6gQkpwqXOS1iAwx2WdxzZolu9m8211XgtVYgdmST2zm2poZB6N5EsKMqvDOxnlTwcq0yM95PdP2fw5+lxADsfDJtBeckVSiEwNF5ZYqBuXrwNQqPOGerGd83ysfktPXp37Y6GecLCQM9ZM7hoNAM0yf/PVV8NZXK+6SWo53svGs1dWs8Hl+QNhu3DpGHbLThHd+DB/leFO+aBGm/e1OveMSdULw9bqFZzXz4OhzdX+akJrTMP80OM/MtIZ6u24qUMPnPG576QGhdfwU2loqyZgg6LIk7KYfHWl7Lu2MbDXZzLzUeUrmMb8zL/eMd6oJRyiRL6EPjgE+Ig+Mr77wAAAP//mYHJF6EsAAA="
          },
          "sensitive_attributes": []
        }
      ]
    },
    {
      "module": "module.bastion[0]",
      "mode": "managed",
      "type": "aws_cloudwatch_event_rule",
      "name": "ssh_access",
      "provider": "provider[\"registry.terraform.io/hashicorp/aws\"]",
      "instances": [
        {
          "schema_version": 0,
          "attributes": {
            "arn": "arn:aws:events:us-east-2:730071141898:rule/ex-complete-bastion-c8df-ssh-access",
            "description": "filters ssm access logs and sends usable data to a cloudwatch log group",
            "event_bus_name": "default",
            "event_pattern": "{\"detail\":{\"eventName\":[\"IAMUser\",\"StartSession\"],\"eventSource\":[\"ssm.amazonaws.com\"]},\"detail-type\":[\"AWS API Call via CloudTrail\"],\"source\":[\"aws.ssm\"]}",
            "id": "ex-complete-bastion-c8df-ssh-access",
            "is_enabled": true,
            "name": "ex-complete-bastion-c8df-ssh-access",
            "name_prefix": "",
            "role_arn": "",
            "schedule_expression": "",
            "tags": null,
            "tags_all": {}
          },
          "sensitive_attributes": [],
          "private": "bnVsbA==",
          "dependencies": [
            "random_id.default"
          ]
        }
      ]
    },
    {
      "module": "module.bastion[0]",
      "mode": "managed",
      "type": "aws_cloudwatch_event_target",
      "name": "ssm_target",
      "provider": "provider[\"registry.terraform.io/hashicorp/aws\"]",
      "instances": [
        {
          "schema_version": 1,
          "attributes": {
            "arn": "arn:aws:logs:us-east-2:730071141898:log-group:/aws/events/ex-complete-bastion-c8df-ssh-access",
            "batch_target": [],
            "dead_letter_config": [],
            "ecs_target": [],
            "event_bus_name": "default",
            "http_target": [],
            "id": "ex-complete-bastion-c8df-ssh-access-ex-complete-bastion-c8df-ssh-access-target",
            "input": "",
            "input_path": "",
            "input_transformer": [],
            "kinesis_target": [],
            "redshift_target": [],
            "retry_policy": [],
            "role_arn": "",
            "rule": "ex-complete-bastion-c8df-ssh-access",
            "run_command_targets": [],
            "sagemaker_pipeline_target": [],
            "sqs_target": [],
            "target_id": "ex-complete-bastion-c8df-ssh-access-target"
          },
          "sensitive_attributes": [],
          "private": "eyJzY2hlbWFfdmVyc2lvbiI6IjEifQ==",
          "dependencies": [
            "module.bastion.aws_cloudwatch_event_rule.ssh_access",
            "module.bastion.aws_cloudwatch_log_group.ssh_access_log_group",
            "module.bastion.data.aws_kms_key.default",
            "random_id.default"
          ]
        }
      ]
    },
    {
      "module": "module.bastion[0]",
      "mode": "managed",
      "type": "aws_cloudwatch_log_group",
      "name": "ec2_cloudwatch_logs",
      "provider": "provider[\"registry.terraform.io/hashicorp/aws\"]",
      "instances": [
        {
          "schema_version": 0,
          "attributes": {
            "arn": "arn:aws:logs:us-east-2:730071141898:log-group:ec2-cloudwatch-logging-ex-complete-bastion-c8df",
            "id": "ec2-cloudwatch-logging-ex-complete-bastion-c8df",
            "kms_key_id": "arn:aws:kms:us-east-2:730071141898:key/mrk-a156b49d5c6b44cc9496116f1ca15f67",
            "name": "ec2-cloudwatch-logging-ex-complete-bastion-c8df",
            "name_prefix": "",
            "retention_in_days": 365,
            "skip_destroy": false,
            "tags": null,
            "tags_all": {}
          },
          "sensitive_attributes": [],
          "private": "bnVsbA==",
          "dependencies": [
            "module.bastion.data.aws_kms_key.default",
            "random_id.default"
          ]
        }
      ]
    },
    {
      "module": "module.bastion[0]",
      "mode": "managed",
      "type": "aws_cloudwatch_log_group",
      "name": "session_manager_log_group",
      "provider": "provider[\"registry.terraform.io/hashicorp/aws\"]",
      "instances": [
        {
          "index_key": 0,
          "schema_version": 0,
          "attributes": {
            "arn": "arn:aws:logs:us-east-2:730071141898:log-group:/ssm/session-logs-20231201151220362300000001",
            "id": "/ssm/session-logs-20231201151220362300000001",
            "kms_key_id": "arn:aws:kms:us-east-2:730071141898:key/mrk-a156b49d5c6b44cc9496116f1ca15f67",
            "name": "/ssm/session-logs-20231201151220362300000001",
            "name_prefix": "/ssm/session-logs-",
            "retention_in_days": 365,
            "skip_destroy": false,
            "tags": {
              "Environment": "dev",
              "Function": "bastion-ssm",
              "GithubRepo": "github.com/defenseunicorns/delivery-aws-iac",
              "Project": "du-iac-cicd",
              "RootTFModule": "bootstrap"
            },
            "tags_all": {
              "Environment": "dev",
              "Function": "bastion-ssm",
              "GithubRepo": "github.com/defenseunicorns/delivery-aws-iac",
              "Project": "du-iac-cicd",
              "RootTFModule": "bootstrap"
            }
          },
          "sensitive_attributes": [],
          "private": "bnVsbA==",
          "dependencies": [
            "module.bastion.data.aws_kms_key.default"
          ]
        }
      ]
    },
    {
      "module": "module.bastion[0]",
      "mode": "managed",
      "type": "aws_cloudwatch_log_group",
      "name": "ssh_access_log_group",
      "provider": "provider[\"registry.terraform.io/hashicorp/aws\"]",
      "instances": [
        {
          "schema_version": 0,
          "attributes": {
            "arn": "arn:aws:logs:us-east-2:730071141898:log-group:/aws/events/ex-complete-bastion-c8df-ssh-access",
            "id": "/aws/events/ex-complete-bastion-c8df-ssh-access",
            "kms_key_id": "arn:aws:kms:us-east-2:730071141898:key/mrk-a156b49d5c6b44cc9496116f1ca15f67",
            "name": "/aws/events/ex-complete-bastion-c8df-ssh-access",
            "name_prefix": "",
            "retention_in_days": 365,
            "skip_destroy": false,
            "tags": null,
            "tags_all": {}
          },
          "sensitive_attributes": [],
          "private": "bnVsbA==",
          "dependencies": [
            "module.bastion.data.aws_kms_key.default",
            "random_id.default"
          ]
        }
      ]
    },
    {
      "module": "module.bastion[0]",
      "mode": "managed",
      "type": "aws_iam_instance_profile",
      "name": "bastion_ssm_profile",
      "provider": "provider[\"registry.terraform.io/hashicorp/aws\"]",
      "instances": [
        {
          "schema_version": 0,
          "attributes": {
            "arn": "arn:aws:iam::730071141898:instance-profile/ex-complete-bastion-c8df-ssm-profile",
            "create_date": "2023-12-01T15:12:21Z",
            "id": "ex-complete-bastion-c8df-ssm-profile",
            "name": "ex-complete-bastion-c8df-ssm-profile",
            "name_prefix": "",
            "path": "/",
            "role": "ex-complete-bastion-c8df-role",
            "tags": {
              "Environment": "dev",
              "Function": "bastion-ssm",
              "GithubRepo": "github.com/defenseunicorns/delivery-aws-iac",
              "Project": "du-iac-cicd",
              "RootTFModule": "bootstrap"
            },
            "tags_all": {
              "Environment": "dev",
              "Function": "bastion-ssm",
              "GithubRepo": "github.com/defenseunicorns/delivery-aws-iac",
              "Project": "du-iac-cicd",
              "RootTFModule": "bootstrap"
            },
            "unique_id": "AIPA2T65BRYFBPUVMK57K"
          },
          "sensitive_attributes": [],
          "private": "bnVsbA==",
          "dependencies": [
            "module.bastion.aws_iam_role.bastion_ssm_role",
            "random_id.default"
          ]
        }
      ]
    },
    {
      "module": "module.bastion[0]",
      "mode": "managed",
      "type": "aws_iam_policy",
      "name": "s3_logging_policy",
      "provider": "provider[\"registry.terraform.io/hashicorp/aws\"]",
      "instances": [
        {
          "schema_version": 0,
          "attributes": {
            "arn": "arn:aws:iam::730071141898:policy/ex-complete-bastion-c8df-s3-logging",
            "description": "",
            "id": "arn:aws:iam::730071141898:policy/ex-complete-bastion-c8df-s3-logging",
            "name": "ex-complete-bastion-c8df-s3-logging",
            "name_prefix": "",
            "path": "/",
            "policy": "{\"Statement\":[{\"Action\":[\"s3:ListBucket\",\"s3:GetObject\",\"s3:PutObject\"],\"Effect\":\"Allow\",\"Resource\":[\"arn:aws:s3:::ex-complete-accesslog-c8df20231201151220366300000004/*\",\"arn:aws:s3:::ex-complete-accesslog-c8df20231201151220366300000004\"]}],\"Version\":\"2012-10-17\"}",
            "policy_id": "ANPA2T65BRYFKKEIPHOXL",
            "tags": {
              "Environment": "dev",
              "Function": "bastion-ssm",
              "GithubRepo": "github.com/defenseunicorns/delivery-aws-iac",
              "Project": "du-iac-cicd",
              "RootTFModule": "bootstrap"
            },
            "tags_all": {
              "Environment": "dev",
              "Function": "bastion-ssm",
              "GithubRepo": "github.com/defenseunicorns/delivery-aws-iac",
              "Project": "du-iac-cicd",
              "RootTFModule": "bootstrap"
            }
          },
          "sensitive_attributes": [],
          "private": "bnVsbA==",
          "dependencies": [
            "aws_s3_bucket.access_log_bucket",
            "module.bastion.data.aws_s3_bucket.access_logs_bucket",
            "random_id.default"
          ]
        }
      ]
    },
    {
      "module": "module.bastion[0]",
      "mode": "managed",
      "type": "aws_iam_policy",
      "name": "s3_readonly_policy",
      "provider": "provider[\"registry.terraform.io/hashicorp/aws\"]",
      "instances": [
        {
          "schema_version": 0,
          "attributes": {
            "arn": "arn:aws:iam::730071141898:policy/ex-complete-bastion-c8df-s3-readonly",
            "description": "",
            "id": "arn:aws:iam::730071141898:policy/ex-complete-bastion-c8df-s3-readonly",
            "name": "ex-complete-bastion-c8df-s3-readonly",
            "name_prefix": "",
            "path": "/",
            "policy": "{\"Statement\":[{\"Action\":[\"s3:ListBucket\",\"s3:GetObject\"],\"Effect\":\"Allow\",\"Resource\":[\"arn:aws:s3:::ex-complete-bastion-c8df-sessionlogs-20231201151220365300000003/*\",\"arn:aws:s3:::ex-complete-bastion-c8df-sessionlogs-20231201151220365300000003\"]}],\"Version\":\"2012-10-17\"}",
            "policy_id": "ANPA2T65BRYFCDYRIELE3",
            "tags": {
              "Environment": "dev",
              "Function": "bastion-ssm",
              "GithubRepo": "github.com/defenseunicorns/delivery-aws-iac",
              "Project": "du-iac-cicd",
              "RootTFModule": "bootstrap"
            },
            "tags_all": {
              "Environment": "dev",
              "Function": "bastion-ssm",
              "GithubRepo": "github.com/defenseunicorns/delivery-aws-iac",
              "Project": "du-iac-cicd",
              "RootTFModule": "bootstrap"
            }
          },
          "sensitive_attributes": [],
          "private": "bnVsbA==",
          "dependencies": [
            "module.bastion.aws_s3_bucket.session_logs_bucket",
            "random_id.default"
          ]
        }
      ]
    },
    {
      "module": "module.bastion[0]",
      "mode": "managed",
      "type": "aws_iam_policy",
      "name": "ssm_ec2_access",
      "provider": "provider[\"registry.terraform.io/hashicorp/aws\"]",
      "instances": [
        {
          "schema_version": 0,
          "attributes": {
            "arn": "arn:aws:iam::730071141898:policy/ssm-ex-complete-bastion-c8df-us-east-2",
            "description": "",
            "id": "arn:aws:iam::730071141898:policy/ssm-ex-complete-bastion-c8df-us-east-2",
            "name": "ssm-ex-complete-bastion-c8df-us-east-2",
            "name_prefix": "",
            "path": "/",
            "policy": "{\"Statement\":[{\"Action\":[\"kms:GenerateDataKey\",\"kms:Encrypt\",\"kms:DescribeKey\",\"kms:Decrypt\"],\"Effect\":\"Allow\",\"Resource\":\"arn:aws:kms:us-east-2:730071141898:key/mrk-a156b49d5c6b44cc9496116f1ca15f67\",\"Sid\":\"KMSEncryptionForSessionManager\"},{\"Action\":\"ssm:StartSession\",\"Effect\":\"Allow\",\"Resource\":[\"arn:aws:ssm:*:*:document/AWS-StartSSHSession\",\"arn:aws:ec2:us-east-2:730071141898:instance/i-07f0e5306e70106e7\"]}],\"Version\":\"2012-10-17\"}",
            "policy_id": "ANPA2T65BRYFHECGQRJ2P",
            "tags": {
              "Environment": "dev",
              "Function": "bastion-ssm",
              "GithubRepo": "github.com/defenseunicorns/delivery-aws-iac",
              "Project": "du-iac-cicd",
              "RootTFModule": "bootstrap"
            },
            "tags_all": {
              "Environment": "dev",
              "Function": "bastion-ssm",
              "GithubRepo": "github.com/defenseunicorns/delivery-aws-iac",
              "Project": "du-iac-cicd",
              "RootTFModule": "bootstrap"
            }
          },
          "sensitive_attributes": [],
          "private": "bnVsbA==",
          "dependencies": [
            "data.aws_ami.amazonlinux2",
            "module.bastion.aws_iam_instance_profile.bastion_ssm_profile",
            "module.bastion.aws_iam_role.bastion_ssm_role",
            "module.bastion.aws_instance.application",
            "module.bastion.aws_security_group.sg",
            "module.bastion.data.aws_ami.from_filter",
            "module.bastion.data.aws_caller_identity.current",
            "module.bastion.data.aws_iam_policy_document.ssm_ec2_access",
            "module.bastion.data.aws_kms_key.default",
            "module.bastion.data.aws_partition.current",
            "module.bastion.data.aws_subnet.subnet_by_name",
            "module.bastion.data.cloudinit_config.config",
            "module.vpc.module.vpc.aws_subnet.private",
            "module.vpc.module.vpc.aws_vpc.this",
            "module.vpc.module.vpc.aws_vpc_ipv4_cidr_block_association.this",
            "random_id.default"
          ]
        }
      ]
    },
    {
      "module": "module.bastion[0]",
      "mode": "managed",
      "type": "aws_iam_policy",
      "name": "ssm_s3_cwl_access",
      "provider": "provider[\"registry.terraform.io/hashicorp/aws\"]",
      "instances": [
        {
          "schema_version": 0,
          "attributes": {
            "arn": "arn:aws:iam::730071141898:policy/ex-complete-bastion-c8df-ssm_s3_cwl_access-us-east-2",
            "description": "",
            "id": "arn:aws:iam::730071141898:policy/ex-complete-bastion-c8df-ssm_s3_cwl_access-us-east-2",
            "name": "ex-complete-bastion-c8df-ssm_s3_cwl_access-us-east-2",
            "name_prefix": "",
            "path": "/",
            "policy": "{\"Statement\":[{\"Action\":[\"s3:PutObjectVersionAcl\",\"s3:PutObjectAcl\",\"s3:PutObject\"],\"Effect\":\"Allow\",\"Resource\":[\"arn:aws:s3:::ex-complete-bastion-c8df-sessionlogs-20231201151220365300000003/*\",\"arn:aws:s3:::ex-complete-bastion-c8df-sessionlogs-20231201151220365300000003\"],\"Sid\":\"S3BucketAccessForSessionManager\"},{\"Action\":\"s3:GetEncryptionConfiguration\",\"Effect\":\"Allow\",\"Resource\":\"arn:aws:s3:::ex-complete-bastion-c8df-sessionlogs-20231201151220365300000003\",\"Sid\":\"S3EncryptionForSessionManager\"},{\"Action\":[\"logs:PutLogEvents\",\"logs:DescribeLogStreams\",\"logs:DescribeLogGroups\",\"logs:CreateLogStream\"],\"Effect\":\"Allow\",\"Resource\":\"*\",\"Sid\":\"CloudWatchLogsAccessForSessionManager\"},{\"Action\":[\"kms:GenerateDataKey\",\"kms:Encrypt\",\"kms:DescribeKey\",\"kms:Decrypt\"],\"Effect\":\"Allow\",\"Resource\":\"arn:aws:kms:us-east-2:730071141898:key/mrk-a156b49d5c6b44cc9496116f1ca15f67\",\"Sid\":\"KMSEncryptionForSessionManager\"}],\"Version\":\"2012-10-17\"}",
            "policy_id": "ANPA2T65BRYFAQSDCN2HD",
            "tags": {
              "Environment": "dev",
              "Function": "bastion-ssm",
              "GithubRepo": "github.com/defenseunicorns/delivery-aws-iac",
              "Project": "du-iac-cicd",
              "RootTFModule": "bootstrap"
            },
            "tags_all": {
              "Environment": "dev",
              "Function": "bastion-ssm",
              "GithubRepo": "github.com/defenseunicorns/delivery-aws-iac",
              "Project": "du-iac-cicd",
              "RootTFModule": "bootstrap"
            }
          },
          "sensitive_attributes": [],
          "private": "bnVsbA==",
          "dependencies": [
            "module.bastion.aws_s3_bucket.session_logs_bucket",
            "module.bastion.data.aws_iam_policy_document.ssm_s3_cwl_access",
            "module.bastion.data.aws_kms_key.default",
            "random_id.default"
          ]
        }
      ]
    },
    {
      "module": "module.bastion[0]",
      "mode": "managed",
      "type": "aws_iam_policy",
      "name": "terraform_policy",
      "provider": "provider[\"registry.terraform.io/hashicorp/aws\"]",
      "instances": [
        {
          "index_key": 0,
          "schema_version": 0,
          "attributes": {
            "arn": "arn:aws:iam::730071141898:policy/ex-complete-bastion-c8df-terraform-policy",
            "description": "",
            "id": "arn:aws:iam::730071141898:policy/ex-complete-bastion-c8df-terraform-policy",
            "name": "ex-complete-bastion-c8df-terraform-policy",
            "name_prefix": "",
            "path": "/",
            "policy": "{\"Statement\":[{\"Action\":[\"autoscaling:*\",\"aws-marketplace-management:*\",\"aws-marketplace:*\",\"cloudformation:*\",\"cloudtrail:*\",\"cloudwatch:*\",\"events:*\",\"logs:*\",\"dynamodb:*\",\"glacier:*\",\"dms:*\",\"iam:GetPolicyVersion\",\"iam:GetRole\",\"iam:ListInstance*\",\"iam:CreateInstanceProfile\",\"iam:UploadServerCertificate\",\"iam:UpdateServerCertificate\",\"iam:GetServerCertificate\",\"iam:DeleteServerCertificate\",\"iam:DetachRolePolicy\",\"iam:DeleteRolePolicy\",\"iam:PutRolePermissionsBoundary\",\"iam:PutRolePolicy\",\"iam:CreatePolicy\",\"iam:CreatePolicyVersion\",\"iam:AttachRolePolicy\",\"iam:*InstanceProfile\",\"iam:Generate*\",\"iam:Get*\",\"iam:List*\",\"iam:Sim*\",\"iam:Tag*\",\"iam:Untag*\",\"iam:*ServiceLinkedRole\",\"iam:CreateOpenIDConnectProvider\",\"iam:DeleteOpenIDConnectProvider\",\"iam:UpdateAssumeRolePolicy\",\"ec2:*\",\"elasticbeanstalk:*\",\"elasticache:*\",\"elasticloadbalancing:*\",\"elasticmapreduce:*\",\"events:*\",\"glacier:*\",\"kinesis:*\",\"kms:*\",\"lambda:*\",\"logs:*\",\"ram:*\",\"rds:*\",\"redshift:*\",\"s3:*\",\"sns:*\",\"sqs:*\",\"swf:*\",\"tag:*\",\"workspaces:*\",\"ecs:*\",\"ecr:*\",\"inspector:Create*\",\"inspector:Delete*\",\"inspector:DescribeCrossAccountAccessRole\",\"inspector:DescribeAssessmentRuns\",\"inspector:DescribeAssessmentTargets\",\"inspector:DescribeAssessmentTemplates\",\"inspector:DescribeFindings\",\"inspector:DescribeResourceGroups\",\"inspector:DescribeRulesPackages\",\"inspector:List*\",\"inspector:PreviewAgents\",\"inspector:RemoveAttributesFromFindings\",\"inspector:SetTagsForResource\",\"inspector:StartAssessmentRun\",\"inspector:StopAssessmentRun\",\"inspector:SubscribeToEvent\",\"inspector:UnsubscribeFromEvent\",\"inspector:UpdateAssessmentTarget\"],\"Effect\":\"Allow\",\"Resource\":\"*\"},{\"Action\":[\"iam:PassRole\"],\"Effect\":\"Allow\",\"Resource\":\"*\"},{\"Action\":[\"eks:UpdateNodegroupVersion\",\"eks:UpdateNodegroupConfig\",\"eks:UpdateClusterVersion\",\"eks:UpdateClusterConfig\",\"eks:UntagResource\",\"eks:TagResource\",\"eks:ListUpdates\",\"eks:ListTagsForResource\",\"eks:ListNodegroups\",\"eks:ListFargateProfiles\",\"eks:ListClusters\",\"eks:DescribeUpdate\",\"eks:DescribeNodegroup\",\"eks:DescribeFargateProfile\",\"eks:DescribeCluster\",\"eks:DeleteNodegroup\",\"eks:DeleteFargateProfile\",\"eks:DeleteCluster\",\"eks:CreateNodegroup\",\"eks:CreateFargateProfile\",\"eks:CreateCluster\",\"eks:CreateAddon\",\"eks:DeleteAddon\",\"eks:UpdateAddon\",\"eks:DescribeAddon\",\"eks:DescribeAddonVersions\",\"eks:ListAddons\"],\"Effect\":\"Allow\",\"Resource\":\"*\",\"Sid\":\"EKSPermisssions\"},{\"Action\":[\"iam:DeletePolicy\",\"iam:DeletePolicyVersion\"],\"Effect\":\"Allow\",\"Resource\":\"*\"},{\"Action\":[\"iam:DeleteRole\"],\"Effect\":\"Allow\",\"Resource\":[\"arn:aws:iam::*:role/*-rke2-*\",\"arn:aws:iam::*:role/*\"]},{\"Action\":[\"iam:CreateRole\"],\"Effect\":\"Allow\",\"Resource\":\"*\"},{\"Action\":[\"ssm:*\"],\"Effect\":\"Allow\",\"Resource\":\"*\"},{\"Action\":[\"sts:AssumeRole\"],\"Effect\":\"Allow\",\"Resource\":[\"arn:aws:iam::*:role/s3-dataRefresh\"]},{\"Action\":[\"aws-portal:*Billing\"],\"Effect\":\"Deny\",\"Resource\":\"*\"}],\"Version\":\"2012-10-17\"}",
            "policy_id": "ANPA2T65BRYFDDM5E4YS7",
            "tags": {
              "Environment": "dev",
              "Function": "bastion-ssm",
              "GithubRepo": "github.com/defenseunicorns/delivery-aws-iac",
              "Project": "du-iac-cicd",
              "RootTFModule": "bootstrap"
            },
            "tags_all": {
              "Environment": "dev",
              "Function": "bastion-ssm",
              "GithubRepo": "github.com/defenseunicorns/delivery-aws-iac",
              "Project": "du-iac-cicd",
              "RootTFModule": "bootstrap"
            }
          },
          "sensitive_attributes": [],
          "private": "bnVsbA==",
          "dependencies": [
            "module.bastion.data.aws_partition.current",
            "random_id.default"
          ]
        }
      ]
    },
    {
      "module": "module.bastion[0]",
      "mode": "managed",
      "type": "aws_iam_role",
      "name": "bastion_ssm_role",
      "provider": "provider[\"registry.terraform.io/hashicorp/aws\"]",
      "instances": [
        {
          "schema_version": 0,
          "attributes": {
            "arn": "arn:aws:iam::730071141898:role/ex-complete-bastion-c8df-role",
            "assume_role_policy": "{\"Statement\":[{\"Action\":\"sts:AssumeRole\",\"Effect\":\"Allow\",\"Principal\":{\"Service\":\"ec2.amazonaws.com\"},\"Sid\":\"\"}],\"Version\":\"2012-10-17\"}",
            "create_date": "2023-12-01T15:12:20Z",
            "description": "",
            "force_detach_policies": false,
            "id": "ex-complete-bastion-c8df-role",
            "inline_policy": [],
            "managed_policy_arns": [],
            "max_session_duration": 3600,
            "name": "ex-complete-bastion-c8df-role",
            "name_prefix": "",
            "path": "/",
            "permissions_boundary": "",
            "tags": {
              "Environment": "dev",
              "Function": "bastion-ssm",
              "GithubRepo": "github.com/defenseunicorns/delivery-aws-iac",
              "Project": "du-iac-cicd",
              "RootTFModule": "bootstrap"
            },
            "tags_all": {
              "Environment": "dev",
              "Function": "bastion-ssm",
              "GithubRepo": "github.com/defenseunicorns/delivery-aws-iac",
              "Project": "du-iac-cicd",
              "RootTFModule": "bootstrap"
            },
            "unique_id": "AROA2T65BRYFOF2ML3XQK"
          },
          "sensitive_attributes": [],
          "private": "bnVsbA==",
          "dependencies": [
            "random_id.default"
          ]
        }
      ]
    },
    {
      "module": "module.bastion[0]",
      "mode": "managed",
      "type": "aws_iam_role_policy_attachment",
      "name": "bastion-ssm-aws-efs-policy-attach",
      "provider": "provider[\"registry.terraform.io/hashicorp/aws\"]",
      "instances": [
        {
          "schema_version": 0,
          "attributes": {
            "id": "ex-complete-bastion-c8df-role-20231201151221074400000008",
            "policy_arn": "arn:aws:iam::aws:policy/AmazonElasticFileSystemFullAccess",
            "role": "ex-complete-bastion-c8df-role"
          },
          "sensitive_attributes": [],
          "private": "bnVsbA==",
          "dependencies": [
            "module.bastion.aws_iam_role.bastion_ssm_role",
            "module.bastion.data.aws_iam_policy.AmazonElasticFileSystemFullAccess",
            "random_id.default"
          ]
        }
      ]
    },
    {
      "module": "module.bastion[0]",
      "mode": "managed",
      "type": "aws_iam_role_policy_attachment",
      "name": "bastion-ssm-aws-ssm-policy-attach",
      "provider": "provider[\"registry.terraform.io/hashicorp/aws\"]",
      "instances": [
        {
          "schema_version": 0,
          "attributes": {
            "id": "ex-complete-bastion-c8df-role-20231201151220913200000007",
            "policy_arn": "arn:aws:iam::aws:policy/AmazonSSMManagedInstanceCore",
            "role": "ex-complete-bastion-c8df-role"
          },
          "sensitive_attributes": [],
          "private": "bnVsbA==",
          "dependencies": [
            "module.bastion.aws_iam_role.bastion_ssm_role",
            "module.bastion.data.aws_iam_policy.AmazonSSMManagedInstanceCore",
            "random_id.default"
          ]
        }
      ]
    },
    {
      "module": "module.bastion[0]",
      "mode": "managed",
      "type": "aws_iam_role_policy_attachment",
      "name": "bastion-ssm-ec2-access-policy-attach",
      "provider": "provider[\"registry.terraform.io/hashicorp/aws\"]",
      "instances": [
        {
          "schema_version": 0,
          "attributes": {
            "id": "ex-complete-bastion-c8df-role-20231201151359079100000020",
            "policy_arn": "arn:aws:iam::730071141898:policy/ssm-ex-complete-bastion-c8df-us-east-2",
            "role": "ex-complete-bastion-c8df-role"
          },
          "sensitive_attributes": [],
          "private": "bnVsbA==",
          "dependencies": [
            "data.aws_ami.amazonlinux2",
            "module.bastion.aws_iam_instance_profile.bastion_ssm_profile",
            "module.bastion.aws_iam_policy.ssm_ec2_access",
            "module.bastion.aws_iam_role.bastion_ssm_role",
            "module.bastion.aws_instance.application",
            "module.bastion.aws_security_group.sg",
            "module.bastion.data.aws_ami.from_filter",
            "module.bastion.data.aws_caller_identity.current",
            "module.bastion.data.aws_iam_policy_document.ssm_ec2_access",
            "module.bastion.data.aws_kms_key.default",
            "module.bastion.data.aws_partition.current",
            "module.bastion.data.aws_subnet.subnet_by_name",
            "module.bastion.data.cloudinit_config.config",
            "module.vpc.module.vpc.aws_subnet.private",
            "module.vpc.module.vpc.aws_vpc.this",
            "module.vpc.module.vpc.aws_vpc_ipv4_cidr_block_association.this",
            "random_id.default"
          ]
        }
      ]
    },
    {
      "module": "module.bastion[0]",
      "mode": "managed",
      "type": "aws_iam_role_policy_attachment",
      "name": "bastion-ssm-s3-cwl-policy-attach",
      "provider": "provider[\"registry.terraform.io/hashicorp/aws\"]",
      "instances": [
        {
          "schema_version": 0,
          "attributes": {
            "id": "ex-complete-bastion-c8df-role-2023120115122356890000000b",
            "policy_arn": "arn:aws:iam::730071141898:policy/ex-complete-bastion-c8df-ssm_s3_cwl_access-us-east-2",
            "role": "ex-complete-bastion-c8df-role"
          },
          "sensitive_attributes": [],
          "private": "bnVsbA==",
          "dependencies": [
            "module.bastion.aws_iam_policy.ssm_s3_cwl_access",
            "module.bastion.aws_iam_role.bastion_ssm_role",
            "module.bastion.aws_s3_bucket.session_logs_bucket",
            "module.bastion.data.aws_iam_policy_document.ssm_s3_cwl_access",
            "module.bastion.data.aws_kms_key.default",
            "random_id.default"
          ]
        }
      ]
    },
    {
      "module": "module.bastion[0]",
      "mode": "managed",
      "type": "aws_iam_role_policy_attachment",
      "name": "s3_companion_cube",
      "provider": "provider[\"registry.terraform.io/hashicorp/aws\"]",
      "instances": [
        {
          "schema_version": 0,
          "attributes": {
            "id": "ex-complete-bastion-c8df-role-2023120115122343070000000a",
            "policy_arn": "arn:aws:iam::730071141898:policy/ex-complete-bastion-c8df-s3-readonly",
            "role": "ex-complete-bastion-c8df-role"
          },
          "sensitive_attributes": [],
          "private": "bnVsbA==",
          "dependencies": [
            "module.bastion.aws_iam_policy.s3_readonly_policy",
            "module.bastion.aws_iam_role.bastion_ssm_role",
            "module.bastion.aws_s3_bucket.session_logs_bucket",
            "random_id.default"
          ]
        }
      ]
    },
    {
      "module": "module.bastion[0]",
      "mode": "managed",
      "type": "aws_iam_role_policy_attachment",
      "name": "s3_logging_cube",
      "provider": "provider[\"registry.terraform.io/hashicorp/aws\"]",
      "instances": [
        {
          "schema_version": 0,
          "attributes": {
            "id": "ex-complete-bastion-c8df-role-2023120115122381580000000c",
            "policy_arn": "arn:aws:iam::730071141898:policy/ex-complete-bastion-c8df-s3-logging",
            "role": "ex-complete-bastion-c8df-role"
          },
          "sensitive_attributes": [],
          "private": "bnVsbA==",
          "dependencies": [
            "aws_s3_bucket.access_log_bucket",
            "module.bastion.aws_iam_policy.s3_logging_policy",
            "module.bastion.aws_iam_role.bastion_ssm_role",
            "module.bastion.data.aws_s3_bucket.access_logs_bucket",
            "random_id.default"
          ]
        }
      ]
    },
    {
      "module": "module.bastion[0]",
      "mode": "managed",
      "type": "aws_iam_role_policy_attachment",
      "name": "terraform",
      "provider": "provider[\"registry.terraform.io/hashicorp/aws\"]",
      "instances": [
        {
          "index_key": 0,
          "schema_version": 0,
          "attributes": {
            "id": "ex-complete-bastion-c8df-role-20231201151220910800000006",
            "policy_arn": "arn:aws:iam::730071141898:policy/ex-complete-bastion-c8df-terraform-policy",
            "role": "ex-complete-bastion-c8df-role"
          },
          "sensitive_attributes": [],
          "private": "bnVsbA==",
          "dependencies": [
            "module.bastion.aws_iam_policy.terraform_policy",
            "module.bastion.aws_iam_role.bastion_ssm_role",
            "module.bastion.data.aws_partition.current",
            "random_id.default"
          ]
        }
      ]
    },
    {
      "module": "module.bastion[0]",
      "mode": "managed",
      "type": "aws_instance",
      "name": "application",
      "provider": "provider[\"registry.terraform.io/hashicorp/aws\"]",
      "instances": [
        {
          "schema_version": 1,
          "attributes": {
            "ami": "ami-0e4bab9adfcf464b1",
            "arn": "arn:aws:ec2:us-east-2:730071141898:instance/i-07f0e5306e70106e7",
            "associate_public_ip_address": false,
            "availability_zone": "us-east-2a",
            "capacity_reservation_specification": [
              {
                "capacity_reservation_preference": "open",
                "capacity_reservation_target": []
              }
            ],
            "cpu_core_count": 2,
            "cpu_options": [
              {
                "amd_sev_snp": "",
                "core_count": 2,
                "threads_per_core": 2
              }
            ],
            "cpu_threads_per_core": 2,
            "credit_specification": [],
            "disable_api_stop": false,
            "disable_api_termination": false,
            "ebs_block_device": [],
            "ebs_optimized": true,
            "enclave_options": [
              {
                "enabled": false
              }
            ],
            "ephemeral_block_device": [],
            "get_password_data": false,
            "hibernation": false,
            "host_id": "",
            "host_resource_group_arn": null,
            "iam_instance_profile": "ex-complete-bastion-c8df-ssm-profile",
            "id": "i-07f0e5306e70106e7",
            "instance_initiated_shutdown_behavior": "stop",
            "instance_lifecycle": "",
            "instance_market_options": [],
            "instance_state": "running",
            "instance_type": "m5.xlarge",
            "ipv6_address_count": 0,
            "ipv6_addresses": [],
            "key_name": "",
            "launch_template": [],
            "maintenance_options": [
              {
                "auto_recovery": "default"
              }
            ],
            "metadata_options": [
              {
                "http_endpoint": "enabled",
                "http_protocol_ipv6": "disabled",
                "http_put_response_hop_limit": 1,
                "http_tokens": "required",
                "instance_metadata_tags": "disabled"
              }
            ],
            "monitoring": true,
            "network_interface": [],
            "outpost_arn": "",
            "password_data": "",
            "placement_group": "",
            "placement_partition_number": 0,
            "primary_network_interface_id": "eni-0f5c2411b4347e67a",
            "private_dns": "ip-10-200-35-78.us-east-2.compute.internal",
            "private_dns_name_options": [
              {
                "enable_resource_name_dns_a_record": false,
                "enable_resource_name_dns_aaaa_record": false,
                "hostname_type": "ip-name"
              }
            ],
            "private_ip": "10.200.35.78",
            "public_dns": "",
            "public_ip": "",
            "root_block_device": [
              {
                "delete_on_termination": true,
                "device_name": "/dev/xvda",
                "encrypted": true,
                "iops": 3000,
                "kms_key_id": "arn:aws:kms:us-east-2:730071141898:key/a5fa4221-ad13-4e43-9a8e-cd494df72cf2",
                "tags": null,
                "throughput": 125,
                "volume_id": "vol-0609c36d5c2c03e47",
                "volume_size": 20,
                "volume_type": "gp3"
              }
            ],
            "secondary_private_ips": [],
            "security_groups": [],
            "source_dest_check": true,
            "spot_instance_request_id": "",
            "subnet_id": "subnet-02b82103b7f59cf49",
            "tags": {
              "Environment": "dev",
              "Function": "bastion-ssm",
              "GithubRepo": "github.com/defenseunicorns/delivery-aws-iac",
              "Name": "ex-complete-bastion-c8df",
              "Project": "du-iac-cicd",
              "RootTFModule": "bootstrap"
            },
            "tags_all": {
              "Environment": "dev",
              "Function": "bastion-ssm",
              "GithubRepo": "github.com/defenseunicorns/delivery-aws-iac",
              "Name": "ex-complete-bastion-c8df",
              "Project": "du-iac-cicd",
              "RootTFModule": "bootstrap"
            },
            "tenancy": "default",
            "timeouts": null,
            "user_data": "aa6652101506fab0e0a741fdc36763a619fecaee",
            "user_data_base64": null,
            "user_data_replace_on_change": false,
            "volume_tags": null,
            "vpc_security_group_ids": [
              "sg-049e1ff91c529e86f"
            ]
          },
          "sensitive_attributes": [],
          "private": "eyJlMmJmYjczMC1lY2FhLTExZTYtOGY4OC0zNDM2M2JjN2M0YzAiOnsiY3JlYXRlIjo2MDAwMDAwMDAwMDAsImRlbGV0ZSI6MTIwMDAwMDAwMDAwMCwidXBkYXRlIjo2MDAwMDAwMDAwMDB9LCJzY2hlbWFfdmVyc2lvbiI6IjEifQ==",
          "dependencies": [
            "data.aws_ami.amazonlinux2",
            "module.bastion.aws_iam_instance_profile.bastion_ssm_profile",
            "module.bastion.aws_iam_role.bastion_ssm_role",
            "module.bastion.aws_security_group.sg",
            "module.bastion.data.aws_ami.from_filter",
            "module.bastion.data.aws_subnet.subnet_by_name",
            "module.bastion.data.cloudinit_config.config",
            "module.vpc.module.vpc.aws_subnet.private",
            "module.vpc.module.vpc.aws_vpc.this",
            "module.vpc.module.vpc.aws_vpc_ipv4_cidr_block_association.this",
            "random_id.default"
          ]
        }
      ]
    },
    {
      "module": "module.bastion[0]",
      "mode": "managed",
      "type": "aws_s3_bucket",
      "name": "session_logs_bucket",
      "provider": "provider[\"registry.terraform.io/hashicorp/aws\"]",
      "instances": [
        {
          "schema_version": 0,
          "attributes": {
            "acceleration_status": "",
            "acl": null,
            "arn": "arn:aws:s3:::ex-complete-bastion-c8df-sessionlogs-20231201151220365300000003",
            "bucket": "ex-complete-bastion-c8df-sessionlogs-20231201151220365300000003",
            "bucket_domain_name": "ex-complete-bastion-c8df-sessionlogs-20231201151220365300000003.s3.amazonaws.com",
            "bucket_prefix": "ex-complete-bastion-c8df-sessionlogs-",
            "bucket_regional_domain_name": "ex-complete-bastion-c8df-sessionlogs-20231201151220365300000003.s3.us-east-2.amazonaws.com",
            "cors_rule": [],
            "force_destroy": true,
            "grant": [
              {
                "id": "c799a934ad5c489ced0b6c3a042451a17d48854c88bf12c97f3bb164a8ae4d47",
                "permissions": [
                  "FULL_CONTROL"
                ],
                "type": "CanonicalUser",
                "uri": ""
              }
            ],
            "hosted_zone_id": "Z2O1EMRO9K5GLX",
            "id": "ex-complete-bastion-c8df-sessionlogs-20231201151220365300000003",
            "lifecycle_rule": [],
            "logging": [],
            "object_lock_configuration": [],
            "object_lock_enabled": false,
            "policy": "",
            "region": "us-east-2",
            "replication_configuration": [],
            "request_payer": "BucketOwner",
            "server_side_encryption_configuration": [
              {
                "rule": [
                  {
                    "apply_server_side_encryption_by_default": [
                      {
                        "kms_master_key_id": "",
                        "sse_algorithm": "AES256"
                      }
                    ],
                    "bucket_key_enabled": false
                  }
                ]
              }
            ],
            "tags": {
              "Environment": "dev",
              "Function": "bastion-ssm",
              "GithubRepo": "github.com/defenseunicorns/delivery-aws-iac",
              "Project": "du-iac-cicd",
              "RootTFModule": "bootstrap"
            },
            "tags_all": {
              "Environment": "dev",
              "Function": "bastion-ssm",
              "GithubRepo": "github.com/defenseunicorns/delivery-aws-iac",
              "Project": "du-iac-cicd",
              "RootTFModule": "bootstrap"
            },
            "timeouts": null,
            "versioning": [
              {
                "enabled": false,
                "mfa_delete": false
              }
            ],
            "website": [],
            "website_domain": null,
            "website_endpoint": null
          },
          "sensitive_attributes": [],
          "private": "eyJlMmJmYjczMC1lY2FhLTExZTYtOGY4OC0zNDM2M2JjN2M0YzAiOnsiY3JlYXRlIjoxMjAwMDAwMDAwMDAwLCJkZWxldGUiOjM2MDAwMDAwMDAwMDAsInJlYWQiOjEyMDAwMDAwMDAwMDAsInVwZGF0ZSI6MTIwMDAwMDAwMDAwMH19",
          "dependencies": [
            "random_id.default"
          ]
        }
      ]
    },
    {
      "module": "module.bastion[0]",
      "mode": "managed",
      "type": "aws_s3_bucket_acl",
      "name": "session_logs_bucket",
      "provider": "provider[\"registry.terraform.io/hashicorp/aws\"]",
      "instances": [
        {
          "schema_version": 0,
          "attributes": {
            "access_control_policy": [
              {
                "grant": [
                  {
                    "grantee": [
                      {
                        "display_name": "",
                        "email_address": "",
                        "id": "c799a934ad5c489ced0b6c3a042451a17d48854c88bf12c97f3bb164a8ae4d47",
                        "type": "CanonicalUser",
                        "uri": ""
                      }
                    ],
                    "permission": "FULL_CONTROL"
                  }
                ],
                "owner": [
                  {
                    "display_name": "",
                    "id": "c799a934ad5c489ced0b6c3a042451a17d48854c88bf12c97f3bb164a8ae4d47"
                  }
                ]
              }
            ],
            "acl": "private",
            "bucket": "ex-complete-bastion-c8df-sessionlogs-20231201151220365300000003",
            "expected_bucket_owner": "",
            "id": "ex-complete-bastion-c8df-sessionlogs-20231201151220365300000003,private"
          },
          "sensitive_attributes": [],
          "private": "bnVsbA==",
          "dependencies": [
            "module.bastion.aws_s3_bucket.session_logs_bucket",
            "module.bastion.aws_s3_bucket_ownership_controls.session_logs_bucket",
            "module.bastion.aws_s3_bucket_public_access_block.session_logs_bucket",
            "random_id.default"
          ]
        }
      ]
    },
    {
      "module": "module.bastion[0]",
      "mode": "managed",
      "type": "aws_s3_bucket_lifecycle_configuration",
      "name": "session_logs_bucket",
      "provider": "provider[\"registry.terraform.io/hashicorp/aws\"]",
      "instances": [
        {
          "schema_version": 0,
          "attributes": {
            "bucket": "ex-complete-bastion-c8df-sessionlogs-20231201151220365300000003",
            "expected_bucket_owner": "",
            "id": "ex-complete-bastion-c8df-sessionlogs-20231201151220365300000003",
            "rule": [
              {
                "abort_incomplete_multipart_upload": [],
                "expiration": [
                  {
                    "date": "",
                    "days": 365,
                    "expired_object_delete_marker": false
                  }
                ],
                "filter": [
                  {
                    "and": [],
                    "object_size_greater_than": "",
                    "object_size_less_than": "",
                    "prefix": "",
                    "tag": []
                  }
                ],
                "id": "archive_after_X_days",
                "noncurrent_version_expiration": [],
                "noncurrent_version_transition": [],
                "prefix": "",
                "status": "Enabled",
                "transition": [
                  {
                    "date": "",
                    "days": 30,
                    "storage_class": "GLACIER"
                  }
                ]
              },
              {
                "abort_incomplete_multipart_upload": [
                  {
                    "days_after_initiation": 7
                  }
                ],
                "expiration": [],
                "filter": [
                  {
                    "and": [],
                    "object_size_greater_than": "",
                    "object_size_less_than": "",
                    "prefix": "",
                    "tag": []
                  }
                ],
                "id": "abort_incomplete_multipart_upload",
                "noncurrent_version_expiration": [],
                "noncurrent_version_transition": [],
                "prefix": "",
                "status": "Enabled",
                "transition": []
              }
            ]
          },
          "sensitive_attributes": [],
          "private": "bnVsbA==",
          "dependencies": [
            "module.bastion.aws_s3_bucket.session_logs_bucket",
            "module.bastion.aws_s3_bucket_versioning.session_logs_bucket",
            "random_id.default"
          ]
        }
      ]
    },
    {
      "module": "module.bastion[0]",
      "mode": "managed",
      "type": "aws_s3_bucket_logging",
      "name": "access_logging_on_session_logs_bucket",
      "provider": "provider[\"registry.terraform.io/hashicorp/aws\"]",
      "instances": [
        {
          "schema_version": 0,
          "attributes": {
            "bucket": "ex-complete-bastion-c8df-sessionlogs-20231201151220365300000003",
            "expected_bucket_owner": "",
            "id": "ex-complete-bastion-c8df-sessionlogs-20231201151220365300000003",
            "target_bucket": "ex-complete-accesslog-c8df20231201151220366300000004",
            "target_grant": [],
            "target_prefix": "bastion-session-logs/"
          },
          "sensitive_attributes": [],
          "private": "bnVsbA==",
          "dependencies": [
            "aws_s3_bucket.access_log_bucket",
            "module.bastion.aws_s3_bucket.session_logs_bucket",
            "module.bastion.data.aws_s3_bucket.access_logs_bucket",
            "random_id.default"
          ]
        }
      ]
    },
    {
      "module": "module.bastion[0]",
      "mode": "managed",
      "type": "aws_s3_bucket_ownership_controls",
      "name": "session_logs_bucket",
      "provider": "provider[\"registry.terraform.io/hashicorp/aws\"]",
      "instances": [
        {
          "schema_version": 0,
          "attributes": {
            "bucket": "ex-complete-bastion-c8df-sessionlogs-20231201151220365300000003",
            "id": "ex-complete-bastion-c8df-sessionlogs-20231201151220365300000003",
            "rule": [
              {
                "object_ownership": "BucketOwnerPreferred"
              }
            ]
          },
          "sensitive_attributes": [],
          "private": "bnVsbA==",
          "dependencies": [
            "module.bastion.aws_s3_bucket.session_logs_bucket",
            "module.bastion.aws_s3_bucket_public_access_block.session_logs_bucket",
            "random_id.default"
          ]
        }
      ]
    },
    {
      "module": "module.bastion[0]",
      "mode": "managed",
      "type": "aws_s3_bucket_public_access_block",
      "name": "session_logs_bucket",
      "provider": "provider[\"registry.terraform.io/hashicorp/aws\"]",
      "instances": [
        {
          "schema_version": 0,
          "attributes": {
            "block_public_acls": true,
            "block_public_policy": true,
            "bucket": "ex-complete-bastion-c8df-sessionlogs-20231201151220365300000003",
            "id": "ex-complete-bastion-c8df-sessionlogs-20231201151220365300000003",
            "ignore_public_acls": true,
            "restrict_public_buckets": true
          },
          "sensitive_attributes": [],
          "private": "bnVsbA==",
          "dependencies": [
            "module.bastion.aws_s3_bucket.session_logs_bucket",
            "random_id.default"
          ]
        }
      ]
    },
    {
      "module": "module.bastion[0]",
      "mode": "managed",
      "type": "aws_s3_bucket_server_side_encryption_configuration",
      "name": "session_logs_bucket",
      "provider": "provider[\"registry.terraform.io/hashicorp/aws\"]",
      "instances": [
        {
          "schema_version": 0,
          "attributes": {
            "bucket": "ex-complete-bastion-c8df-sessionlogs-20231201151220365300000003",
            "expected_bucket_owner": "",
            "id": "ex-complete-bastion-c8df-sessionlogs-20231201151220365300000003",
            "rule": [
              {
                "apply_server_side_encryption_by_default": [
                  {
                    "kms_master_key_id": "arn:aws:kms:us-east-2:730071141898:key/mrk-a156b49d5c6b44cc9496116f1ca15f67",
                    "sse_algorithm": "aws:kms"
                  }
                ],
                "bucket_key_enabled": null
              }
            ]
          },
          "sensitive_attributes": [],
          "private": "bnVsbA==",
          "dependencies": [
            "module.bastion.aws_s3_bucket.session_logs_bucket",
            "module.bastion.data.aws_kms_key.default",
            "random_id.default"
          ]
        }
      ]
    },
    {
      "module": "module.bastion[0]",
      "mode": "managed",
      "type": "aws_s3_bucket_versioning",
      "name": "session_logs_bucket",
      "provider": "provider[\"registry.terraform.io/hashicorp/aws\"]",
      "instances": [
        {
          "schema_version": 0,
          "attributes": {
            "bucket": "ex-complete-bastion-c8df-sessionlogs-20231201151220365300000003",
            "expected_bucket_owner": "",
            "id": "ex-complete-bastion-c8df-sessionlogs-20231201151220365300000003",
            "mfa": null,
            "versioning_configuration": [
              {
                "mfa_delete": "",
                "status": "Enabled"
              }
            ]
          },
          "sensitive_attributes": [],
          "private": "bnVsbA==",
          "dependencies": [
            "module.bastion.aws_s3_bucket.session_logs_bucket",
            "random_id.default"
          ]
        }
      ]
    },
    {
      "module": "module.bastion[0]",
      "mode": "managed",
      "type": "aws_security_group",
      "name": "sg",
      "provider": "provider[\"registry.terraform.io/hashicorp/aws\"]",
      "instances": [
        {
          "index_key": 0,
          "schema_version": 1,
          "attributes": {
            "arn": "arn:aws:ec2:us-east-2:730071141898:security-group/sg-049e1ff91c529e86f",
            "description": "SG for ex-complete-bastion-c8df",
            "egress": [
              {
                "cidr_blocks": [
                  "0.0.0.0/0"
                ],
                "description": "Allow all outbound traffic",
                "from_port": 0,
                "ipv6_cidr_blocks": [],
                "prefix_list_ids": [],
                "protocol": "-1",
                "security_groups": [],
                "self": false,
                "to_port": 0
              }
            ],
            "id": "sg-049e1ff91c529e86f",
            "ingress": [],
            "name": "ex-complete-bastion-c8df-sg",
            "name_prefix": "",
            "owner_id": "730071141898",
            "revoke_rules_on_delete": false,
            "tags": null,
            "tags_all": {},
            "timeouts": null,
            "vpc_id": "vpc-04a04f7600ace7f1e"
          },
          "sensitive_attributes": [],
          "private": "eyJlMmJmYjczMC1lY2FhLTExZTYtOGY4OC0zNDM2M2JjN2M0YzAiOnsiY3JlYXRlIjo2MDAwMDAwMDAwMDAsImRlbGV0ZSI6OTAwMDAwMDAwMDAwfSwic2NoZW1hX3ZlcnNpb24iOiIxIn0=",
          "dependencies": [
            "module.vpc.module.vpc.aws_vpc.this",
            "random_id.default"
          ]
        }
      ]
    },
    {
      "module": "module.bastion[0]",
      "mode": "managed",
      "type": "aws_ssm_document",
      "name": "session_manager_prefs",
      "provider": "provider[\"registry.terraform.io/hashicorp/aws\"]",
      "instances": [
        {
          "schema_version": 0,
          "attributes": {
            "arn": "arn:aws:ssm:us-east-2:730071141898:document/ex-complete-bastion-c8df-SSM-SessionManagerRunShell",
            "attachments_source": [],
            "content": "{\"description\":\"Document to hold regional settings for Session Manager\",\"inputs\":{\"cloudWatchEncryptionEnabled\":true,\"cloudWatchLogGroupName\":\"/ssm/session-logs-20231201151220362300000001\",\"kmsKeyId\":\"mrk-a156b49d5c6b44cc9496116f1ca15f67\",\"s3BucketName\":\"ex-complete-bastion-c8df-sessionlogs-20231201151220365300000003\",\"s3EncryptionEnabled\":true,\"shellProfile\":{\"linux\":\"\",\"windows\":\"\"}},\"schemaVersion\":\"1.0\",\"sessionType\":\"Standard_Stream\"}",
            "created_date": "2023-12-01T15:12:23Z",
            "default_version": "1",
            "description": "",
            "document_format": "JSON",
            "document_type": "Session",
            "document_version": "1",
            "hash": "e1829f09a903172d31661d94d7be7bc7f043c437e3e08335d136b85f5df46926",
            "hash_type": "Sha256",
            "id": "ex-complete-bastion-c8df-SSM-SessionManagerRunShell",
            "latest_version": "1",
            "name": "ex-complete-bastion-c8df-SSM-SessionManagerRunShell",
            "owner": "730071141898",
            "parameter": [],
            "permissions": null,
            "platform_types": [
              "Windows",
              "Linux",
              "MacOS"
            ],
            "schema_version": "1.0",
            "status": "Active",
            "tags": {
              "Environment": "dev",
              "Function": "bastion-ssm",
              "GithubRepo": "github.com/defenseunicorns/delivery-aws-iac",
              "Project": "du-iac-cicd",
              "RootTFModule": "bootstrap"
            },
            "tags_all": {
              "Environment": "dev",
              "Function": "bastion-ssm",
              "GithubRepo": "github.com/defenseunicorns/delivery-aws-iac",
              "Project": "du-iac-cicd",
              "RootTFModule": "bootstrap"
            },
            "target_type": "",
            "version_name": ""
          },
          "sensitive_attributes": [],
          "private": "bnVsbA==",
          "dependencies": [
            "module.bastion.aws_cloudwatch_log_group.session_manager_log_group",
            "module.bastion.aws_s3_bucket.session_logs_bucket",
            "module.bastion.data.aws_kms_key.default",
            "random_id.default"
          ]
        }
      ]
    },
    {
      "module": "module.bastion[0]",
      "mode": "managed",
      "type": "aws_ssm_parameter",
      "name": "cloudwatch_configuration_file",
      "provider": "provider[\"registry.terraform.io/hashicorp/aws\"]",
      "instances": [
        {
          "schema_version": 0,
          "attributes": {
            "allowed_pattern": "",
            "arn": "arn:aws:ssm:us-east-2:730071141898:parameter/AmazonCloudWatch-linux-ex-complete-bastion-c8df",
            "data_type": "text",
            "description": "",
            "id": "AmazonCloudWatch-linux-ex-complete-bastion-c8df",
            "insecure_value": null,
            "key_id": "alias/aws/ssm",
            "name": "AmazonCloudWatch-linux-ex-complete-bastion-c8df",
            "overwrite": true,
            "tags": {},
            "tags_all": {},
            "tier": "Standard",
            "type": "SecureString",
            "value": "{\"agent\":{\"metrics_collection_interval\":60,\"run_as_user\":\"root\"},\"logs\":{\"logs_collected\":{\"files\":{\"collect_list\":[{\"file_path\":\"/root/.bash_history\",\"log_group_name\":\"ec2-cloudwatch-logging-ex-complete-bastion-c8df\",\"log_stream_name\":\"root-user-commands\",\"retention_in_days\":60},{\"file_path\":\"/home/ec2-user/.bash_history\",\"log_group_name\":\"ec2-cloudwatch-logging-ex-complete-bastion-c8df\",\"log_stream_name\":\"ec2-user-commands\",\"retention_in_days\":60},{\"file_path\":\"/var/log/secure\",\"log_group_name\":\"ec2-cloudwatch-logging-ex-complete-bastion-c8df\",\"log_stream_name\":\"logins\",\"retention_in_days\":60},{\"file_path\":\"/home/ssm-user/.bash_history\",\"log_group_name\":\"ec2-cloudwatch-logging-ex-complete-bastion-c8df\",\"log_stream_name\":\"ssm-user-commands\",\"retention_in_days\":60},{\"file_path\":\"/var/log/messages\",\"log_group_name\":\"ec2-cloudwatch-logging-ex-complete-bastion-c8df\",\"log_stream_name\":\"Syslog\",\"retention_in_days\":60},{\"file_path\":\"/var/log/boot.log*\",\"log_group_name\":\"ec2-cloudwatch-logging-ex-complete-bastion-c8df\",\"log_stream_name\":\"Syslog\",\"retention_in_days\":60},{\"file_path\":\"/var/log/secure\",\"log_group_name\":\"ec2-cloudwatch-logging-ex-complete-bastion-c8df\",\"log_stream_name\":\"Syslog\",\"retention_in_days\":60},{\"file_path\":\"/var/log/messages\",\"log_group_name\":\"ec2-cloudwatch-logging-ex-complete-bastion-c8df\",\"log_stream_name\":\"Syslog\",\"retention_in_days\":60},{\"file_path\":\"/var/log/cron*\",\"log_group_name\":\"ec2-cloudwatch-logging-ex-complete-bastion-c8df\",\"log_stream_name\":\"Syslog\",\"retention_in_days\":60},{\"file_path\":\"/var/log/cloud-init-output.log\",\"log_group_name\":\"ec2-cloudwatch-logging-ex-complete-bastion-c8df\",\"log_stream_name\":\"Syslog\",\"retention_in_days\":60},{\"file_path\":\"/var/log/dmesg\",\"log_group_name\":\"ec2-cloudwatch-logging-ex-complete-bastion-c8df\",\"log_stream_name\":\"Syslog\",\"retention_in_days\":60}]}}},\"metrics\":{\"aggregation_dimensions\":[[\"InstanceId\"]],\"metrics_collected\":{\"collectd\":{\"metrics_aggregation_interval\":60},\"cpu\":{\"measurement\":[\"cpu_usage_idle\",\"cpu_usage_iowait\",\"cpu_usage_user\",\"cpu_usage_system\"],\"metrics_collection_interval\":60,\"resources\":[\"*\"],\"totalcpu\":false},\"disk\":{\"measurement\":[\"used_percent\",\"inodes_free\"],\"metrics_collection_interval\":60,\"resources\":[\"*\"]},\"diskio\":{\"measurement\":[\"io_time\"],\"metrics_collection_interval\":60,\"resources\":[\"*\"]},\"mem\":{\"measurement\":[\"mem_used_percent\"],\"metrics_collection_interval\":60},\"statsd\":{\"metrics_aggregation_interval\":60,\"metrics_collection_interval\":10,\"service_address\":\":8125\"},\"swap\":{\"measurement\":[\"swap_used_percent\"],\"metrics_collection_interval\":60}}}}",
            "version": 1
          },
          "sensitive_attributes": [],
          "private": "bnVsbA==",
          "dependencies": [
            "aws_kms_key.default",
            "data.aws_caller_identity.current",
            "data.aws_iam_policy_document.kms_access",
            "data.aws_partition.current",
            "module.bastion.aws_cloudwatch_log_group.ec2_cloudwatch_logs",
            "module.bastion.data.aws_kms_key.default",
            "random_id.default"
          ]
        }
      ]
    },
    {
      "module": "module.vpc",
      "mode": "data",
      "type": "aws_iam_policy_document",
      "name": "ecr",
      "provider": "provider[\"registry.terraform.io/hashicorp/aws\"]",
      "instances": [
        {
          "schema_version": 0,
          "attributes": {
            "id": "3999740494",
            "json": "{\n  \"Version\": \"2012-10-17\",\n  \"Statement\": [\n    {\n      \"Effect\": \"Allow\",\n      \"Action\": [\n        \"ecr:UploadLayerPart\",\n        \"ecr:PutImage\",\n        \"ecr:ListImages\",\n        \"ecr:InitiateLayerUpload\",\n        \"ecr:GetDownloadUrlForLayer\",\n        \"ecr:GetAuthorizationToken\",\n        \"ecr:DescribeImages\",\n        \"ecr:CreateRepository\",\n        \"ecr:CompleteLayerUpload\",\n        \"ecr:BatchGetImage\",\n        \"ecr:BatchCheckLayerAvailability\"\n      ],\n      \"Resource\": \"*\",\n      \"Principal\": {\n        \"AWS\": \"*\"\n      }\n    },\n    {\n      \"Effect\": \"Deny\",\n      \"Action\": \"*\",\n      \"Resource\": \"*\",\n      \"Principal\": \"*\",\n      \"Condition\": {\n        \"StringNotEquals\": {\n          \"aws:SourceVpc\": \"vpc-04a04f7600ace7f1e\"\n        }\n      }\n    }\n  ]\n}",
            "override_policy_documents": null,
            "policy_id": null,
            "source_policy_documents": null,
            "statement": [
              {
                "actions": [
                  "ecr:BatchCheckLayerAvailability",
                  "ecr:BatchGetImage",
                  "ecr:CompleteLayerUpload",
                  "ecr:CreateRepository",
                  "ecr:DescribeImages",
                  "ecr:GetAuthorizationToken",
                  "ecr:GetDownloadUrlForLayer",
                  "ecr:InitiateLayerUpload",
                  "ecr:ListImages",
                  "ecr:PutImage",
                  "ecr:UploadLayerPart"
                ],
                "condition": [],
                "effect": "Allow",
                "not_actions": [],
                "not_principals": [],
                "not_resources": [],
                "principals": [
                  {
                    "identifiers": [
                      "*"
                    ],
                    "type": "AWS"
                  }
                ],
                "resources": [
                  "*"
                ],
                "sid": ""
              },
              {
                "actions": [
                  "*"
                ],
                "condition": [
                  {
                    "test": "StringNotEquals",
                    "values": [
                      "vpc-04a04f7600ace7f1e"
                    ],
                    "variable": "aws:SourceVpc"
                  }
                ],
                "effect": "Deny",
                "not_actions": [],
                "not_principals": [],
                "not_resources": [],
                "principals": [
                  {
                    "identifiers": [
                      "*"
                    ],
                    "type": "*"
                  }
                ],
                "resources": [
                  "*"
                ],
                "sid": ""
              }
            ],
            "version": "2012-10-17"
          },
          "sensitive_attributes": []
        }
      ]
    },
    {
      "module": "module.vpc",
      "mode": "data",
      "type": "aws_security_group",
      "name": "default",
      "provider": "provider[\"registry.terraform.io/hashicorp/aws\"]",
      "instances": [
        {
          "schema_version": 0,
          "attributes": {
            "arn": "arn:aws:ec2:us-east-2:730071141898:security-group/sg-0bfc6d8e74520459b",
            "description": "default VPC security group",
            "filter": null,
            "id": "sg-0bfc6d8e74520459b",
            "name": "default",
            "tags": {},
            "timeouts": null,
            "vpc_id": "vpc-04a04f7600ace7f1e"
          },
          "sensitive_attributes": []
        }
      ]
    },
    {
      "module": "module.vpc",
      "mode": "managed",
      "type": "aws_security_group",
      "name": "vpc_tls",
      "provider": "provider[\"registry.terraform.io/hashicorp/aws\"]",
      "instances": [
        {
          "schema_version": 1,
          "attributes": {
            "arn": "arn:aws:ec2:us-east-2:730071141898:security-group/sg-09112ca123695f26c",
            "description": "Allow TLS inbound traffic",
            "egress": [
              {
                "cidr_blocks": [
                  "0.0.0.0/0"
                ],
                "description": "TLS from VPC",
                "from_port": 443,
                "ipv6_cidr_blocks": [],
                "prefix_list_ids": [],
                "protocol": "tcp",
                "security_groups": [],
                "self": false,
                "to_port": 443
              }
            ],
            "id": "sg-09112ca123695f26c",
            "ingress": [
              {
                "cidr_blocks": [
                  "10.200.0.0/16",
                  "100.64.0.0/16"
                ],
                "description": "TLS from VPC",
                "from_port": 443,
                "ipv6_cidr_blocks": [],
                "prefix_list_ids": [],
                "protocol": "tcp",
                "security_groups": [],
                "self": false,
                "to_port": 443
              }
            ],
            "name": "ex-complete-c8df-vpc_tls",
            "name_prefix": "",
            "owner_id": "730071141898",
            "revoke_rules_on_delete": false,
            "tags": {
              "Environment": "dev",
              "GithubOrg": "terraform-aws-modules",
              "GithubRepo": "terraform-aws-vpc",
              "Project": "du-iac-cicd",
              "RootTFModule": "bootstrap"
            },
            "tags_all": {
              "Environment": "dev",
              "GithubOrg": "terraform-aws-modules",
              "GithubRepo": "terraform-aws-vpc",
              "Project": "du-iac-cicd",
              "RootTFModule": "bootstrap"
            },
            "timeouts": null,
            "vpc_id": "vpc-04a04f7600ace7f1e"
          },
          "sensitive_attributes": [],
          "private": "eyJlMmJmYjczMC1lY2FhLTExZTYtOGY4OC0zNDM2M2JjN2M0YzAiOnsiY3JlYXRlIjo2MDAwMDAwMDAwMDAsImRlbGV0ZSI6OTAwMDAwMDAwMDAwfSwic2NoZW1hX3ZlcnNpb24iOiIxIn0=",
          "dependencies": [
            "module.vpc.module.vpc.aws_vpc.this",
            "module.vpc.module.vpc.aws_vpc_ipv4_cidr_block_association.this",
            "random_id.default"
          ]
        }
      ]
    },
    {
      "module": "module.vpc.module.vpc",
      "mode": "data",
      "type": "aws_iam_policy_document",
      "name": "flow_log_cloudwatch_assume_role",
      "provider": "provider[\"registry.terraform.io/hashicorp/aws\"]",
      "instances": [
        {
          "index_key": 0,
          "schema_version": 0,
          "attributes": {
            "id": "1021377347",
            "json": "{\n  \"Version\": \"2012-10-17\",\n  \"Statement\": [\n    {\n      \"Sid\": \"AWSVPCFlowLogsAssumeRole\",\n      \"Effect\": \"Allow\",\n      \"Action\": \"sts:AssumeRole\",\n      \"Principal\": {\n        \"Service\": \"vpc-flow-logs.amazonaws.com\"\n      }\n    }\n  ]\n}",
            "override_policy_documents": null,
            "policy_id": null,
            "source_policy_documents": null,
            "statement": [
              {
                "actions": [
                  "sts:AssumeRole"
                ],
                "condition": [],
                "effect": "Allow",
                "not_actions": [],
                "not_principals": [],
                "not_resources": [],
                "principals": [
                  {
                    "identifiers": [
                      "vpc-flow-logs.amazonaws.com"
                    ],
                    "type": "Service"
                  }
                ],
                "resources": [],
                "sid": "AWSVPCFlowLogsAssumeRole"
              }
            ],
            "version": "2012-10-17"
          },
          "sensitive_attributes": []
        }
      ]
    },
    {
      "module": "module.vpc.module.vpc",
      "mode": "data",
      "type": "aws_iam_policy_document",
      "name": "vpc_flow_log_cloudwatch",
      "provider": "provider[\"registry.terraform.io/hashicorp/aws\"]",
      "instances": [
        {
          "index_key": 0,
          "schema_version": 0,
          "attributes": {
            "id": "2053943846",
            "json": "{\n  \"Version\": \"2012-10-17\",\n  \"Statement\": [\n    {\n      \"Sid\": \"AWSVPCFlowLogsPushToCloudWatch\",\n      \"Effect\": \"Allow\",\n      \"Action\": [\n        \"logs:PutLogEvents\",\n        \"logs:DescribeLogStreams\",\n        \"logs:DescribeLogGroups\",\n        \"logs:CreateLogStream\"\n      ],\n      \"Resource\": \"*\"\n    }\n  ]\n}",
            "override_policy_documents": null,
            "policy_id": null,
            "source_policy_documents": null,
            "statement": [
              {
                "actions": [
                  "logs:CreateLogStream",
                  "logs:DescribeLogGroups",
                  "logs:DescribeLogStreams",
                  "logs:PutLogEvents"
                ],
                "condition": [],
                "effect": "Allow",
                "not_actions": [],
                "not_principals": [],
                "not_resources": [],
                "principals": [],
                "resources": [
                  "*"
                ],
                "sid": "AWSVPCFlowLogsPushToCloudWatch"
              }
            ],
            "version": "2012-10-17"
          },
          "sensitive_attributes": []
        }
      ]
    },
    {
      "module": "module.vpc.module.vpc",
      "mode": "managed",
      "type": "aws_cloudwatch_log_group",
      "name": "flow_log",
      "provider": "provider[\"registry.terraform.io/hashicorp/aws\"]",
      "instances": [
        {
          "index_key": 0,
          "schema_version": 0,
          "attributes": {
            "arn": "arn:aws:logs:us-east-2:730071141898:log-group:/aws/vpc-flow-log/vpc-04a04f7600ace7f1e",
            "id": "/aws/vpc-flow-log/vpc-04a04f7600ace7f1e",
            "kms_key_id": "",
            "name": "/aws/vpc-flow-log/vpc-04a04f7600ace7f1e",
            "name_prefix": "",
            "retention_in_days": 0,
            "skip_destroy": false,
            "tags": {
              "Environment": "dev",
              "GithubOrg": "terraform-aws-modules",
              "GithubRepo": "terraform-aws-vpc",
              "Project": "du-iac-cicd",
              "RootTFModule": "bootstrap"
            },
            "tags_all": {
              "Environment": "dev",
              "GithubOrg": "terraform-aws-modules",
              "GithubRepo": "terraform-aws-vpc",
              "Project": "du-iac-cicd",
              "RootTFModule": "bootstrap"
            }
          },
          "sensitive_attributes": [],
          "private": "bnVsbA==",
          "dependencies": [
            "module.vpc.module.vpc.aws_vpc.this",
            "module.vpc.module.vpc.aws_vpc_ipv4_cidr_block_association.this",
            "random_id.default"
          ]
        }
      ]
    },
    {
      "module": "module.vpc.module.vpc",
      "mode": "managed",
      "type": "aws_db_subnet_group",
      "name": "database",
      "provider": "provider[\"registry.terraform.io/hashicorp/aws\"]",
      "instances": [
        {
          "index_key": 0,
          "schema_version": 0,
          "attributes": {
            "arn": "arn:aws:rds:us-east-2:730071141898:subgrp:ex-complete-c8df",
            "description": "Database subnet group for ex-complete-c8df",
            "id": "ex-complete-c8df",
            "name": "ex-complete-c8df",
            "name_prefix": "",
            "subnet_ids": [
              "subnet-0407c18bb612a9eb0",
              "subnet-053b9559e7b8bd112",
              "subnet-0756df06f971104ea"
            ],
            "supported_network_types": [
              "IPV4"
            ],
            "tags": {
              "Environment": "dev",
              "GithubOrg": "terraform-aws-modules",
              "GithubRepo": "terraform-aws-vpc",
              "Name": "ex-complete-c8df",
              "Project": "du-iac-cicd",
              "RootTFModule": "bootstrap"
            },
            "tags_all": {
              "Environment": "dev",
              "GithubOrg": "terraform-aws-modules",
              "GithubRepo": "terraform-aws-vpc",
              "Name": "ex-complete-c8df",
              "Project": "du-iac-cicd",
              "RootTFModule": "bootstrap"
            },
            "vpc_id": "vpc-04a04f7600ace7f1e"
          },
          "sensitive_attributes": [],
          "private": "bnVsbA==",
          "dependencies": [
            "module.vpc.module.vpc.aws_subnet.database",
            "module.vpc.module.vpc.aws_vpc.this",
            "module.vpc.module.vpc.aws_vpc_ipv4_cidr_block_association.this",
            "random_id.default"
          ]
        }
      ]
    },
    {
      "module": "module.vpc.module.vpc",
      "mode": "managed",
      "type": "aws_default_network_acl",
      "name": "this",
      "provider": "provider[\"registry.terraform.io/hashicorp/aws\"]",
      "instances": [
        {
          "index_key": 0,
          "schema_version": 0,
          "attributes": {
            "arn": "arn:aws:ec2:us-east-2:730071141898:network-acl/acl-0b7425f771ce59c0a",
            "default_network_acl_id": "acl-0b7425f771ce59c0a",
            "egress": [
              {
                "action": "allow",
                "cidr_block": "",
                "from_port": 0,
                "icmp_code": null,
                "icmp_type": null,
                "ipv6_cidr_block": "::/0",
                "protocol": "-1",
                "rule_no": 101,
                "to_port": 0
              },
              {
                "action": "allow",
                "cidr_block": "0.0.0.0/0",
                "from_port": 0,
                "icmp_code": null,
                "icmp_type": null,
                "ipv6_cidr_block": "",
                "protocol": "-1",
                "rule_no": 100,
                "to_port": 0
              }
            ],
            "id": "acl-0b7425f771ce59c0a",
            "ingress": [
              {
                "action": "allow",
                "cidr_block": "",
                "from_port": 0,
                "icmp_code": null,
                "icmp_type": null,
                "ipv6_cidr_block": "::/0",
                "protocol": "-1",
                "rule_no": 101,
                "to_port": 0
              },
              {
                "action": "allow",
                "cidr_block": "0.0.0.0/0",
                "from_port": 0,
                "icmp_code": null,
                "icmp_type": null,
                "ipv6_cidr_block": "",
                "protocol": "-1",
                "rule_no": 100,
                "to_port": 0
              }
            ],
            "owner_id": "730071141898",
            "subnet_ids": null,
            "tags": {
              "Environment": "dev",
              "GithubOrg": "terraform-aws-modules",
              "GithubRepo": "terraform-aws-vpc",
              "Name": "ex-complete-c8df-default",
              "Project": "du-iac-cicd",
              "RootTFModule": "bootstrap"
            },
            "tags_all": {
              "Environment": "dev",
              "GithubOrg": "terraform-aws-modules",
              "GithubRepo": "terraform-aws-vpc",
              "Name": "ex-complete-c8df-default",
              "Project": "du-iac-cicd",
              "RootTFModule": "bootstrap"
            },
            "vpc_id": "vpc-04a04f7600ace7f1e"
          },
          "sensitive_attributes": [],
          "private": "bnVsbA==",
          "dependencies": [
            "module.vpc.module.vpc.aws_vpc.this",
            "random_id.default"
          ]
        }
      ]
    },
    {
      "module": "module.vpc.module.vpc",
      "mode": "managed",
      "type": "aws_default_route_table",
      "name": "default",
      "provider": "provider[\"registry.terraform.io/hashicorp/aws\"]",
      "instances": [
        {
          "index_key": 0,
          "schema_version": 0,
          "attributes": {
            "arn": "arn:aws:ec2:us-east-2:730071141898:route-table/rtb-05053c378c20206ba",
            "default_route_table_id": "rtb-05053c378c20206ba",
            "id": "rtb-05053c378c20206ba",
            "owner_id": "730071141898",
            "propagating_vgws": null,
            "route": [],
            "tags": {
              "Environment": "dev",
              "GithubOrg": "terraform-aws-modules",
              "GithubRepo": "terraform-aws-vpc",
              "Name": "ex-complete-c8df-default",
              "Project": "du-iac-cicd",
              "RootTFModule": "bootstrap"
            },
            "tags_all": {
              "Environment": "dev",
              "GithubOrg": "terraform-aws-modules",
              "GithubRepo": "terraform-aws-vpc",
              "Name": "ex-complete-c8df-default",
              "Project": "du-iac-cicd",
              "RootTFModule": "bootstrap"
            },
            "timeouts": {
              "create": "5m",
              "update": "5m"
            },
            "vpc_id": "vpc-04a04f7600ace7f1e"
          },
          "sensitive_attributes": [],
          "private": "eyJlMmJmYjczMC1lY2FhLTExZTYtOGY4OC0zNDM2M2JjN2M0YzAiOnsiY3JlYXRlIjozMDAwMDAwMDAwMDAsInVwZGF0ZSI6MzAwMDAwMDAwMDAwfX0=",
          "dependencies": [
            "module.vpc.module.vpc.aws_vpc.this",
            "random_id.default"
          ]
        }
      ]
    },
    {
      "module": "module.vpc.module.vpc",
      "mode": "managed",
      "type": "aws_default_security_group",
      "name": "this",
      "provider": "provider[\"registry.terraform.io/hashicorp/aws\"]",
      "instances": [
        {
          "index_key": 0,
          "schema_version": 1,
          "attributes": {
            "arn": "arn:aws:ec2:us-east-2:730071141898:security-group/sg-0bfc6d8e74520459b",
            "description": "default VPC security group",
            "egress": [],
            "id": "sg-0bfc6d8e74520459b",
            "ingress": [],
            "name": "default",
            "name_prefix": "",
            "owner_id": "730071141898",
            "revoke_rules_on_delete": false,
            "tags": {
              "Environment": "dev",
              "GithubOrg": "terraform-aws-modules",
              "GithubRepo": "terraform-aws-vpc",
              "Name": "ex-complete-c8df-default",
              "Project": "du-iac-cicd",
              "RootTFModule": "bootstrap"
            },
            "tags_all": {
              "Environment": "dev",
              "GithubOrg": "terraform-aws-modules",
              "GithubRepo": "terraform-aws-vpc",
              "Name": "ex-complete-c8df-default",
              "Project": "du-iac-cicd",
              "RootTFModule": "bootstrap"
            },
            "vpc_id": "vpc-04a04f7600ace7f1e"
          },
          "sensitive_attributes": [],
          "private": "eyJzY2hlbWFfdmVyc2lvbiI6IjEifQ==",
          "dependencies": [
            "module.vpc.module.vpc.aws_vpc.this",
            "random_id.default"
          ]
        }
      ]
    },
    {
      "module": "module.vpc.module.vpc",
      "mode": "managed",
      "type": "aws_eip",
      "name": "nat",
      "provider": "provider[\"registry.terraform.io/hashicorp/aws\"]",
      "instances": [
        {
          "index_key": 0,
          "schema_version": 0,
          "attributes": {
            "address": null,
            "allocation_id": "eipalloc-00e55f283095b666e",
            "associate_with_private_ip": null,
            "association_id": "",
            "carrier_ip": "",
            "customer_owned_ip": "",
            "customer_owned_ipv4_pool": "",
            "domain": "vpc",
            "id": "eipalloc-00e55f283095b666e",
            "instance": "",
            "network_border_group": "us-east-2",
            "network_interface": "",
            "private_dns": null,
            "private_ip": "",
            "public_dns": "ec2-3-18-181-90.us-east-2.compute.amazonaws.com",
            "public_ip": "3.18.181.90",
            "public_ipv4_pool": "amazon",
            "tags": {
              "Environment": "dev",
              "GithubOrg": "terraform-aws-modules",
              "GithubRepo": "terraform-aws-vpc",
              "Name": "ex-complete-c8df-us-east-2a",
              "Project": "du-iac-cicd",
              "RootTFModule": "bootstrap"
            },
            "tags_all": {
              "Environment": "dev",
              "GithubOrg": "terraform-aws-modules",
              "GithubRepo": "terraform-aws-vpc",
              "Name": "ex-complete-c8df-us-east-2a",
              "Project": "du-iac-cicd",
              "RootTFModule": "bootstrap"
            },
            "timeouts": null,
            "vpc": true
          },
          "sensitive_attributes": [],
          "private": "eyJlMmJmYjczMC1lY2FhLTExZTYtOGY4OC0zNDM2M2JjN2M0YzAiOnsiZGVsZXRlIjoxODAwMDAwMDAwMDAsInJlYWQiOjkwMDAwMDAwMDAwMCwidXBkYXRlIjozMDAwMDAwMDAwMDB9fQ==",
          "dependencies": [
            "module.vpc.module.vpc.aws_internet_gateway.this",
            "module.vpc.module.vpc.aws_vpc.this",
            "module.vpc.module.vpc.aws_vpc_ipv4_cidr_block_association.this",
            "random_id.default"
          ]
        }
      ]
    },
    {
      "module": "module.vpc.module.vpc",
      "mode": "managed",
      "type": "aws_flow_log",
      "name": "this",
      "provider": "provider[\"registry.terraform.io/hashicorp/aws\"]",
      "instances": [
        {
          "index_key": 0,
          "schema_version": 0,
          "attributes": {
            "arn": "arn:aws:ec2:us-east-2:730071141898:vpc-flow-log/fl-06b9c3ea4de1f2c99",
            "deliver_cross_account_role": "",
            "destination_options": [],
            "eni_id": null,
            "iam_role_arn": "arn:aws:iam::730071141898:role/vpc-flow-log-role-20231201151220717000000005",
            "id": "fl-06b9c3ea4de1f2c99",
            "log_destination": "arn:aws:logs:us-east-2:730071141898:log-group:/aws/vpc-flow-log/vpc-04a04f7600ace7f1e",
            "log_destination_type": "cloud-watch-logs",
            "log_format": "${version} ${account-id} ${interface-id} ${srcaddr} ${dstaddr} ${srcport} ${dstport} ${protocol} ${packets} ${bytes} ${start} ${end} ${action} ${log-status}",
            "log_group_name": "/aws/vpc-flow-log/vpc-04a04f7600ace7f1e",
            "max_aggregation_interval": 60,
            "subnet_id": null,
            "tags": {
              "Environment": "dev",
              "GithubOrg": "terraform-aws-modules",
              "GithubRepo": "terraform-aws-vpc",
              "Project": "du-iac-cicd",
              "RootTFModule": "bootstrap"
            },
            "tags_all": {
              "Environment": "dev",
              "GithubOrg": "terraform-aws-modules",
              "GithubRepo": "terraform-aws-vpc",
              "Project": "du-iac-cicd",
              "RootTFModule": "bootstrap"
            },
            "traffic_type": "ALL",
            "transit_gateway_attachment_id": null,
            "transit_gateway_id": null,
            "vpc_id": "vpc-04a04f7600ace7f1e"
          },
          "sensitive_attributes": [],
          "private": "bnVsbA==",
          "dependencies": [
            "module.vpc.module.vpc.aws_cloudwatch_log_group.flow_log",
            "module.vpc.module.vpc.aws_iam_role.vpc_flow_log_cloudwatch",
            "module.vpc.module.vpc.aws_vpc.this",
            "module.vpc.module.vpc.aws_vpc_ipv4_cidr_block_association.this",
            "module.vpc.module.vpc.data.aws_iam_policy_document.flow_log_cloudwatch_assume_role",
            "random_id.default"
          ]
        }
      ]
    },
    {
      "module": "module.vpc.module.vpc",
      "mode": "managed",
      "type": "aws_iam_policy",
      "name": "vpc_flow_log_cloudwatch",
      "provider": "provider[\"registry.terraform.io/hashicorp/aws\"]",
      "instances": [
        {
          "index_key": 0,
          "schema_version": 0,
          "attributes": {
            "arn": "arn:aws:iam::730071141898:policy/vpc-flow-log-to-cloudwatch-20231201151220362600000002",
            "description": "",
            "id": "arn:aws:iam::730071141898:policy/vpc-flow-log-to-cloudwatch-20231201151220362600000002",
            "name": "vpc-flow-log-to-cloudwatch-20231201151220362600000002",
            "name_prefix": "vpc-flow-log-to-cloudwatch-",
            "path": "/",
            "policy": "{\"Statement\":[{\"Action\":[\"logs:PutLogEvents\",\"logs:DescribeLogStreams\",\"logs:DescribeLogGroups\",\"logs:CreateLogStream\"],\"Effect\":\"Allow\",\"Resource\":\"*\",\"Sid\":\"AWSVPCFlowLogsPushToCloudWatch\"}],\"Version\":\"2012-10-17\"}",
            "policy_id": "ANPA2T65BRYFASWT3GFXG",
            "tags": {
              "Environment": "dev",
              "GithubOrg": "terraform-aws-modules",
              "GithubRepo": "terraform-aws-vpc",
              "Project": "du-iac-cicd",
              "RootTFModule": "bootstrap"
            },
            "tags_all": {
              "Environment": "dev",
              "GithubOrg": "terraform-aws-modules",
              "GithubRepo": "terraform-aws-vpc",
              "Project": "du-iac-cicd",
              "RootTFModule": "bootstrap"
            }
          },
          "sensitive_attributes": [],
          "private": "bnVsbA==",
          "dependencies": [
            "module.vpc.module.vpc.data.aws_iam_policy_document.vpc_flow_log_cloudwatch"
          ]
        }
      ]
    },
    {
      "module": "module.vpc.module.vpc",
      "mode": "managed",
      "type": "aws_iam_role",
      "name": "vpc_flow_log_cloudwatch",
      "provider": "provider[\"registry.terraform.io/hashicorp/aws\"]",
      "instances": [
        {
          "index_key": 0,
          "schema_version": 0,
          "attributes": {
            "arn": "arn:aws:iam::730071141898:role/vpc-flow-log-role-20231201151220717000000005",
            "assume_role_policy": "{\"Statement\":[{\"Action\":\"sts:AssumeRole\",\"Effect\":\"Allow\",\"Principal\":{\"Service\":\"vpc-flow-logs.amazonaws.com\"},\"Sid\":\"AWSVPCFlowLogsAssumeRole\"}],\"Version\":\"2012-10-17\"}",
            "create_date": "2023-12-01T15:12:20Z",
            "description": "",
            "force_detach_policies": false,
            "id": "vpc-flow-log-role-20231201151220717000000005",
            "inline_policy": [],
            "managed_policy_arns": [],
            "max_session_duration": 3600,
            "name": "vpc-flow-log-role-20231201151220717000000005",
            "name_prefix": "vpc-flow-log-role-",
            "path": "/",
            "permissions_boundary": "",
            "tags": {
              "Environment": "dev",
              "GithubOrg": "terraform-aws-modules",
              "GithubRepo": "terraform-aws-vpc",
              "Project": "du-iac-cicd",
              "RootTFModule": "bootstrap"
            },
            "tags_all": {
              "Environment": "dev",
              "GithubOrg": "terraform-aws-modules",
              "GithubRepo": "terraform-aws-vpc",
              "Project": "du-iac-cicd",
              "RootTFModule": "bootstrap"
            },
            "unique_id": "AROA2T65BRYFEUBCKA2SF"
          },
          "sensitive_attributes": [],
          "private": "bnVsbA==",
          "dependencies": [
            "module.vpc.module.vpc.data.aws_iam_policy_document.flow_log_cloudwatch_assume_role"
          ]
        }
      ]
    },
    {
      "module": "module.vpc.module.vpc",
      "mode": "managed",
      "type": "aws_iam_role_policy_attachment",
      "name": "vpc_flow_log_cloudwatch",
      "provider": "provider[\"registry.terraform.io/hashicorp/aws\"]",
      "instances": [
        {
          "index_key": 0,
          "schema_version": 0,
          "attributes": {
            "id": "vpc-flow-log-role-20231201151220717000000005-20231201151221140300000009",
            "policy_arn": "arn:aws:iam::730071141898:policy/vpc-flow-log-to-cloudwatch-20231201151220362600000002",
            "role": "vpc-flow-log-role-20231201151220717000000005"
          },
          "sensitive_attributes": [],
          "private": "bnVsbA==",
          "dependencies": [
            "module.vpc.module.vpc.aws_iam_policy.vpc_flow_log_cloudwatch",
            "module.vpc.module.vpc.aws_iam_role.vpc_flow_log_cloudwatch",
            "module.vpc.module.vpc.data.aws_iam_policy_document.flow_log_cloudwatch_assume_role",
            "module.vpc.module.vpc.data.aws_iam_policy_document.vpc_flow_log_cloudwatch"
          ]
        }
      ]
    },
    {
      "module": "module.vpc.module.vpc",
      "mode": "managed",
      "type": "aws_internet_gateway",
      "name": "this",
      "provider": "provider[\"registry.terraform.io/hashicorp/aws\"]",
      "instances": [
        {
          "index_key": 0,
          "schema_version": 0,
          "attributes": {
            "arn": "arn:aws:ec2:us-east-2:730071141898:internet-gateway/igw-0095d0819fca87c8f",
            "id": "igw-0095d0819fca87c8f",
            "owner_id": "730071141898",
            "tags": {
              "Environment": "dev",
              "GithubOrg": "terraform-aws-modules",
              "GithubRepo": "terraform-aws-vpc",
              "Name": "ex-complete-c8df",
              "Project": "du-iac-cicd",
              "RootTFModule": "bootstrap"
            },
            "tags_all": {
              "Environment": "dev",
              "GithubOrg": "terraform-aws-modules",
              "GithubRepo": "terraform-aws-vpc",
              "Name": "ex-complete-c8df",
              "Project": "du-iac-cicd",
              "RootTFModule": "bootstrap"
            },
            "timeouts": null,
            "vpc_id": "vpc-04a04f7600ace7f1e"
          },
          "sensitive_attributes": [],
          "private": "eyJlMmJmYjczMC1lY2FhLTExZTYtOGY4OC0zNDM2M2JjN2M0YzAiOnsiY3JlYXRlIjoxMjAwMDAwMDAwMDAwLCJkZWxldGUiOjEyMDAwMDAwMDAwMDAsInVwZGF0ZSI6MTIwMDAwMDAwMDAwMH19",
          "dependencies": [
            "module.vpc.module.vpc.aws_vpc.this",
            "module.vpc.module.vpc.aws_vpc_ipv4_cidr_block_association.this",
            "random_id.default"
          ]
        }
      ]
    },
    {
      "module": "module.vpc.module.vpc",
      "mode": "managed",
      "type": "aws_nat_gateway",
      "name": "this",
      "provider": "provider[\"registry.terraform.io/hashicorp/aws\"]",
      "instances": [
        {
          "index_key": 0,
          "schema_version": 0,
          "attributes": {
            "allocation_id": "eipalloc-00e55f283095b666e",
            "association_id": "eipassoc-0be9a0b95a1170d2a",
            "connectivity_type": "public",
            "id": "nat-0cb65816ade33b9af",
            "network_interface_id": "eni-0e3c772a5e98a94d0",
            "private_ip": "10.200.6.142",
            "public_ip": "3.18.181.90",
            "secondary_allocation_ids": null,
            "secondary_private_ip_address_count": 0,
            "secondary_private_ip_addresses": [],
            "subnet_id": "subnet-047097c3c8bb34447",
            "tags": {
              "Environment": "dev",
              "GithubOrg": "terraform-aws-modules",
              "GithubRepo": "terraform-aws-vpc",
              "Name": "ex-complete-c8df-us-east-2a",
              "Project": "du-iac-cicd",
              "RootTFModule": "bootstrap"
            },
            "tags_all": {
              "Environment": "dev",
              "GithubOrg": "terraform-aws-modules",
              "GithubRepo": "terraform-aws-vpc",
              "Name": "ex-complete-c8df-us-east-2a",
              "Project": "du-iac-cicd",
              "RootTFModule": "bootstrap"
            },
            "timeouts": null
          },
          "sensitive_attributes": [],
          "private": "eyJlMmJmYjczMC1lY2FhLTExZTYtOGY4OC0zNDM2M2JjN2M0YzAiOnsiY3JlYXRlIjo2MDAwMDAwMDAwMDAsImRlbGV0ZSI6MTgwMDAwMDAwMDAwMCwidXBkYXRlIjo2MDAwMDAwMDAwMDB9fQ==",
          "dependencies": [
            "module.vpc.module.vpc.aws_eip.nat",
            "module.vpc.module.vpc.aws_internet_gateway.this",
            "module.vpc.module.vpc.aws_subnet.public",
            "module.vpc.module.vpc.aws_vpc.this",
            "module.vpc.module.vpc.aws_vpc_ipv4_cidr_block_association.this",
            "random_id.default"
          ]
        }
      ]
    },
    {
      "module": "module.vpc.module.vpc",
      "mode": "managed",
      "type": "aws_route",
      "name": "private_nat_gateway",
      "provider": "provider[\"registry.terraform.io/hashicorp/aws\"]",
      "instances": [
        {
          "index_key": 0,
          "schema_version": 0,
          "attributes": {
            "carrier_gateway_id": "",
            "core_network_arn": "",
            "destination_cidr_block": "0.0.0.0/0",
            "destination_ipv6_cidr_block": "",
            "destination_prefix_list_id": "",
            "egress_only_gateway_id": "",
            "gateway_id": "",
            "id": "r-rtb-08e523f6fb9d0aa271080289494",
            "instance_id": "",
            "instance_owner_id": "",
            "local_gateway_id": "",
            "nat_gateway_id": "nat-0cb65816ade33b9af",
            "network_interface_id": "",
            "origin": "CreateRoute",
            "route_table_id": "rtb-08e523f6fb9d0aa27",
            "state": "active",
            "timeouts": {
              "create": "5m",
              "delete": null,
              "update": null
            },
            "transit_gateway_id": "",
            "vpc_endpoint_id": "",
            "vpc_peering_connection_id": ""
          },
          "sensitive_attributes": [],
          "private": "eyJlMmJmYjczMC1lY2FhLTExZTYtOGY4OC0zNDM2M2JjN2M0YzAiOnsiY3JlYXRlIjozMDAwMDAwMDAwMDAsImRlbGV0ZSI6MzAwMDAwMDAwMDAwLCJ1cGRhdGUiOjEyMDAwMDAwMDAwMH19",
          "dependencies": [
            "module.vpc.module.vpc.aws_eip.nat",
            "module.vpc.module.vpc.aws_internet_gateway.this",
            "module.vpc.module.vpc.aws_nat_gateway.this",
            "module.vpc.module.vpc.aws_route_table.private",
            "module.vpc.module.vpc.aws_subnet.public",
            "module.vpc.module.vpc.aws_vpc.this",
            "module.vpc.module.vpc.aws_vpc_ipv4_cidr_block_association.this",
            "random_id.default"
          ]
        }
      ]
    },
    {
      "module": "module.vpc.module.vpc",
      "mode": "managed",
      "type": "aws_route",
      "name": "public_internet_gateway",
      "provider": "provider[\"registry.terraform.io/hashicorp/aws\"]",
      "instances": [
        {
          "index_key": 0,
          "schema_version": 0,
          "attributes": {
            "carrier_gateway_id": "",
            "core_network_arn": "",
            "destination_cidr_block": "0.0.0.0/0",
            "destination_ipv6_cidr_block": "",
            "destination_prefix_list_id": "",
            "egress_only_gateway_id": "",
            "gateway_id": "igw-0095d0819fca87c8f",
            "id": "r-rtb-04508d788e2af2e651080289494",
            "instance_id": "",
            "instance_owner_id": "",
            "local_gateway_id": "",
            "nat_gateway_id": "",
            "network_interface_id": "",
            "origin": "CreateRoute",
            "route_table_id": "rtb-04508d788e2af2e65",
            "state": "active",
            "timeouts": {
              "create": "5m",
              "delete": null,
              "update": null
            },
            "transit_gateway_id": "",
            "vpc_endpoint_id": "",
            "vpc_peering_connection_id": ""
          },
          "sensitive_attributes": [],
          "private": "eyJlMmJmYjczMC1lY2FhLTExZTYtOGY4OC0zNDM2M2JjN2M0YzAiOnsiY3JlYXRlIjozMDAwMDAwMDAwMDAsImRlbGV0ZSI6MzAwMDAwMDAwMDAwLCJ1cGRhdGUiOjEyMDAwMDAwMDAwMH19",
          "dependencies": [
            "module.vpc.module.vpc.aws_internet_gateway.this",
            "module.vpc.module.vpc.aws_route_table.public",
            "module.vpc.module.vpc.aws_vpc.this",
            "module.vpc.module.vpc.aws_vpc_ipv4_cidr_block_association.this",
            "random_id.default"
          ]
        }
      ]
    },
    {
      "module": "module.vpc.module.vpc",
      "mode": "managed",
      "type": "aws_route_table",
      "name": "intra",
      "provider": "provider[\"registry.terraform.io/hashicorp/aws\"]",
      "instances": [
        {
          "index_key": 0,
          "schema_version": 0,
          "attributes": {
            "arn": "arn:aws:ec2:us-east-2:730071141898:route-table/rtb-0a932e0839d21da11",
            "id": "rtb-0a932e0839d21da11",
            "owner_id": "730071141898",
            "propagating_vgws": [],
            "route": [],
            "tags": {
              "Environment": "dev",
              "GithubOrg": "terraform-aws-modules",
              "GithubRepo": "terraform-aws-vpc",
              "Name": "ex-complete-c8df-intra",
              "Project": "du-iac-cicd",
              "RootTFModule": "bootstrap"
            },
            "tags_all": {
              "Environment": "dev",
              "GithubOrg": "terraform-aws-modules",
              "GithubRepo": "terraform-aws-vpc",
              "Name": "ex-complete-c8df-intra",
              "Project": "du-iac-cicd",
              "RootTFModule": "bootstrap"
            },
            "timeouts": null,
            "vpc_id": "vpc-04a04f7600ace7f1e"
          },
          "sensitive_attributes": [],
          "private": "eyJlMmJmYjczMC1lY2FhLTExZTYtOGY4OC0zNDM2M2JjN2M0YzAiOnsiY3JlYXRlIjozMDAwMDAwMDAwMDAsImRlbGV0ZSI6MzAwMDAwMDAwMDAwLCJ1cGRhdGUiOjEyMDAwMDAwMDAwMH19",
          "dependencies": [
            "module.vpc.module.vpc.aws_vpc.this",
            "module.vpc.module.vpc.aws_vpc_ipv4_cidr_block_association.this",
            "random_id.default"
          ]
        }
      ]
    },
    {
      "module": "module.vpc.module.vpc",
      "mode": "managed",
      "type": "aws_route_table",
      "name": "private",
      "provider": "provider[\"registry.terraform.io/hashicorp/aws\"]",
      "instances": [
        {
          "index_key": 0,
          "schema_version": 0,
          "attributes": {
            "arn": "arn:aws:ec2:us-east-2:730071141898:route-table/rtb-08e523f6fb9d0aa27",
            "id": "rtb-08e523f6fb9d0aa27",
            "owner_id": "730071141898",
            "propagating_vgws": [],
            "route": [],
            "tags": {
              "Environment": "dev",
              "GithubOrg": "terraform-aws-modules",
              "GithubRepo": "terraform-aws-vpc",
              "Name": "ex-complete-c8df-private",
              "Project": "du-iac-cicd",
              "RootTFModule": "bootstrap"
            },
            "tags_all": {
              "Environment": "dev",
              "GithubOrg": "terraform-aws-modules",
              "GithubRepo": "terraform-aws-vpc",
              "Name": "ex-complete-c8df-private",
              "Project": "du-iac-cicd",
              "RootTFModule": "bootstrap"
            },
            "timeouts": null,
            "vpc_id": "vpc-04a04f7600ace7f1e"
          },
          "sensitive_attributes": [],
          "private": "eyJlMmJmYjczMC1lY2FhLTExZTYtOGY4OC0zNDM2M2JjN2M0YzAiOnsiY3JlYXRlIjozMDAwMDAwMDAwMDAsImRlbGV0ZSI6MzAwMDAwMDAwMDAwLCJ1cGRhdGUiOjEyMDAwMDAwMDAwMH19",
          "dependencies": [
            "module.vpc.module.vpc.aws_vpc.this",
            "module.vpc.module.vpc.aws_vpc_ipv4_cidr_block_association.this",
            "random_id.default"
          ]
        }
      ]
    },
    {
      "module": "module.vpc.module.vpc",
      "mode": "managed",
      "type": "aws_route_table",
      "name": "public",
      "provider": "provider[\"registry.terraform.io/hashicorp/aws\"]",
      "instances": [
        {
          "index_key": 0,
          "schema_version": 0,
          "attributes": {
            "arn": "arn:aws:ec2:us-east-2:730071141898:route-table/rtb-04508d788e2af2e65",
            "id": "rtb-04508d788e2af2e65",
            "owner_id": "730071141898",
            "propagating_vgws": [],
            "route": [],
            "tags": {
              "Environment": "dev",
              "GithubOrg": "terraform-aws-modules",
              "GithubRepo": "terraform-aws-vpc",
              "Name": "ex-complete-c8df-public",
              "Project": "du-iac-cicd",
              "RootTFModule": "bootstrap"
            },
            "tags_all": {
              "Environment": "dev",
              "GithubOrg": "terraform-aws-modules",
              "GithubRepo": "terraform-aws-vpc",
              "Name": "ex-complete-c8df-public",
              "Project": "du-iac-cicd",
              "RootTFModule": "bootstrap"
            },
            "timeouts": null,
            "vpc_id": "vpc-04a04f7600ace7f1e"
          },
          "sensitive_attributes": [],
          "private": "eyJlMmJmYjczMC1lY2FhLTExZTYtOGY4OC0zNDM2M2JjN2M0YzAiOnsiY3JlYXRlIjozMDAwMDAwMDAwMDAsImRlbGV0ZSI6MzAwMDAwMDAwMDAwLCJ1cGRhdGUiOjEyMDAwMDAwMDAwMH19",
          "dependencies": [
            "module.vpc.module.vpc.aws_vpc.this",
            "module.vpc.module.vpc.aws_vpc_ipv4_cidr_block_association.this",
            "random_id.default"
          ]
        }
      ]
    },
    {
      "module": "module.vpc.module.vpc",
      "mode": "managed",
      "type": "aws_route_table_association",
      "name": "database",
      "provider": "provider[\"registry.terraform.io/hashicorp/aws\"]",
      "instances": [
        {
          "index_key": 0,
          "schema_version": 0,
          "attributes": {
            "gateway_id": "",
            "id": "rtbassoc-03afb2783beb8839c",
            "route_table_id": "rtb-08e523f6fb9d0aa27",
            "subnet_id": "subnet-0756df06f971104ea",
            "timeouts": null
          },
          "sensitive_attributes": [],
          "private": "eyJlMmJmYjczMC1lY2FhLTExZTYtOGY4OC0zNDM2M2JjN2M0YzAiOnsiY3JlYXRlIjozMDAwMDAwMDAwMDAsImRlbGV0ZSI6MzAwMDAwMDAwMDAwLCJ1cGRhdGUiOjEyMDAwMDAwMDAwMH19",
          "dependencies": [
            "module.vpc.module.vpc.aws_route_table.database",
            "module.vpc.module.vpc.aws_route_table.private",
            "module.vpc.module.vpc.aws_subnet.database",
            "module.vpc.module.vpc.aws_vpc.this",
            "module.vpc.module.vpc.aws_vpc_ipv4_cidr_block_association.this",
            "random_id.default"
          ]
        },
        {
          "index_key": 1,
          "schema_version": 0,
          "attributes": {
            "gateway_id": "",
            "id": "rtbassoc-0a2312040cdfb6d1f",
            "route_table_id": "rtb-08e523f6fb9d0aa27",
            "subnet_id": "subnet-0407c18bb612a9eb0",
            "timeouts": null
          },
          "sensitive_attributes": [],
          "private": "eyJlMmJmYjczMC1lY2FhLTExZTYtOGY4OC0zNDM2M2JjN2M0YzAiOnsiY3JlYXRlIjozMDAwMDAwMDAwMDAsImRlbGV0ZSI6MzAwMDAwMDAwMDAwLCJ1cGRhdGUiOjEyMDAwMDAwMDAwMH19",
          "dependencies": [
            "module.vpc.module.vpc.aws_route_table.database",
            "module.vpc.module.vpc.aws_route_table.private",
            "module.vpc.module.vpc.aws_subnet.database",
            "module.vpc.module.vpc.aws_vpc.this",
            "module.vpc.module.vpc.aws_vpc_ipv4_cidr_block_association.this",
            "random_id.default"
          ]
        },
        {
          "index_key": 2,
          "schema_version": 0,
          "attributes": {
            "gateway_id": "",
            "id": "rtbassoc-0fc9d619814f9294f",
            "route_table_id": "rtb-08e523f6fb9d0aa27",
            "subnet_id": "subnet-053b9559e7b8bd112",
            "timeouts": null
          },
          "sensitive_attributes": [],
          "private": "eyJlMmJmYjczMC1lY2FhLTExZTYtOGY4OC0zNDM2M2JjN2M0YzAiOnsiY3JlYXRlIjozMDAwMDAwMDAwMDAsImRlbGV0ZSI6MzAwMDAwMDAwMDAwLCJ1cGRhdGUiOjEyMDAwMDAwMDAwMH19",
          "dependencies": [
            "module.vpc.module.vpc.aws_route_table.database",
            "module.vpc.module.vpc.aws_route_table.private",
            "module.vpc.module.vpc.aws_subnet.database",
            "module.vpc.module.vpc.aws_vpc.this",
            "module.vpc.module.vpc.aws_vpc_ipv4_cidr_block_association.this",
            "random_id.default"
          ]
        }
      ]
    },
    {
      "module": "module.vpc.module.vpc",
      "mode": "managed",
      "type": "aws_route_table_association",
      "name": "intra",
      "provider": "provider[\"registry.terraform.io/hashicorp/aws\"]",
      "instances": [
        {
          "index_key": 0,
          "schema_version": 0,
          "attributes": {
            "gateway_id": "",
            "id": "rtbassoc-09cc61fde88abea41",
            "route_table_id": "rtb-0a932e0839d21da11",
            "subnet_id": "subnet-070e4cca8febd117b",
            "timeouts": null
          },
          "sensitive_attributes": [],
          "private": "eyJlMmJmYjczMC1lY2FhLTExZTYtOGY4OC0zNDM2M2JjN2M0YzAiOnsiY3JlYXRlIjozMDAwMDAwMDAwMDAsImRlbGV0ZSI6MzAwMDAwMDAwMDAwLCJ1cGRhdGUiOjEyMDAwMDAwMDAwMH19",
          "dependencies": [
            "module.vpc.module.vpc.aws_route_table.intra",
            "module.vpc.module.vpc.aws_subnet.intra",
            "module.vpc.module.vpc.aws_vpc.this",
            "module.vpc.module.vpc.aws_vpc_ipv4_cidr_block_association.this",
            "random_id.default"
          ]
        },
        {
          "index_key": 1,
          "schema_version": 0,
          "attributes": {
            "gateway_id": "",
            "id": "rtbassoc-090bbf91af00e2773",
            "route_table_id": "rtb-0a932e0839d21da11",
            "subnet_id": "subnet-0393b7d70a29c4ff4",
            "timeouts": null
          },
          "sensitive_attributes": [],
          "private": "eyJlMmJmYjczMC1lY2FhLTExZTYtOGY4OC0zNDM2M2JjN2M0YzAiOnsiY3JlYXRlIjozMDAwMDAwMDAwMDAsImRlbGV0ZSI6MzAwMDAwMDAwMDAwLCJ1cGRhdGUiOjEyMDAwMDAwMDAwMH19",
          "dependencies": [
            "module.vpc.module.vpc.aws_route_table.intra",
            "module.vpc.module.vpc.aws_subnet.intra",
            "module.vpc.module.vpc.aws_vpc.this",
            "module.vpc.module.vpc.aws_vpc_ipv4_cidr_block_association.this",
            "random_id.default"
          ]
        },
        {
          "index_key": 2,
          "schema_version": 0,
          "attributes": {
            "gateway_id": "",
            "id": "rtbassoc-0f5e69bde4a5234b6",
            "route_table_id": "rtb-0a932e0839d21da11",
            "subnet_id": "subnet-07ab456756d8107de",
            "timeouts": null
          },
          "sensitive_attributes": [],
          "private": "eyJlMmJmYjczMC1lY2FhLTExZTYtOGY4OC0zNDM2M2JjN2M0YzAiOnsiY3JlYXRlIjozMDAwMDAwMDAwMDAsImRlbGV0ZSI6MzAwMDAwMDAwMDAwLCJ1cGRhdGUiOjEyMDAwMDAwMDAwMH19",
          "dependencies": [
            "module.vpc.module.vpc.aws_route_table.intra",
            "module.vpc.module.vpc.aws_subnet.intra",
            "module.vpc.module.vpc.aws_vpc.this",
            "module.vpc.module.vpc.aws_vpc_ipv4_cidr_block_association.this",
            "random_id.default"
          ]
        }
      ]
    },
    {
      "module": "module.vpc.module.vpc",
      "mode": "managed",
      "type": "aws_route_table_association",
      "name": "private",
      "provider": "provider[\"registry.terraform.io/hashicorp/aws\"]",
      "instances": [
        {
          "index_key": 0,
          "schema_version": 0,
          "attributes": {
            "gateway_id": "",
            "id": "rtbassoc-036fd73350eee4dc7",
            "route_table_id": "rtb-08e523f6fb9d0aa27",
            "subnet_id": "subnet-02b82103b7f59cf49",
            "timeouts": null
          },
          "sensitive_attributes": [],
          "private": "eyJlMmJmYjczMC1lY2FhLTExZTYtOGY4OC0zNDM2M2JjN2M0YzAiOnsiY3JlYXRlIjozMDAwMDAwMDAwMDAsImRlbGV0ZSI6MzAwMDAwMDAwMDAwLCJ1cGRhdGUiOjEyMDAwMDAwMDAwMH19",
          "dependencies": [
            "module.vpc.module.vpc.aws_route_table.private",
            "module.vpc.module.vpc.aws_subnet.private",
            "module.vpc.module.vpc.aws_vpc.this",
            "module.vpc.module.vpc.aws_vpc_ipv4_cidr_block_association.this",
            "random_id.default"
          ]
        },
        {
          "index_key": 1,
          "schema_version": 0,
          "attributes": {
            "gateway_id": "",
            "id": "rtbassoc-0646c9809ad5afb3a",
            "route_table_id": "rtb-08e523f6fb9d0aa27",
            "subnet_id": "subnet-017421dc4e20034f4",
            "timeouts": null
          },
          "sensitive_attributes": [],
          "private": "eyJlMmJmYjczMC1lY2FhLTExZTYtOGY4OC0zNDM2M2JjN2M0YzAiOnsiY3JlYXRlIjozMDAwMDAwMDAwMDAsImRlbGV0ZSI6MzAwMDAwMDAwMDAwLCJ1cGRhdGUiOjEyMDAwMDAwMDAwMH19",
          "dependencies": [
            "module.vpc.module.vpc.aws_route_table.private",
            "module.vpc.module.vpc.aws_subnet.private",
            "module.vpc.module.vpc.aws_vpc.this",
            "module.vpc.module.vpc.aws_vpc_ipv4_cidr_block_association.this",
            "random_id.default"
          ]
        },
        {
          "index_key": 2,
          "schema_version": 0,
          "attributes": {
            "gateway_id": "",
            "id": "rtbassoc-06e6d72ec482bb026",
            "route_table_id": "rtb-08e523f6fb9d0aa27",
            "subnet_id": "subnet-05907faca564b2249",
            "timeouts": null
          },
          "sensitive_attributes": [],
          "private": "eyJlMmJmYjczMC1lY2FhLTExZTYtOGY4OC0zNDM2M2JjN2M0YzAiOnsiY3JlYXRlIjozMDAwMDAwMDAwMDAsImRlbGV0ZSI6MzAwMDAwMDAwMDAwLCJ1cGRhdGUiOjEyMDAwMDAwMDAwMH19",
          "dependencies": [
            "module.vpc.module.vpc.aws_route_table.private",
            "module.vpc.module.vpc.aws_subnet.private",
            "module.vpc.module.vpc.aws_vpc.this",
            "module.vpc.module.vpc.aws_vpc_ipv4_cidr_block_association.this",
            "random_id.default"
          ]
        }
      ]
    },
    {
      "module": "module.vpc.module.vpc",
      "mode": "managed",
      "type": "aws_route_table_association",
      "name": "public",
      "provider": "provider[\"registry.terraform.io/hashicorp/aws\"]",
      "instances": [
        {
          "index_key": 0,
          "schema_version": 0,
          "attributes": {
            "gateway_id": "",
            "id": "rtbassoc-08979862a5daafe03",
            "route_table_id": "rtb-04508d788e2af2e65",
            "subnet_id": "subnet-047097c3c8bb34447",
            "timeouts": null
          },
          "sensitive_attributes": [],
          "private": "eyJlMmJmYjczMC1lY2FhLTExZTYtOGY4OC0zNDM2M2JjN2M0YzAiOnsiY3JlYXRlIjozMDAwMDAwMDAwMDAsImRlbGV0ZSI6MzAwMDAwMDAwMDAwLCJ1cGRhdGUiOjEyMDAwMDAwMDAwMH19",
          "dependencies": [
            "module.vpc.module.vpc.aws_route_table.public",
            "module.vpc.module.vpc.aws_subnet.public",
            "module.vpc.module.vpc.aws_vpc.this",
            "module.vpc.module.vpc.aws_vpc_ipv4_cidr_block_association.this",
            "random_id.default"
          ]
        },
        {
          "index_key": 1,
          "schema_version": 0,
          "attributes": {
            "gateway_id": "",
            "id": "rtbassoc-091ca103a39b5fdf3",
            "route_table_id": "rtb-04508d788e2af2e65",
            "subnet_id": "subnet-0191d5faf245d01fd",
            "timeouts": null
          },
          "sensitive_attributes": [],
          "private": "eyJlMmJmYjczMC1lY2FhLTExZTYtOGY4OC0zNDM2M2JjN2M0YzAiOnsiY3JlYXRlIjozMDAwMDAwMDAwMDAsImRlbGV0ZSI6MzAwMDAwMDAwMDAwLCJ1cGRhdGUiOjEyMDAwMDAwMDAwMH19",
          "dependencies": [
            "module.vpc.module.vpc.aws_route_table.public",
            "module.vpc.module.vpc.aws_subnet.public",
            "module.vpc.module.vpc.aws_vpc.this",
            "module.vpc.module.vpc.aws_vpc_ipv4_cidr_block_association.this",
            "random_id.default"
          ]
        },
        {
          "index_key": 2,
          "schema_version": 0,
          "attributes": {
            "gateway_id": "",
            "id": "rtbassoc-01d469093205b3f32",
            "route_table_id": "rtb-04508d788e2af2e65",
            "subnet_id": "subnet-0423c083abec5514f",
            "timeouts": null
          },
          "sensitive_attributes": [],
          "private": "eyJlMmJmYjczMC1lY2FhLTExZTYtOGY4OC0zNDM2M2JjN2M0YzAiOnsiY3JlYXRlIjozMDAwMDAwMDAwMDAsImRlbGV0ZSI6MzAwMDAwMDAwMDAwLCJ1cGRhdGUiOjEyMDAwMDAwMDAwMH19",
          "dependencies": [
            "module.vpc.module.vpc.aws_route_table.public",
            "module.vpc.module.vpc.aws_subnet.public",
            "module.vpc.module.vpc.aws_vpc.this",
            "module.vpc.module.vpc.aws_vpc_ipv4_cidr_block_association.this",
            "random_id.default"
          ]
        }
      ]
    },
    {
      "module": "module.vpc.module.vpc",
      "mode": "managed",
      "type": "aws_subnet",
      "name": "database",
      "provider": "provider[\"registry.terraform.io/hashicorp/aws\"]",
      "instances": [
        {
          "index_key": 0,
          "schema_version": 1,
          "attributes": {
            "arn": "arn:aws:ec2:us-east-2:730071141898:subnet/subnet-0756df06f971104ea",
            "assign_ipv6_address_on_creation": false,
            "availability_zone": "us-east-2a",
            "availability_zone_id": "use2-az1",
            "cidr_block": "10.200.64.0/21",
            "customer_owned_ipv4_pool": "",
            "enable_dns64": false,
            "enable_lni_at_device_index": 0,
            "enable_resource_name_dns_a_record_on_launch": false,
            "enable_resource_name_dns_aaaa_record_on_launch": false,
            "id": "subnet-0756df06f971104ea",
            "ipv6_cidr_block": "",
            "ipv6_cidr_block_association_id": "",
            "ipv6_native": false,
            "map_customer_owned_ip_on_launch": false,
            "map_public_ip_on_launch": false,
            "outpost_arn": "",
            "owner_id": "730071141898",
            "private_dns_hostname_type_on_launch": "ip-name",
            "tags": {
              "Environment": "dev",
              "GithubOrg": "terraform-aws-modules",
              "GithubRepo": "terraform-aws-vpc",
              "Name": "ex-complete-c8df-db-us-east-2a",
              "Project": "du-iac-cicd",
              "RootTFModule": "bootstrap"
            },
            "tags_all": {
              "Environment": "dev",
              "GithubOrg": "terraform-aws-modules",
              "GithubRepo": "terraform-aws-vpc",
              "Name": "ex-complete-c8df-db-us-east-2a",
              "Project": "du-iac-cicd",
              "RootTFModule": "bootstrap"
            },
            "timeouts": null,
            "vpc_id": "vpc-04a04f7600ace7f1e"
          },
          "sensitive_attributes": [],
          "private": "eyJlMmJmYjczMC1lY2FhLTExZTYtOGY4OC0zNDM2M2JjN2M0YzAiOnsiY3JlYXRlIjo2MDAwMDAwMDAwMDAsImRlbGV0ZSI6MTIwMDAwMDAwMDAwMH0sInNjaGVtYV92ZXJzaW9uIjoiMSJ9",
          "dependencies": [
            "module.vpc.module.vpc.aws_vpc.this",
            "module.vpc.module.vpc.aws_vpc_ipv4_cidr_block_association.this",
            "random_id.default"
          ]
        },
        {
          "index_key": 1,
          "schema_version": 1,
          "attributes": {
            "arn": "arn:aws:ec2:us-east-2:730071141898:subnet/subnet-0407c18bb612a9eb0",
            "assign_ipv6_address_on_creation": false,
            "availability_zone": "us-east-2b",
            "availability_zone_id": "use2-az2",
            "cidr_block": "10.200.72.0/21",
            "customer_owned_ipv4_pool": "",
            "enable_dns64": false,
            "enable_lni_at_device_index": 0,
            "enable_resource_name_dns_a_record_on_launch": false,
            "enable_resource_name_dns_aaaa_record_on_launch": false,
            "id": "subnet-0407c18bb612a9eb0",
            "ipv6_cidr_block": "",
            "ipv6_cidr_block_association_id": "",
            "ipv6_native": false,
            "map_customer_owned_ip_on_launch": false,
            "map_public_ip_on_launch": false,
            "outpost_arn": "",
            "owner_id": "730071141898",
            "private_dns_hostname_type_on_launch": "ip-name",
            "tags": {
              "Environment": "dev",
              "GithubOrg": "terraform-aws-modules",
              "GithubRepo": "terraform-aws-vpc",
              "Name": "ex-complete-c8df-db-us-east-2b",
              "Project": "du-iac-cicd",
              "RootTFModule": "bootstrap"
            },
            "tags_all": {
              "Environment": "dev",
              "GithubOrg": "terraform-aws-modules",
              "GithubRepo": "terraform-aws-vpc",
              "Name": "ex-complete-c8df-db-us-east-2b",
              "Project": "du-iac-cicd",
              "RootTFModule": "bootstrap"
            },
            "timeouts": null,
            "vpc_id": "vpc-04a04f7600ace7f1e"
          },
          "sensitive_attributes": [],
          "private": "eyJlMmJmYjczMC1lY2FhLTExZTYtOGY4OC0zNDM2M2JjN2M0YzAiOnsiY3JlYXRlIjo2MDAwMDAwMDAwMDAsImRlbGV0ZSI6MTIwMDAwMDAwMDAwMH0sInNjaGVtYV92ZXJzaW9uIjoiMSJ9",
          "dependencies": [
            "module.vpc.module.vpc.aws_vpc.this",
            "module.vpc.module.vpc.aws_vpc_ipv4_cidr_block_association.this",
            "random_id.default"
          ]
        },
        {
          "index_key": 2,
          "schema_version": 1,
          "attributes": {
            "arn": "arn:aws:ec2:us-east-2:730071141898:subnet/subnet-053b9559e7b8bd112",
            "assign_ipv6_address_on_creation": false,
            "availability_zone": "us-east-2c",
            "availability_zone_id": "use2-az3",
            "cidr_block": "10.200.80.0/21",
            "customer_owned_ipv4_pool": "",
            "enable_dns64": false,
            "enable_lni_at_device_index": 0,
            "enable_resource_name_dns_a_record_on_launch": false,
            "enable_resource_name_dns_aaaa_record_on_launch": false,
            "id": "subnet-053b9559e7b8bd112",
            "ipv6_cidr_block": "",
            "ipv6_cidr_block_association_id": "",
            "ipv6_native": false,
            "map_customer_owned_ip_on_launch": false,
            "map_public_ip_on_launch": false,
            "outpost_arn": "",
            "owner_id": "730071141898",
            "private_dns_hostname_type_on_launch": "ip-name",
            "tags": {
              "Environment": "dev",
              "GithubOrg": "terraform-aws-modules",
              "GithubRepo": "terraform-aws-vpc",
              "Name": "ex-complete-c8df-db-us-east-2c",
              "Project": "du-iac-cicd",
              "RootTFModule": "bootstrap"
            },
            "tags_all": {
              "Environment": "dev",
              "GithubOrg": "terraform-aws-modules",
              "GithubRepo": "terraform-aws-vpc",
              "Name": "ex-complete-c8df-db-us-east-2c",
              "Project": "du-iac-cicd",
              "RootTFModule": "bootstrap"
            },
            "timeouts": null,
            "vpc_id": "vpc-04a04f7600ace7f1e"
          },
          "sensitive_attributes": [],
          "private": "eyJlMmJmYjczMC1lY2FhLTExZTYtOGY4OC0zNDM2M2JjN2M0YzAiOnsiY3JlYXRlIjo2MDAwMDAwMDAwMDAsImRlbGV0ZSI6MTIwMDAwMDAwMDAwMH0sInNjaGVtYV92ZXJzaW9uIjoiMSJ9",
          "dependencies": [
            "module.vpc.module.vpc.aws_vpc.this",
            "module.vpc.module.vpc.aws_vpc_ipv4_cidr_block_association.this",
            "random_id.default"
          ]
        }
      ]
    },
    {
      "module": "module.vpc.module.vpc",
      "mode": "managed",
      "type": "aws_subnet",
      "name": "intra",
      "provider": "provider[\"registry.terraform.io/hashicorp/aws\"]",
      "instances": [
        {
          "index_key": 0,
          "schema_version": 1,
          "attributes": {
            "arn": "arn:aws:ec2:us-east-2:730071141898:subnet/subnet-070e4cca8febd117b",
            "assign_ipv6_address_on_creation": false,
            "availability_zone": "us-east-2a",
            "availability_zone_id": "use2-az1",
            "cidr_block": "100.64.0.0/21",
            "customer_owned_ipv4_pool": "",
            "enable_dns64": false,
            "enable_lni_at_device_index": 0,
            "enable_resource_name_dns_a_record_on_launch": false,
            "enable_resource_name_dns_aaaa_record_on_launch": false,
            "id": "subnet-070e4cca8febd117b",
            "ipv6_cidr_block": "",
            "ipv6_cidr_block_association_id": "",
            "ipv6_native": false,
            "map_customer_owned_ip_on_launch": false,
            "map_public_ip_on_launch": false,
            "outpost_arn": "",
            "owner_id": "730071141898",
            "private_dns_hostname_type_on_launch": "ip-name",
            "tags": {
              "Environment": "dev",
              "GithubOrg": "terraform-aws-modules",
              "GithubRepo": "terraform-aws-vpc",
              "Name": "ex-complete-c8df-intra-us-east-2a",
              "Project": "du-iac-cicd",
              "RootTFModule": "bootstrap"
            },
            "tags_all": {
              "Environment": "dev",
              "GithubOrg": "terraform-aws-modules",
              "GithubRepo": "terraform-aws-vpc",
              "Name": "ex-complete-c8df-intra-us-east-2a",
              "Project": "du-iac-cicd",
              "RootTFModule": "bootstrap"
            },
            "timeouts": null,
            "vpc_id": "vpc-04a04f7600ace7f1e"
          },
          "sensitive_attributes": [],
          "private": "eyJlMmJmYjczMC1lY2FhLTExZTYtOGY4OC0zNDM2M2JjN2M0YzAiOnsiY3JlYXRlIjo2MDAwMDAwMDAwMDAsImRlbGV0ZSI6MTIwMDAwMDAwMDAwMH0sInNjaGVtYV92ZXJzaW9uIjoiMSJ9",
          "dependencies": [
            "module.vpc.module.vpc.aws_vpc.this",
            "module.vpc.module.vpc.aws_vpc_ipv4_cidr_block_association.this",
            "random_id.default"
          ]
        },
        {
          "index_key": 1,
          "schema_version": 1,
          "attributes": {
            "arn": "arn:aws:ec2:us-east-2:730071141898:subnet/subnet-0393b7d70a29c4ff4",
            "assign_ipv6_address_on_creation": false,
            "availability_zone": "us-east-2b",
            "availability_zone_id": "use2-az2",
            "cidr_block": "100.64.8.0/21",
            "customer_owned_ipv4_pool": "",
            "enable_dns64": false,
            "enable_lni_at_device_index": 0,
            "enable_resource_name_dns_a_record_on_launch": false,
            "enable_resource_name_dns_aaaa_record_on_launch": false,
            "id": "subnet-0393b7d70a29c4ff4",
            "ipv6_cidr_block": "",
            "ipv6_cidr_block_association_id": "",
            "ipv6_native": false,
            "map_customer_owned_ip_on_launch": false,
            "map_public_ip_on_launch": false,
            "outpost_arn": "",
            "owner_id": "730071141898",
            "private_dns_hostname_type_on_launch": "ip-name",
            "tags": {
              "Environment": "dev",
              "GithubOrg": "terraform-aws-modules",
              "GithubRepo": "terraform-aws-vpc",
              "Name": "ex-complete-c8df-intra-us-east-2b",
              "Project": "du-iac-cicd",
              "RootTFModule": "bootstrap"
            },
            "tags_all": {
              "Environment": "dev",
              "GithubOrg": "terraform-aws-modules",
              "GithubRepo": "terraform-aws-vpc",
              "Name": "ex-complete-c8df-intra-us-east-2b",
              "Project": "du-iac-cicd",
              "RootTFModule": "bootstrap"
            },
            "timeouts": null,
            "vpc_id": "vpc-04a04f7600ace7f1e"
          },
          "sensitive_attributes": [],
          "private": "eyJlMmJmYjczMC1lY2FhLTExZTYtOGY4OC0zNDM2M2JjN2M0YzAiOnsiY3JlYXRlIjo2MDAwMDAwMDAwMDAsImRlbGV0ZSI6MTIwMDAwMDAwMDAwMH0sInNjaGVtYV92ZXJzaW9uIjoiMSJ9",
          "dependencies": [
            "module.vpc.module.vpc.aws_vpc.this",
            "module.vpc.module.vpc.aws_vpc_ipv4_cidr_block_association.this",
            "random_id.default"
          ]
        },
        {
          "index_key": 2,
          "schema_version": 1,
          "attributes": {
            "arn": "arn:aws:ec2:us-east-2:730071141898:subnet/subnet-07ab456756d8107de",
            "assign_ipv6_address_on_creation": false,
            "availability_zone": "us-east-2c",
            "availability_zone_id": "use2-az3",
            "cidr_block": "100.64.16.0/21",
            "customer_owned_ipv4_pool": "",
            "enable_dns64": false,
            "enable_lni_at_device_index": 0,
            "enable_resource_name_dns_a_record_on_launch": false,
            "enable_resource_name_dns_aaaa_record_on_launch": false,
            "id": "subnet-07ab456756d8107de",
            "ipv6_cidr_block": "",
            "ipv6_cidr_block_association_id": "",
            "ipv6_native": false,
            "map_customer_owned_ip_on_launch": false,
            "map_public_ip_on_launch": false,
            "outpost_arn": "",
            "owner_id": "730071141898",
            "private_dns_hostname_type_on_launch": "ip-name",
            "tags": {
              "Environment": "dev",
              "GithubOrg": "terraform-aws-modules",
              "GithubRepo": "terraform-aws-vpc",
              "Name": "ex-complete-c8df-intra-us-east-2c",
              "Project": "du-iac-cicd",
              "RootTFModule": "bootstrap"
            },
            "tags_all": {
              "Environment": "dev",
              "GithubOrg": "terraform-aws-modules",
              "GithubRepo": "terraform-aws-vpc",
              "Name": "ex-complete-c8df-intra-us-east-2c",
              "Project": "du-iac-cicd",
              "RootTFModule": "bootstrap"
            },
            "timeouts": null,
            "vpc_id": "vpc-04a04f7600ace7f1e"
          },
          "sensitive_attributes": [],
          "private": "eyJlMmJmYjczMC1lY2FhLTExZTYtOGY4OC0zNDM2M2JjN2M0YzAiOnsiY3JlYXRlIjo2MDAwMDAwMDAwMDAsImRlbGV0ZSI6MTIwMDAwMDAwMDAwMH0sInNjaGVtYV92ZXJzaW9uIjoiMSJ9",
          "dependencies": [
            "module.vpc.module.vpc.aws_vpc.this",
            "module.vpc.module.vpc.aws_vpc_ipv4_cidr_block_association.this",
            "random_id.default"
          ]
        }
      ]
    },
    {
      "module": "module.vpc.module.vpc",
      "mode": "managed",
      "type": "aws_subnet",
      "name": "private",
      "provider": "provider[\"registry.terraform.io/hashicorp/aws\"]",
      "instances": [
        {
          "index_key": 0,
          "schema_version": 1,
          "attributes": {
            "arn": "arn:aws:ec2:us-east-2:730071141898:subnet/subnet-02b82103b7f59cf49",
            "assign_ipv6_address_on_creation": false,
            "availability_zone": "us-east-2a",
            "availability_zone_id": "use2-az1",
            "cidr_block": "10.200.32.0/21",
            "customer_owned_ipv4_pool": "",
            "enable_dns64": false,
            "enable_lni_at_device_index": 0,
            "enable_resource_name_dns_a_record_on_launch": false,
            "enable_resource_name_dns_aaaa_record_on_launch": false,
            "id": "subnet-02b82103b7f59cf49",
            "ipv6_cidr_block": "",
            "ipv6_cidr_block_association_id": "",
            "ipv6_native": false,
            "map_customer_owned_ip_on_launch": false,
            "map_public_ip_on_launch": false,
            "outpost_arn": "",
            "owner_id": "730071141898",
            "private_dns_hostname_type_on_launch": "ip-name",
            "tags": {
              "Environment": "dev",
              "GithubOrg": "terraform-aws-modules",
              "GithubRepo": "terraform-aws-vpc",
              "Name": "ex-complete-c8df-private-us-east-2a",
              "Project": "du-iac-cicd",
              "RootTFModule": "bootstrap",
              "kubernetes.io/cluster/ex-complete-c8df": "shared",
              "kubernetes.io/role/internal-elb": "1"
            },
            "tags_all": {
              "Environment": "dev",
              "GithubOrg": "terraform-aws-modules",
              "GithubRepo": "terraform-aws-vpc",
              "Name": "ex-complete-c8df-private-us-east-2a",
              "Project": "du-iac-cicd",
              "RootTFModule": "bootstrap",
              "kubernetes.io/cluster/ex-complete-c8df": "shared",
              "kubernetes.io/role/internal-elb": "1"
            },
            "timeouts": null,
            "vpc_id": "vpc-04a04f7600ace7f1e"
          },
          "sensitive_attributes": [],
          "private": "eyJlMmJmYjczMC1lY2FhLTExZTYtOGY4OC0zNDM2M2JjN2M0YzAiOnsiY3JlYXRlIjo2MDAwMDAwMDAwMDAsImRlbGV0ZSI6MTIwMDAwMDAwMDAwMH0sInNjaGVtYV92ZXJzaW9uIjoiMSJ9",
          "dependencies": [
            "module.vpc.module.vpc.aws_vpc.this",
            "module.vpc.module.vpc.aws_vpc_ipv4_cidr_block_association.this",
            "random_id.default"
          ]
        },
        {
          "index_key": 1,
          "schema_version": 1,
          "attributes": {
            "arn": "arn:aws:ec2:us-east-2:730071141898:subnet/subnet-017421dc4e20034f4",
            "assign_ipv6_address_on_creation": false,
            "availability_zone": "us-east-2b",
            "availability_zone_id": "use2-az2",
            "cidr_block": "10.200.40.0/21",
            "customer_owned_ipv4_pool": "",
            "enable_dns64": false,
            "enable_lni_at_device_index": 0,
            "enable_resource_name_dns_a_record_on_launch": false,
            "enable_resource_name_dns_aaaa_record_on_launch": false,
            "id": "subnet-017421dc4e20034f4",
            "ipv6_cidr_block": "",
            "ipv6_cidr_block_association_id": "",
            "ipv6_native": false,
            "map_customer_owned_ip_on_launch": false,
            "map_public_ip_on_launch": false,
            "outpost_arn": "",
            "owner_id": "730071141898",
            "private_dns_hostname_type_on_launch": "ip-name",
            "tags": {
              "Environment": "dev",
              "GithubOrg": "terraform-aws-modules",
              "GithubRepo": "terraform-aws-vpc",
              "Name": "ex-complete-c8df-private-us-east-2b",
              "Project": "du-iac-cicd",
              "RootTFModule": "bootstrap",
              "kubernetes.io/cluster/ex-complete-c8df": "shared",
              "kubernetes.io/role/internal-elb": "1"
            },
            "tags_all": {
              "Environment": "dev",
              "GithubOrg": "terraform-aws-modules",
              "GithubRepo": "terraform-aws-vpc",
              "Name": "ex-complete-c8df-private-us-east-2b",
              "Project": "du-iac-cicd",
              "RootTFModule": "bootstrap",
              "kubernetes.io/cluster/ex-complete-c8df": "shared",
              "kubernetes.io/role/internal-elb": "1"
            },
            "timeouts": null,
            "vpc_id": "vpc-04a04f7600ace7f1e"
          },
          "sensitive_attributes": [],
          "private": "eyJlMmJmYjczMC1lY2FhLTExZTYtOGY4OC0zNDM2M2JjN2M0YzAiOnsiY3JlYXRlIjo2MDAwMDAwMDAwMDAsImRlbGV0ZSI6MTIwMDAwMDAwMDAwMH0sInNjaGVtYV92ZXJzaW9uIjoiMSJ9",
          "dependencies": [
            "module.vpc.module.vpc.aws_vpc.this",
            "module.vpc.module.vpc.aws_vpc_ipv4_cidr_block_association.this",
            "random_id.default"
          ]
        },
        {
          "index_key": 2,
          "schema_version": 1,
          "attributes": {
            "arn": "arn:aws:ec2:us-east-2:730071141898:subnet/subnet-05907faca564b2249",
            "assign_ipv6_address_on_creation": false,
            "availability_zone": "us-east-2c",
            "availability_zone_id": "use2-az3",
            "cidr_block": "10.200.48.0/21",
            "customer_owned_ipv4_pool": "",
            "enable_dns64": false,
            "enable_lni_at_device_index": 0,
            "enable_resource_name_dns_a_record_on_launch": false,
            "enable_resource_name_dns_aaaa_record_on_launch": false,
            "id": "subnet-05907faca564b2249",
            "ipv6_cidr_block": "",
            "ipv6_cidr_block_association_id": "",
            "ipv6_native": false,
            "map_customer_owned_ip_on_launch": false,
            "map_public_ip_on_launch": false,
            "outpost_arn": "",
            "owner_id": "730071141898",
            "private_dns_hostname_type_on_launch": "ip-name",
            "tags": {
              "Environment": "dev",
              "GithubOrg": "terraform-aws-modules",
              "GithubRepo": "terraform-aws-vpc",
              "Name": "ex-complete-c8df-private-us-east-2c",
              "Project": "du-iac-cicd",
              "RootTFModule": "bootstrap",
              "kubernetes.io/cluster/ex-complete-c8df": "shared",
              "kubernetes.io/role/internal-elb": "1"
            },
            "tags_all": {
              "Environment": "dev",
              "GithubOrg": "terraform-aws-modules",
              "GithubRepo": "terraform-aws-vpc",
              "Name": "ex-complete-c8df-private-us-east-2c",
              "Project": "du-iac-cicd",
              "RootTFModule": "bootstrap",
              "kubernetes.io/cluster/ex-complete-c8df": "shared",
              "kubernetes.io/role/internal-elb": "1"
            },
            "timeouts": null,
            "vpc_id": "vpc-04a04f7600ace7f1e"
          },
          "sensitive_attributes": [],
          "private": "eyJlMmJmYjczMC1lY2FhLTExZTYtOGY4OC0zNDM2M2JjN2M0YzAiOnsiY3JlYXRlIjo2MDAwMDAwMDAwMDAsImRlbGV0ZSI6MTIwMDAwMDAwMDAwMH0sInNjaGVtYV92ZXJzaW9uIjoiMSJ9",
          "dependencies": [
            "module.vpc.module.vpc.aws_vpc.this",
            "module.vpc.module.vpc.aws_vpc_ipv4_cidr_block_association.this",
            "random_id.default"
          ]
        }
      ]
    },
    {
      "module": "module.vpc.module.vpc",
      "mode": "managed",
      "type": "aws_subnet",
      "name": "public",
      "provider": "provider[\"registry.terraform.io/hashicorp/aws\"]",
      "instances": [
        {
          "index_key": 0,
          "schema_version": 1,
          "attributes": {
            "arn": "arn:aws:ec2:us-east-2:730071141898:subnet/subnet-047097c3c8bb34447",
            "assign_ipv6_address_on_creation": false,
            "availability_zone": "us-east-2a",
            "availability_zone_id": "use2-az1",
            "cidr_block": "10.200.0.0/21",
            "customer_owned_ipv4_pool": "",
            "enable_dns64": false,
            "enable_lni_at_device_index": 0,
            "enable_resource_name_dns_a_record_on_launch": false,
            "enable_resource_name_dns_aaaa_record_on_launch": false,
            "id": "subnet-047097c3c8bb34447",
            "ipv6_cidr_block": "",
            "ipv6_cidr_block_association_id": "",
            "ipv6_native": false,
            "map_customer_owned_ip_on_launch": false,
            "map_public_ip_on_launch": false,
            "outpost_arn": "",
            "owner_id": "730071141898",
            "private_dns_hostname_type_on_launch": "ip-name",
            "tags": {
              "Environment": "dev",
              "GithubOrg": "terraform-aws-modules",
              "GithubRepo": "terraform-aws-vpc",
              "Name": "ex-complete-c8df-public-us-east-2a",
              "Project": "du-iac-cicd",
              "RootTFModule": "bootstrap"
            },
            "tags_all": {
              "Environment": "dev",
              "GithubOrg": "terraform-aws-modules",
              "GithubRepo": "terraform-aws-vpc",
              "Name": "ex-complete-c8df-public-us-east-2a",
              "Project": "du-iac-cicd",
              "RootTFModule": "bootstrap"
            },
            "timeouts": null,
            "vpc_id": "vpc-04a04f7600ace7f1e"
          },
          "sensitive_attributes": [],
          "private": "eyJlMmJmYjczMC1lY2FhLTExZTYtOGY4OC0zNDM2M2JjN2M0YzAiOnsiY3JlYXRlIjo2MDAwMDAwMDAwMDAsImRlbGV0ZSI6MTIwMDAwMDAwMDAwMH0sInNjaGVtYV92ZXJzaW9uIjoiMSJ9",
          "dependencies": [
            "module.vpc.module.vpc.aws_vpc.this",
            "module.vpc.module.vpc.aws_vpc_ipv4_cidr_block_association.this",
            "random_id.default"
          ]
        },
        {
          "index_key": 1,
          "schema_version": 1,
          "attributes": {
            "arn": "arn:aws:ec2:us-east-2:730071141898:subnet/subnet-0191d5faf245d01fd",
            "assign_ipv6_address_on_creation": false,
            "availability_zone": "us-east-2b",
            "availability_zone_id": "use2-az2",
            "cidr_block": "10.200.8.0/21",
            "customer_owned_ipv4_pool": "",
            "enable_dns64": false,
            "enable_lni_at_device_index": 0,
            "enable_resource_name_dns_a_record_on_launch": false,
            "enable_resource_name_dns_aaaa_record_on_launch": false,
            "id": "subnet-0191d5faf245d01fd",
            "ipv6_cidr_block": "",
            "ipv6_cidr_block_association_id": "",
            "ipv6_native": false,
            "map_customer_owned_ip_on_launch": false,
            "map_public_ip_on_launch": false,
            "outpost_arn": "",
            "owner_id": "730071141898",
            "private_dns_hostname_type_on_launch": "ip-name",
            "tags": {
              "Environment": "dev",
              "GithubOrg": "terraform-aws-modules",
              "GithubRepo": "terraform-aws-vpc",
              "Name": "ex-complete-c8df-public-us-east-2b",
              "Project": "du-iac-cicd",
              "RootTFModule": "bootstrap"
            },
            "tags_all": {
              "Environment": "dev",
              "GithubOrg": "terraform-aws-modules",
              "GithubRepo": "terraform-aws-vpc",
              "Name": "ex-complete-c8df-public-us-east-2b",
              "Project": "du-iac-cicd",
              "RootTFModule": "bootstrap"
            },
            "timeouts": null,
            "vpc_id": "vpc-04a04f7600ace7f1e"
          },
          "sensitive_attributes": [],
          "private": "eyJlMmJmYjczMC1lY2FhLTExZTYtOGY4OC0zNDM2M2JjN2M0YzAiOnsiY3JlYXRlIjo2MDAwMDAwMDAwMDAsImRlbGV0ZSI6MTIwMDAwMDAwMDAwMH0sInNjaGVtYV92ZXJzaW9uIjoiMSJ9",
          "dependencies": [
            "module.vpc.module.vpc.aws_vpc.this",
            "module.vpc.module.vpc.aws_vpc_ipv4_cidr_block_association.this",
            "random_id.default"
          ]
        },
        {
          "index_key": 2,
          "schema_version": 1,
          "attributes": {
            "arn": "arn:aws:ec2:us-east-2:730071141898:subnet/subnet-0423c083abec5514f",
            "assign_ipv6_address_on_creation": false,
            "availability_zone": "us-east-2c",
            "availability_zone_id": "use2-az3",
            "cidr_block": "10.200.16.0/21",
            "customer_owned_ipv4_pool": "",
            "enable_dns64": false,
            "enable_lni_at_device_index": 0,
            "enable_resource_name_dns_a_record_on_launch": false,
            "enable_resource_name_dns_aaaa_record_on_launch": false,
            "id": "subnet-0423c083abec5514f",
            "ipv6_cidr_block": "",
            "ipv6_cidr_block_association_id": "",
            "ipv6_native": false,
            "map_customer_owned_ip_on_launch": false,
            "map_public_ip_on_launch": false,
            "outpost_arn": "",
            "owner_id": "730071141898",
            "private_dns_hostname_type_on_launch": "ip-name",
            "tags": {
              "Environment": "dev",
              "GithubOrg": "terraform-aws-modules",
              "GithubRepo": "terraform-aws-vpc",
              "Name": "ex-complete-c8df-public-us-east-2c",
              "Project": "du-iac-cicd",
              "RootTFModule": "bootstrap"
            },
            "tags_all": {
              "Environment": "dev",
              "GithubOrg": "terraform-aws-modules",
              "GithubRepo": "terraform-aws-vpc",
              "Name": "ex-complete-c8df-public-us-east-2c",
              "Project": "du-iac-cicd",
              "RootTFModule": "bootstrap"
            },
            "timeouts": null,
            "vpc_id": "vpc-04a04f7600ace7f1e"
          },
          "sensitive_attributes": [],
          "private": "eyJlMmJmYjczMC1lY2FhLTExZTYtOGY4OC0zNDM2M2JjN2M0YzAiOnsiY3JlYXRlIjo2MDAwMDAwMDAwMDAsImRlbGV0ZSI6MTIwMDAwMDAwMDAwMH0sInNjaGVtYV92ZXJzaW9uIjoiMSJ9",
          "dependencies": [
            "module.vpc.module.vpc.aws_vpc.this",
            "module.vpc.module.vpc.aws_vpc_ipv4_cidr_block_association.this",
            "random_id.default"
          ]
        }
      ]
    },
    {
      "module": "module.vpc.module.vpc",
      "mode": "managed",
      "type": "aws_vpc",
      "name": "this",
      "provider": "provider[\"registry.terraform.io/hashicorp/aws\"]",
      "instances": [
        {
          "index_key": 0,
          "schema_version": 1,
          "attributes": {
            "arn": "arn:aws:ec2:us-east-2:730071141898:vpc/vpc-04a04f7600ace7f1e",
            "assign_generated_ipv6_cidr_block": false,
            "cidr_block": "10.200.0.0/16",
            "default_network_acl_id": "acl-0b7425f771ce59c0a",
            "default_route_table_id": "rtb-05053c378c20206ba",
            "default_security_group_id": "sg-0bfc6d8e74520459b",
            "dhcp_options_id": "dopt-09f6db21430bf9cdc",
            "enable_dns_hostnames": true,
            "enable_dns_support": true,
            "enable_network_address_usage_metrics": false,
            "id": "vpc-04a04f7600ace7f1e",
            "instance_tenancy": "default",
            "ipv4_ipam_pool_id": null,
            "ipv4_netmask_length": null,
            "ipv6_association_id": "",
            "ipv6_cidr_block": "",
            "ipv6_cidr_block_network_border_group": "",
            "ipv6_ipam_pool_id": "",
            "ipv6_netmask_length": 0,
            "main_route_table_id": "rtb-05053c378c20206ba",
            "owner_id": "730071141898",
            "tags": {
              "Environment": "dev",
              "GithubOrg": "terraform-aws-modules",
              "GithubRepo": "terraform-aws-vpc",
              "Name": "ex-complete-c8df",
              "Project": "du-iac-cicd",
              "RootTFModule": "bootstrap"
            },
            "tags_all": {
              "Environment": "dev",
              "GithubOrg": "terraform-aws-modules",
              "GithubRepo": "terraform-aws-vpc",
              "Name": "ex-complete-c8df",
              "Project": "du-iac-cicd",
              "RootTFModule": "bootstrap"
            }
          },
          "sensitive_attributes": [],
          "private": "eyJzY2hlbWFfdmVyc2lvbiI6IjEifQ==",
          "dependencies": [
            "random_id.default"
          ]
        }
      ]
    },
    {
      "module": "module.vpc.module.vpc",
      "mode": "managed",
      "type": "aws_vpc_ipv4_cidr_block_association",
      "name": "this",
      "provider": "provider[\"registry.terraform.io/hashicorp/aws\"]",
      "instances": [
        {
          "index_key": 0,
          "schema_version": 0,
          "attributes": {
            "cidr_block": "100.64.0.0/16",
            "id": "vpc-cidr-assoc-01c78b3eee27802fd",
            "ipv4_ipam_pool_id": null,
            "ipv4_netmask_length": null,
            "timeouts": null,
            "vpc_id": "vpc-04a04f7600ace7f1e"
          },
          "sensitive_attributes": [],
          "private": "eyJlMmJmYjczMC1lY2FhLTExZTYtOGY4OC0zNDM2M2JjN2M0YzAiOnsiY3JlYXRlIjo2MDAwMDAwMDAwMDAsImRlbGV0ZSI6NjAwMDAwMDAwMDAwfX0=",
          "dependencies": [
            "module.vpc.module.vpc.aws_vpc.this",
            "random_id.default"
          ]
        }
      ]
    },
    {
      "module": "module.vpc.module.vpc_endpoints",
      "mode": "data",
      "type": "aws_vpc_endpoint_service",
      "name": "this",
      "provider": "provider[\"registry.terraform.io/hashicorp/aws\"]",
      "instances": [
        {
          "index_key": "autoscaling",
          "schema_version": 0,
          "attributes": {
            "acceptance_required": false,
            "arn": "arn:aws:ec2:us-east-2:730071141898:vpc-endpoint-service/vpce-svc-02cac97ee1f2c5f22",
            "availability_zones": [
              "us-east-2a",
              "us-east-2b",
              "us-east-2c"
            ],
            "base_endpoint_dns_names": [
              "autoscaling.us-east-2.vpce.amazonaws.com"
            ],
            "filter": [
              {
                "name": "service-type",
                "values": [
                  "Interface"
                ]
              }
            ],
            "id": "1448001661",
            "manages_vpc_endpoints": false,
            "owner": "amazon",
            "private_dns_name": "autoscaling.us-east-2.amazonaws.com",
            "service": "autoscaling",
            "service_id": "vpce-svc-02cac97ee1f2c5f22",
            "service_name": "com.amazonaws.us-east-2.autoscaling",
            "service_type": "Interface",
            "supported_ip_address_types": [
              "ipv4"
            ],
            "tags": {},
            "timeouts": null,
            "vpc_endpoint_policy_supported": true
          },
          "sensitive_attributes": []
        },
        {
          "index_key": "dynamodb",
          "schema_version": 0,
          "attributes": {
            "acceptance_required": false,
            "arn": "arn:aws:ec2:us-east-2:730071141898:vpc-endpoint-service/vpce-svc-0e0098d38c8623924",
            "availability_zones": [
              "us-east-2a",
              "us-east-2b",
              "us-east-2c"
            ],
            "base_endpoint_dns_names": [
              "dynamodb.us-east-2.amazonaws.com"
            ],
            "filter": [
              {
                "name": "service-type",
                "values": [
                  "Gateway"
                ]
              }
            ],
            "id": "1290575051",
            "manages_vpc_endpoints": false,
            "owner": "amazon",
            "private_dns_name": "",
            "service": "dynamodb",
            "service_id": "vpce-svc-0e0098d38c8623924",
            "service_name": "com.amazonaws.us-east-2.dynamodb",
            "service_type": "Gateway",
            "supported_ip_address_types": [
              "ipv4"
            ],
            "tags": {},
            "timeouts": null,
            "vpc_endpoint_policy_supported": true
          },
          "sensitive_attributes": []
        },
        {
          "index_key": "ec2",
          "schema_version": 0,
          "attributes": {
            "acceptance_required": false,
            "arn": "arn:aws:ec2:us-east-2:730071141898:vpc-endpoint-service/vpce-svc-0e2eb2a2a072ad8d3",
            "availability_zones": [
              "us-east-2a",
              "us-east-2b",
              "us-east-2c"
            ],
            "base_endpoint_dns_names": [
              "ec2.us-east-2.vpce.amazonaws.com"
            ],
            "filter": [
              {
                "name": "service-type",
                "values": [
                  "Interface"
                ]
              }
            ],
            "id": "3657514829",
            "manages_vpc_endpoints": false,
            "owner": "amazon",
            "private_dns_name": "ec2.us-east-2.amazonaws.com",
            "service": "ec2",
            "service_id": "vpce-svc-0e2eb2a2a072ad8d3",
            "service_name": "com.amazonaws.us-east-2.ec2",
            "service_type": "Interface",
            "supported_ip_address_types": [
              "ipv4"
            ],
            "tags": {},
            "timeouts": null,
            "vpc_endpoint_policy_supported": true
          },
          "sensitive_attributes": []
        },
        {
          "index_key": "ec2messages",
          "schema_version": 0,
          "attributes": {
            "acceptance_required": false,
            "arn": "arn:aws:ec2:us-east-2:730071141898:vpc-endpoint-service/vpce-svc-0d87cdd26536290b4",
            "availability_zones": [
              "us-east-2a",
              "us-east-2b",
              "us-east-2c"
            ],
            "base_endpoint_dns_names": [
              "ec2messages.us-east-2.vpce.amazonaws.com"
            ],
            "filter": [
              {
                "name": "service-type",
                "values": [
                  "Interface"
                ]
              }
            ],
            "id": "1068017740",
            "manages_vpc_endpoints": false,
            "owner": "amazon",
            "private_dns_name": "ec2messages.us-east-2.amazonaws.com",
            "service": "ec2messages",
            "service_id": "vpce-svc-0d87cdd26536290b4",
            "service_name": "com.amazonaws.us-east-2.ec2messages",
            "service_type": "Interface",
            "supported_ip_address_types": [
              "ipv4"
            ],
            "tags": {},
            "timeouts": null,
            "vpc_endpoint_policy_supported": true
          },
          "sensitive_attributes": []
        },
        {
          "index_key": "ecr_api",
          "schema_version": 0,
          "attributes": {
            "acceptance_required": false,
            "arn": "arn:aws:ec2:us-east-2:730071141898:vpc-endpoint-service/vpce-svc-0e16a4fd8e1cee6c7",
            "availability_zones": [
              "us-east-2a",
              "us-east-2b",
              "us-east-2c"
            ],
            "base_endpoint_dns_names": [
              "api.ecr.us-east-2.vpce.amazonaws.com"
            ],
            "filter": [
              {
                "name": "service-type",
                "values": [
                  "Interface"
                ]
              }
            ],
            "id": "1380611715",
            "manages_vpc_endpoints": false,
            "owner": "amazon",
            "private_dns_name": "api.ecr.us-east-2.amazonaws.com",
            "service": "ecr.api",
            "service_id": "vpce-svc-0e16a4fd8e1cee6c7",
            "service_name": "com.amazonaws.us-east-2.ecr.api",
            "service_type": "Interface",
            "supported_ip_address_types": [
              "ipv4"
            ],
            "tags": {},
            "timeouts": null,
            "vpc_endpoint_policy_supported": true
          },
          "sensitive_attributes": []
        },
        {
          "index_key": "ecr_dkr",
          "schema_version": 0,
          "attributes": {
            "acceptance_required": false,
            "arn": "arn:aws:ec2:us-east-2:730071141898:vpc-endpoint-service/vpce-svc-0a87fedbdca070b27",
            "availability_zones": [
              "us-east-2a",
              "us-east-2b",
              "us-east-2c"
            ],
            "base_endpoint_dns_names": [
              "dkr.ecr.us-east-2.vpce.amazonaws.com"
            ],
            "filter": [
              {
                "name": "service-type",
                "values": [
                  "Interface"
                ]
              }
            ],
            "id": "2010297886",
            "manages_vpc_endpoints": false,
            "owner": "amazon",
            "private_dns_name": "*.dkr.ecr.us-east-2.amazonaws.com",
            "service": "ecr.dkr",
            "service_id": "vpce-svc-0a87fedbdca070b27",
            "service_name": "com.amazonaws.us-east-2.ecr.dkr",
            "service_type": "Interface",
            "supported_ip_address_types": [
              "ipv4"
            ],
            "tags": {},
            "timeouts": null,
            "vpc_endpoint_policy_supported": true
          },
          "sensitive_attributes": []
        },
        {
          "index_key": "efs",
          "schema_version": 0,
          "attributes": {
            "acceptance_required": false,
            "arn": "arn:aws:ec2:us-east-2:730071141898:vpc-endpoint-service/vpce-svc-04569b0d640e0758b",
            "availability_zones": [
              "us-east-2a",
              "us-east-2b",
              "us-east-2c"
            ],
            "base_endpoint_dns_names": [
              "elasticfilesystem.us-east-2.vpce.amazonaws.com"
            ],
            "filter": [
              {
                "name": "service-type",
                "values": [
                  "Interface"
                ]
              }
            ],
            "id": "4200124460",
            "manages_vpc_endpoints": false,
            "owner": "amazon",
            "private_dns_name": "elasticfilesystem.us-east-2.amazonaws.com",
            "service": "elasticfilesystem",
            "service_id": "vpce-svc-04569b0d640e0758b",
            "service_name": "com.amazonaws.us-east-2.elasticfilesystem",
            "service_type": "Interface",
            "supported_ip_address_types": [
              "ipv4"
            ],
            "tags": {},
            "timeouts": null,
            "vpc_endpoint_policy_supported": true
          },
          "sensitive_attributes": []
        },
        {
          "index_key": "elasticloadbalancing",
          "schema_version": 0,
          "attributes": {
            "acceptance_required": false,
            "arn": "arn:aws:ec2:us-east-2:730071141898:vpc-endpoint-service/vpce-svc-0df465c530e0a3e73",
            "availability_zones": [
              "us-east-2a",
              "us-east-2b",
              "us-east-2c"
            ],
            "base_endpoint_dns_names": [
              "elasticloadbalancing.us-east-2.vpce.amazonaws.com"
            ],
            "filter": [
              {
                "name": "service-type",
                "values": [
                  "Interface"
                ]
              }
            ],
            "id": "4116945078",
            "manages_vpc_endpoints": false,
            "owner": "amazon",
            "private_dns_name": "elasticloadbalancing.us-east-2.amazonaws.com",
            "service": "elasticloadbalancing",
            "service_id": "vpce-svc-0df465c530e0a3e73",
            "service_name": "com.amazonaws.us-east-2.elasticloadbalancing",
            "service_type": "Interface",
            "supported_ip_address_types": [
              "ipv4"
            ],
            "tags": {},
            "timeouts": null,
            "vpc_endpoint_policy_supported": true
          },
          "sensitive_attributes": []
        },
        {
          "index_key": "kms",
          "schema_version": 0,
          "attributes": {
            "acceptance_required": false,
            "arn": "arn:aws:ec2:us-east-2:730071141898:vpc-endpoint-service/vpce-svc-018363ddbf8dc4d00",
            "availability_zones": [
              "us-east-2a",
              "us-east-2b",
              "us-east-2c"
            ],
            "base_endpoint_dns_names": [
              "kms.us-east-2.vpce.amazonaws.com"
            ],
            "filter": [
              {
                "name": "service-type",
                "values": [
                  "Interface"
                ]
              }
            ],
            "id": "1338461903",
            "manages_vpc_endpoints": false,
            "owner": "amazon",
            "private_dns_name": "kms.us-east-2.amazonaws.com",
            "service": "kms",
            "service_id": "vpce-svc-018363ddbf8dc4d00",
            "service_name": "com.amazonaws.us-east-2.kms",
            "service_type": "Interface",
            "supported_ip_address_types": [
              "ipv4"
            ],
            "tags": {},
            "timeouts": null,
            "vpc_endpoint_policy_supported": true
          },
          "sensitive_attributes": []
        },
        {
          "index_key": "lambda",
          "schema_version": 0,
          "attributes": {
            "acceptance_required": false,
            "arn": "arn:aws:ec2:us-east-2:730071141898:vpc-endpoint-service/vpce-svc-08b4a61cc5635d0ee",
            "availability_zones": [
              "us-east-2a",
              "us-east-2b",
              "us-east-2c"
            ],
            "base_endpoint_dns_names": [
              "lambda.us-east-2.vpce.amazonaws.com"
            ],
            "filter": [
              {
                "name": "service-type",
                "values": [
                  "Interface"
                ]
              }
            ],
            "id": "369893518",
            "manages_vpc_endpoints": false,
            "owner": "amazon",
            "private_dns_name": "lambda.us-east-2.amazonaws.com",
            "service": "lambda",
            "service_id": "vpce-svc-08b4a61cc5635d0ee",
            "service_name": "com.amazonaws.us-east-2.lambda",
            "service_type": "Interface",
            "supported_ip_address_types": [
              "ipv4"
            ],
            "tags": {},
            "timeouts": null,
            "vpc_endpoint_policy_supported": true
          },
          "sensitive_attributes": []
        },
        {
          "index_key": "logs",
          "schema_version": 0,
          "attributes": {
            "acceptance_required": false,
            "arn": "arn:aws:ec2:us-east-2:730071141898:vpc-endpoint-service/vpce-svc-06a8fd5c6c1de920e",
            "availability_zones": [
              "us-east-2a",
              "us-east-2b",
              "us-east-2c"
            ],
            "base_endpoint_dns_names": [
              "logs.us-east-2.vpce.amazonaws.com"
            ],
            "filter": [
              {
                "name": "service-type",
                "values": [
                  "Interface"
                ]
              }
            ],
            "id": "2691165414",
            "manages_vpc_endpoints": false,
            "owner": "amazon",
            "private_dns_name": "logs.us-east-2.amazonaws.com",
            "service": "logs",
            "service_id": "vpce-svc-06a8fd5c6c1de920e",
            "service_name": "com.amazonaws.us-east-2.logs",
            "service_type": "Interface",
            "supported_ip_address_types": [
              "ipv4"
            ],
            "tags": {},
            "timeouts": null,
            "vpc_endpoint_policy_supported": true
          },
          "sensitive_attributes": []
        },
        {
          "index_key": "s3",
          "schema_version": 0,
          "attributes": {
            "acceptance_required": false,
            "arn": "arn:aws:ec2:us-east-2:730071141898:vpc-endpoint-service/vpce-svc-0a2c88e104dd8b17b",
            "availability_zones": [
              "us-east-2a",
              "us-east-2b",
              "us-east-2c"
            ],
            "base_endpoint_dns_names": [
              "s3.us-east-2.amazonaws.com"
            ],
            "filter": [
              {
                "name": "service-type",
                "values": [
                  "Gateway"
                ]
              }
            ],
            "id": "421398876",
            "manages_vpc_endpoints": false,
            "owner": "amazon",
            "private_dns_name": "",
            "service": "s3",
            "service_id": "vpce-svc-0a2c88e104dd8b17b",
            "service_name": "com.amazonaws.us-east-2.s3",
            "service_type": "Gateway",
            "supported_ip_address_types": [
              "ipv4"
            ],
            "tags": {},
            "timeouts": null,
            "vpc_endpoint_policy_supported": true
          },
          "sensitive_attributes": []
        },
        {
          "index_key": "secretsmanager",
          "schema_version": 0,
          "attributes": {
            "acceptance_required": false,
            "arn": "arn:aws:ec2:us-east-2:730071141898:vpc-endpoint-service/vpce-svc-01c4484a3d9f6641b",
            "availability_zones": [
              "us-east-2a",
              "us-east-2b",
              "us-east-2c"
            ],
            "base_endpoint_dns_names": [
              "secretsmanager.us-east-2.vpce.amazonaws.com"
            ],
            "filter": [
              {
                "name": "service-type",
                "values": [
                  "Interface"
                ]
              }
            ],
            "id": "2400593449",
            "manages_vpc_endpoints": false,
            "owner": "amazon",
            "private_dns_name": "secretsmanager.us-east-2.amazonaws.com",
            "service": "secretsmanager",
            "service_id": "vpce-svc-01c4484a3d9f6641b",
            "service_name": "com.amazonaws.us-east-2.secretsmanager",
            "service_type": "Interface",
            "supported_ip_address_types": [
              "ipv4"
            ],
            "tags": {},
            "timeouts": null,
            "vpc_endpoint_policy_supported": true
          },
          "sensitive_attributes": []
        },
        {
          "index_key": "ssm",
          "schema_version": 0,
          "attributes": {
            "acceptance_required": false,
            "arn": "arn:aws:ec2:us-east-2:730071141898:vpc-endpoint-service/vpce-svc-0ee6723c76642b3d8",
            "availability_zones": [
              "us-east-2a",
              "us-east-2b",
              "us-east-2c"
            ],
            "base_endpoint_dns_names": [
              "ssm.us-east-2.vpce.amazonaws.com"
            ],
            "filter": [
              {
                "name": "service-type",
                "values": [
                  "Interface"
                ]
              }
            ],
            "id": "1941749435",
            "manages_vpc_endpoints": false,
            "owner": "amazon",
            "private_dns_name": "ssm.us-east-2.amazonaws.com",
            "service": "ssm",
            "service_id": "vpce-svc-0ee6723c76642b3d8",
            "service_name": "com.amazonaws.us-east-2.ssm",
            "service_type": "Interface",
            "supported_ip_address_types": [
              "ipv4"
            ],
            "tags": {},
            "timeouts": null,
            "vpc_endpoint_policy_supported": true
          },
          "sensitive_attributes": []
        },
        {
          "index_key": "ssmmessages",
          "schema_version": 0,
          "attributes": {
            "acceptance_required": false,
            "arn": "arn:aws:ec2:us-east-2:730071141898:vpc-endpoint-service/vpce-svc-09d7ff13062c644d0",
            "availability_zones": [
              "us-east-2a",
              "us-east-2b",
              "us-east-2c"
            ],
            "base_endpoint_dns_names": [
              "ssmmessages.us-east-2.vpce.amazonaws.com"
            ],
            "filter": [
              {
                "name": "service-type",
                "values": [
                  "Interface"
                ]
              }
            ],
            "id": "4088310155",
            "manages_vpc_endpoints": false,
            "owner": "amazon",
            "private_dns_name": "ssmmessages.us-east-2.amazonaws.com",
            "service": "ssmmessages",
            "service_id": "vpce-svc-09d7ff13062c644d0",
            "service_name": "com.amazonaws.us-east-2.ssmmessages",
            "service_type": "Interface",
            "supported_ip_address_types": [
              "ipv4"
            ],
            "tags": {},
            "timeouts": null,
            "vpc_endpoint_policy_supported": true
          },
          "sensitive_attributes": []
        },
        {
          "index_key": "sts",
          "schema_version": 0,
          "attributes": {
            "acceptance_required": false,
            "arn": "arn:aws:ec2:us-east-2:730071141898:vpc-endpoint-service/vpce-svc-0d2d49c1d3a5adb59",
            "availability_zones": [
              "us-east-2a",
              "us-east-2b",
              "us-east-2c"
            ],
            "base_endpoint_dns_names": [
              "sts.us-east-2.vpce.amazonaws.com"
            ],
            "filter": [
              {
                "name": "service-type",
                "values": [
                  "Interface"
                ]
              }
            ],
            "id": "3337753887",
            "manages_vpc_endpoints": false,
            "owner": "amazon",
            "private_dns_name": "sts.us-east-2.amazonaws.com",
            "service": "sts",
            "service_id": "vpce-svc-0d2d49c1d3a5adb59",
            "service_name": "com.amazonaws.us-east-2.sts",
            "service_type": "Interface",
            "supported_ip_address_types": [
              "ipv4"
            ],
            "tags": {},
            "timeouts": null,
            "vpc_endpoint_policy_supported": true
          },
          "sensitive_attributes": []
        }
      ]
    },
    {
      "module": "module.vpc.module.vpc_endpoints",
      "mode": "managed",
      "type": "aws_vpc_endpoint",
      "name": "this",
      "provider": "provider[\"registry.terraform.io/hashicorp/aws\"]",
      "instances": [
        {
          "index_key": "autoscaling",
          "schema_version": 0,
          "attributes": {
            "arn": "arn:aws:ec2:us-east-2:730071141898:vpc-endpoint/vpce-022d03d08bc7e616d",
            "auto_accept": null,
            "cidr_blocks": [],
            "dns_entry": [
              {
                "dns_name": "vpce-022d03d08bc7e616d-7ec45dr5.autoscaling.us-east-2.vpce.amazonaws.com",
                "hosted_zone_id": "ZC8PG0KIFKBRI"
              },
              {
                "dns_name": "vpce-022d03d08bc7e616d-7ec45dr5-us-east-2c.autoscaling.us-east-2.vpce.amazonaws.com",
                "hosted_zone_id": "ZC8PG0KIFKBRI"
              },
              {
                "dns_name": "vpce-022d03d08bc7e616d-7ec45dr5-us-east-2a.autoscaling.us-east-2.vpce.amazonaws.com",
                "hosted_zone_id": "ZC8PG0KIFKBRI"
              },
              {
                "dns_name": "vpce-022d03d08bc7e616d-7ec45dr5-us-east-2b.autoscaling.us-east-2.vpce.amazonaws.com",
                "hosted_zone_id": "ZC8PG0KIFKBRI"
              },
              {
                "dns_name": "autoscaling.us-east-2.amazonaws.com",
                "hosted_zone_id": "Z00322771JJUKP3WJZA40"
              }
            ],
            "dns_options": [
              {
                "dns_record_ip_type": "ipv4",
                "private_dns_only_for_inbound_resolver_endpoint": false
              }
            ],
            "id": "vpce-022d03d08bc7e616d",
            "ip_address_type": "ipv4",
            "network_interface_ids": [
              "eni-091e0693d99d30b24",
              "eni-0a93328d8d16c1e1c",
              "eni-0da51c0da95fe77eb"
            ],
            "owner_id": "730071141898",
            "policy": "{\"Statement\":[{\"Action\":\"*\",\"Effect\":\"Allow\",\"Principal\":\"*\",\"Resource\":\"*\"}]}",
            "prefix_list_id": null,
            "private_dns_enabled": true,
            "requester_managed": false,
            "route_table_ids": [],
            "security_group_ids": [
              "sg-09112ca123695f26c",
              "sg-0bfc6d8e74520459b"
            ],
            "service_name": "com.amazonaws.us-east-2.autoscaling",
            "state": "available",
            "subnet_ids": [
              "subnet-017421dc4e20034f4",
              "subnet-02b82103b7f59cf49",
              "subnet-05907faca564b2249"
            ],
            "tags": {
              "Endpoint": "true",
              "Environment": "dev",
              "GithubOrg": "terraform-aws-modules",
              "GithubRepo": "terraform-aws-vpc",
              "Project": "du-iac-cicd",
              "RootTFModule": "bootstrap"
            },
            "tags_all": {
              "Endpoint": "true",
              "Environment": "dev",
              "GithubOrg": "terraform-aws-modules",
              "GithubRepo": "terraform-aws-vpc",
              "Project": "du-iac-cicd",
              "RootTFModule": "bootstrap"
            },
            "timeouts": {
              "create": "10m",
              "delete": "10m",
              "update": "10m"
            },
            "vpc_endpoint_type": "Interface",
            "vpc_id": "vpc-04a04f7600ace7f1e"
          },
          "sensitive_attributes": [],
          "private": "eyJlMmJmYjczMC1lY2FhLTExZTYtOGY4OC0zNDM2M2JjN2M0YzAiOnsiY3JlYXRlIjo2MDAwMDAwMDAwMDAsImRlbGV0ZSI6NjAwMDAwMDAwMDAwLCJ1cGRhdGUiOjYwMDAwMDAwMDAwMH19",
          "dependencies": [
            "module.vpc.aws_security_group.vpc_tls",
            "module.vpc.data.aws_iam_policy_document.ecr",
            "module.vpc.data.aws_security_group.default",
            "module.vpc.module.vpc.aws_route_table.intra",
            "module.vpc.module.vpc.aws_route_table.private",
            "module.vpc.module.vpc.aws_route_table.public",
            "module.vpc.module.vpc.aws_subnet.private",
            "module.vpc.module.vpc.aws_vpc.this",
            "module.vpc.module.vpc.aws_vpc_ipv4_cidr_block_association.this",
            "module.vpc.module.vpc_endpoints.aws_security_group.this",
            "module.vpc.module.vpc_endpoints.data.aws_vpc_endpoint_service.this",
            "random_id.default"
          ]
        },
        {
          "index_key": "dynamodb",
          "schema_version": 0,
          "attributes": {
            "arn": "arn:aws:ec2:us-east-2:730071141898:vpc-endpoint/vpce-0003d4224d2ec50f5",
            "auto_accept": null,
            "cidr_blocks": [
              "35.71.102.128/26",
              "35.71.102.0/25",
              "52.94.4.0/24"
            ],
            "dns_entry": [],
            "dns_options": [],
            "id": "vpce-0003d4224d2ec50f5",
            "ip_address_type": "",
            "network_interface_ids": [],
            "owner_id": "730071141898",
            "policy": "{\"Statement\":[{\"Action\":\"*\",\"Effect\":\"Allow\",\"Principal\":\"*\",\"Resource\":\"*\"}],\"Version\":\"2008-10-17\"}",
            "prefix_list_id": "pl-4ca54025",
            "private_dns_enabled": false,
            "requester_managed": false,
            "route_table_ids": [
              "rtb-04508d788e2af2e65",
              "rtb-08e523f6fb9d0aa27",
              "rtb-0a932e0839d21da11"
            ],
            "security_group_ids": [],
            "service_name": "com.amazonaws.us-east-2.dynamodb",
            "state": "available",
            "subnet_ids": [],
            "tags": {
              "Endpoint": "true",
              "Environment": "dev",
              "GithubOrg": "terraform-aws-modules",
              "GithubRepo": "terraform-aws-vpc",
              "Name": "dynamodb-vpc-endpoint",
              "Project": "du-iac-cicd",
              "RootTFModule": "bootstrap"
            },
            "tags_all": {
              "Endpoint": "true",
              "Environment": "dev",
              "GithubOrg": "terraform-aws-modules",
              "GithubRepo": "terraform-aws-vpc",
              "Name": "dynamodb-vpc-endpoint",
              "Project": "du-iac-cicd",
              "RootTFModule": "bootstrap"
            },
            "timeouts": {
              "create": "10m",
              "delete": "10m",
              "update": "10m"
            },
            "vpc_endpoint_type": "Gateway",
            "vpc_id": "vpc-04a04f7600ace7f1e"
          },
          "sensitive_attributes": [],
          "private": "eyJlMmJmYjczMC1lY2FhLTExZTYtOGY4OC0zNDM2M2JjN2M0YzAiOnsiY3JlYXRlIjo2MDAwMDAwMDAwMDAsImRlbGV0ZSI6NjAwMDAwMDAwMDAwLCJ1cGRhdGUiOjYwMDAwMDAwMDAwMH19",
          "dependencies": [
            "module.vpc.aws_security_group.vpc_tls",
            "module.vpc.data.aws_iam_policy_document.ecr",
            "module.vpc.data.aws_security_group.default",
            "module.vpc.module.vpc.aws_route_table.intra",
            "module.vpc.module.vpc.aws_route_table.private",
            "module.vpc.module.vpc.aws_route_table.public",
            "module.vpc.module.vpc.aws_subnet.private",
            "module.vpc.module.vpc.aws_vpc.this",
            "module.vpc.module.vpc.aws_vpc_ipv4_cidr_block_association.this",
            "module.vpc.module.vpc_endpoints.aws_security_group.this",
            "module.vpc.module.vpc_endpoints.data.aws_vpc_endpoint_service.this",
            "random_id.default"
          ]
        },
        {
          "index_key": "ec2",
          "schema_version": 0,
          "attributes": {
            "arn": "arn:aws:ec2:us-east-2:730071141898:vpc-endpoint/vpce-0ea78c8ba52e811b6",
            "auto_accept": null,
            "cidr_blocks": [],
            "dns_entry": [
              {
                "dns_name": "vpce-0ea78c8ba52e811b6-5ua8epbp.ec2.us-east-2.vpce.amazonaws.com",
                "hosted_zone_id": "ZC8PG0KIFKBRI"
              },
              {
                "dns_name": "vpce-0ea78c8ba52e811b6-5ua8epbp-us-east-2c.ec2.us-east-2.vpce.amazonaws.com",
                "hosted_zone_id": "ZC8PG0KIFKBRI"
              },
              {
                "dns_name": "vpce-0ea78c8ba52e811b6-5ua8epbp-us-east-2b.ec2.us-east-2.vpce.amazonaws.com",
                "hosted_zone_id": "ZC8PG0KIFKBRI"
              },
              {
                "dns_name": "vpce-0ea78c8ba52e811b6-5ua8epbp-us-east-2a.ec2.us-east-2.vpce.amazonaws.com",
                "hosted_zone_id": "ZC8PG0KIFKBRI"
              },
              {
                "dns_name": "ec2.us-east-2.amazonaws.com",
                "hosted_zone_id": "Z035930925TNP6EGRK9J7"
              },
              {
                "dns_name": "ec2.us-east-2.api.aws",
                "hosted_zone_id": "Z035929619KIEWURB4BNB"
              }
            ],
            "dns_options": [
              {
                "dns_record_ip_type": "ipv4",
                "private_dns_only_for_inbound_resolver_endpoint": false
              }
            ],
            "id": "vpce-0ea78c8ba52e811b6",
            "ip_address_type": "ipv4",
            "network_interface_ids": [
              "eni-00303c8f38b68d29b",
              "eni-01f6b2b00eb750565",
              "eni-07701322e536faefb"
            ],
            "owner_id": "730071141898",
            "policy": "{\"Statement\":[{\"Action\":\"*\",\"Effect\":\"Allow\",\"Principal\":\"*\",\"Resource\":\"*\"}]}",
            "prefix_list_id": null,
            "private_dns_enabled": true,
            "requester_managed": false,
            "route_table_ids": [],
            "security_group_ids": [
              "sg-09112ca123695f26c",
              "sg-0bfc6d8e74520459b"
            ],
            "service_name": "com.amazonaws.us-east-2.ec2",
            "state": "available",
            "subnet_ids": [
              "subnet-017421dc4e20034f4",
              "subnet-02b82103b7f59cf49",
              "subnet-05907faca564b2249"
            ],
            "tags": {
              "Endpoint": "true",
              "Environment": "dev",
              "GithubOrg": "terraform-aws-modules",
              "GithubRepo": "terraform-aws-vpc",
              "Project": "du-iac-cicd",
              "RootTFModule": "bootstrap"
            },
            "tags_all": {
              "Endpoint": "true",
              "Environment": "dev",
              "GithubOrg": "terraform-aws-modules",
              "GithubRepo": "terraform-aws-vpc",
              "Project": "du-iac-cicd",
              "RootTFModule": "bootstrap"
            },
            "timeouts": {
              "create": "10m",
              "delete": "10m",
              "update": "10m"
            },
            "vpc_endpoint_type": "Interface",
            "vpc_id": "vpc-04a04f7600ace7f1e"
          },
          "sensitive_attributes": [],
          "private": "eyJlMmJmYjczMC1lY2FhLTExZTYtOGY4OC0zNDM2M2JjN2M0YzAiOnsiY3JlYXRlIjo2MDAwMDAwMDAwMDAsImRlbGV0ZSI6NjAwMDAwMDAwMDAwLCJ1cGRhdGUiOjYwMDAwMDAwMDAwMH19",
          "dependencies": [
            "module.vpc.aws_security_group.vpc_tls",
            "module.vpc.data.aws_iam_policy_document.ecr",
            "module.vpc.data.aws_security_group.default",
            "module.vpc.module.vpc.aws_route_table.intra",
            "module.vpc.module.vpc.aws_route_table.private",
            "module.vpc.module.vpc.aws_route_table.public",
            "module.vpc.module.vpc.aws_subnet.private",
            "module.vpc.module.vpc.aws_vpc.this",
            "module.vpc.module.vpc.aws_vpc_ipv4_cidr_block_association.this",
            "module.vpc.module.vpc_endpoints.aws_security_group.this",
            "module.vpc.module.vpc_endpoints.data.aws_vpc_endpoint_service.this",
            "random_id.default"
          ]
        },
        {
          "index_key": "ec2messages",
          "schema_version": 0,
          "attributes": {
            "arn": "arn:aws:ec2:us-east-2:730071141898:vpc-endpoint/vpce-072fe1cc5f1184bef",
            "auto_accept": null,
            "cidr_blocks": [],
            "dns_entry": [
              {
                "dns_name": "vpce-072fe1cc5f1184bef-a9fbviod.ec2messages.us-east-2.vpce.amazonaws.com",
                "hosted_zone_id": "ZC8PG0KIFKBRI"
              },
              {
                "dns_name": "vpce-072fe1cc5f1184bef-a9fbviod-us-east-2c.ec2messages.us-east-2.vpce.amazonaws.com",
                "hosted_zone_id": "ZC8PG0KIFKBRI"
              },
              {
                "dns_name": "vpce-072fe1cc5f1184bef-a9fbviod-us-east-2a.ec2messages.us-east-2.vpce.amazonaws.com",
                "hosted_zone_id": "ZC8PG0KIFKBRI"
              },
              {
                "dns_name": "vpce-072fe1cc5f1184bef-a9fbviod-us-east-2b.ec2messages.us-east-2.vpce.amazonaws.com",
                "hosted_zone_id": "ZC8PG0KIFKBRI"
              },
              {
                "dns_name": "ec2messages.us-east-2.amazonaws.com",
                "hosted_zone_id": "Z09426602AWQMO1DONIHD"
              }
            ],
            "dns_options": [
              {
                "dns_record_ip_type": "ipv4",
                "private_dns_only_for_inbound_resolver_endpoint": false
              }
            ],
            "id": "vpce-072fe1cc5f1184bef",
            "ip_address_type": "ipv4",
            "network_interface_ids": [
              "eni-0317af68d0d4dc37b",
              "eni-0687f6391d394f98e",
              "eni-07c009261504c349c"
            ],
            "owner_id": "730071141898",
            "policy": "{\"Statement\":[{\"Action\":\"*\",\"Effect\":\"Allow\",\"Principal\":\"*\",\"Resource\":\"*\"}]}",
            "prefix_list_id": null,
            "private_dns_enabled": true,
            "requester_managed": false,
            "route_table_ids": [],
            "security_group_ids": [
              "sg-09112ca123695f26c",
              "sg-0bfc6d8e74520459b"
            ],
            "service_name": "com.amazonaws.us-east-2.ec2messages",
            "state": "available",
            "subnet_ids": [
              "subnet-017421dc4e20034f4",
              "subnet-02b82103b7f59cf49",
              "subnet-05907faca564b2249"
            ],
            "tags": {
              "Endpoint": "true",
              "Environment": "dev",
              "GithubOrg": "terraform-aws-modules",
              "GithubRepo": "terraform-aws-vpc",
              "Project": "du-iac-cicd",
              "RootTFModule": "bootstrap"
            },
            "tags_all": {
              "Endpoint": "true",
              "Environment": "dev",
              "GithubOrg": "terraform-aws-modules",
              "GithubRepo": "terraform-aws-vpc",
              "Project": "du-iac-cicd",
              "RootTFModule": "bootstrap"
            },
            "timeouts": {
              "create": "10m",
              "delete": "10m",
              "update": "10m"
            },
            "vpc_endpoint_type": "Interface",
            "vpc_id": "vpc-04a04f7600ace7f1e"
          },
          "sensitive_attributes": [],
          "private": "eyJlMmJmYjczMC1lY2FhLTExZTYtOGY4OC0zNDM2M2JjN2M0YzAiOnsiY3JlYXRlIjo2MDAwMDAwMDAwMDAsImRlbGV0ZSI6NjAwMDAwMDAwMDAwLCJ1cGRhdGUiOjYwMDAwMDAwMDAwMH19",
          "dependencies": [
            "module.vpc.aws_security_group.vpc_tls",
            "module.vpc.data.aws_iam_policy_document.ecr",
            "module.vpc.data.aws_security_group.default",
            "module.vpc.module.vpc.aws_route_table.intra",
            "module.vpc.module.vpc.aws_route_table.private",
            "module.vpc.module.vpc.aws_route_table.public",
            "module.vpc.module.vpc.aws_subnet.private",
            "module.vpc.module.vpc.aws_vpc.this",
            "module.vpc.module.vpc.aws_vpc_ipv4_cidr_block_association.this",
            "module.vpc.module.vpc_endpoints.aws_security_group.this",
            "module.vpc.module.vpc_endpoints.data.aws_vpc_endpoint_service.this",
            "random_id.default"
          ]
        },
        {
          "index_key": "ecr_api",
          "schema_version": 0,
          "attributes": {
            "arn": "arn:aws:ec2:us-east-2:730071141898:vpc-endpoint/vpce-067a260ef03c8fd54",
            "auto_accept": null,
            "cidr_blocks": [],
            "dns_entry": [
              {
                "dns_name": "vpce-067a260ef03c8fd54-b39ak7lm.api.ecr.us-east-2.vpce.amazonaws.com",
                "hosted_zone_id": "ZC8PG0KIFKBRI"
              },
              {
                "dns_name": "vpce-067a260ef03c8fd54-b39ak7lm-us-east-2a.api.ecr.us-east-2.vpce.amazonaws.com",
                "hosted_zone_id": "ZC8PG0KIFKBRI"
              },
              {
                "dns_name": "vpce-067a260ef03c8fd54-b39ak7lm-us-east-2c.api.ecr.us-east-2.vpce.amazonaws.com",
                "hosted_zone_id": "ZC8PG0KIFKBRI"
              },
              {
                "dns_name": "vpce-067a260ef03c8fd54-b39ak7lm-us-east-2b.api.ecr.us-east-2.vpce.amazonaws.com",
                "hosted_zone_id": "ZC8PG0KIFKBRI"
              },
              {
                "dns_name": "api.ecr.us-east-2.amazonaws.com",
                "hosted_zone_id": "Z03603951E7JQ8E2LJK11"
              }
            ],
            "dns_options": [
              {
                "dns_record_ip_type": "ipv4",
                "private_dns_only_for_inbound_resolver_endpoint": false
              }
            ],
            "id": "vpce-067a260ef03c8fd54",
            "ip_address_type": "ipv4",
            "network_interface_ids": [
              "eni-04502adb9050f2510",
              "eni-0cf03a6f25349d08d",
              "eni-0ea81ee45395259ac"
            ],
            "owner_id": "730071141898",
            "policy": "{\"Statement\":[{\"Action\":[\"ecr:UploadLayerPart\",\"ecr:PutImage\",\"ecr:ListImages\",\"ecr:InitiateLayerUpload\",\"ecr:GetDownloadUrlForLayer\",\"ecr:GetAuthorizationToken\",\"ecr:DescribeImages\",\"ecr:CreateRepository\",\"ecr:CompleteLayerUpload\",\"ecr:BatchGetImage\",\"ecr:BatchCheckLayerAvailability\"],\"Effect\":\"Allow\",\"Principal\":{\"AWS\":\"*\"},\"Resource\":\"*\"},{\"Action\":\"*\",\"Condition\":{\"StringNotEquals\":{\"aws:SourceVpc\":\"vpc-04a04f7600ace7f1e\"}},\"Effect\":\"Deny\",\"Principal\":\"*\",\"Resource\":\"*\"}],\"Version\":\"2012-10-17\"}",
            "prefix_list_id": null,
            "private_dns_enabled": true,
            "requester_managed": false,
            "route_table_ids": [],
            "security_group_ids": [
              "sg-09112ca123695f26c",
              "sg-0bfc6d8e74520459b"
            ],
            "service_name": "com.amazonaws.us-east-2.ecr.api",
            "state": "available",
            "subnet_ids": [
              "subnet-017421dc4e20034f4",
              "subnet-02b82103b7f59cf49",
              "subnet-05907faca564b2249"
            ],
            "tags": {
              "Endpoint": "true",
              "Environment": "dev",
              "GithubOrg": "terraform-aws-modules",
              "GithubRepo": "terraform-aws-vpc",
              "Project": "du-iac-cicd",
              "RootTFModule": "bootstrap"
            },
            "tags_all": {
              "Endpoint": "true",
              "Environment": "dev",
              "GithubOrg": "terraform-aws-modules",
              "GithubRepo": "terraform-aws-vpc",
              "Project": "du-iac-cicd",
              "RootTFModule": "bootstrap"
            },
            "timeouts": {
              "create": "10m",
              "delete": "10m",
              "update": "10m"
            },
            "vpc_endpoint_type": "Interface",
            "vpc_id": "vpc-04a04f7600ace7f1e"
          },
          "sensitive_attributes": [],
          "private": "eyJlMmJmYjczMC1lY2FhLTExZTYtOGY4OC0zNDM2M2JjN2M0YzAiOnsiY3JlYXRlIjo2MDAwMDAwMDAwMDAsImRlbGV0ZSI6NjAwMDAwMDAwMDAwLCJ1cGRhdGUiOjYwMDAwMDAwMDAwMH19",
          "dependencies": [
            "module.vpc.aws_security_group.vpc_tls",
            "module.vpc.data.aws_iam_policy_document.ecr",
            "module.vpc.data.aws_security_group.default",
            "module.vpc.module.vpc.aws_route_table.intra",
            "module.vpc.module.vpc.aws_route_table.private",
            "module.vpc.module.vpc.aws_route_table.public",
            "module.vpc.module.vpc.aws_subnet.private",
            "module.vpc.module.vpc.aws_vpc.this",
            "module.vpc.module.vpc.aws_vpc_ipv4_cidr_block_association.this",
            "module.vpc.module.vpc_endpoints.aws_security_group.this",
            "module.vpc.module.vpc_endpoints.data.aws_vpc_endpoint_service.this",
            "random_id.default"
          ]
        },
        {
          "index_key": "ecr_dkr",
          "schema_version": 0,
          "attributes": {
            "arn": "arn:aws:ec2:us-east-2:730071141898:vpc-endpoint/vpce-0758d6f340bbd9528",
            "auto_accept": null,
            "cidr_blocks": [],
            "dns_entry": [
              {
                "dns_name": "vpce-0758d6f340bbd9528-fxiv21h0.dkr.ecr.us-east-2.vpce.amazonaws.com",
                "hosted_zone_id": "ZC8PG0KIFKBRI"
              },
              {
                "dns_name": "vpce-0758d6f340bbd9528-fxiv21h0-us-east-2b.dkr.ecr.us-east-2.vpce.amazonaws.com",
                "hosted_zone_id": "ZC8PG0KIFKBRI"
              },
              {
                "dns_name": "vpce-0758d6f340bbd9528-fxiv21h0-us-east-2a.dkr.ecr.us-east-2.vpce.amazonaws.com",
                "hosted_zone_id": "ZC8PG0KIFKBRI"
              },
              {
                "dns_name": "vpce-0758d6f340bbd9528-fxiv21h0-us-east-2c.dkr.ecr.us-east-2.vpce.amazonaws.com",
                "hosted_zone_id": "ZC8PG0KIFKBRI"
              },
              {
                "dns_name": "dkr.ecr.us-east-2.amazonaws.com",
                "hosted_zone_id": "Z0942207KDP93JJAT3OH"
              },
              {
                "dns_name": "*.dkr.ecr.us-east-2.amazonaws.com",
                "hosted_zone_id": "Z0942207KDP93JJAT3OH"
              }
            ],
            "dns_options": [
              {
                "dns_record_ip_type": "ipv4",
                "private_dns_only_for_inbound_resolver_endpoint": false
              }
            ],
            "id": "vpce-0758d6f340bbd9528",
            "ip_address_type": "ipv4",
            "network_interface_ids": [
              "eni-01926cf3c113371b8",
              "eni-088f49189fa729b70",
              "eni-09c36342692d3e4b2"
            ],
            "owner_id": "730071141898",
            "policy": "{\"Statement\":[{\"Action\":[\"ecr:UploadLayerPart\",\"ecr:PutImage\",\"ecr:ListImages\",\"ecr:InitiateLayerUpload\",\"ecr:GetDownloadUrlForLayer\",\"ecr:GetAuthorizationToken\",\"ecr:DescribeImages\",\"ecr:CreateRepository\",\"ecr:CompleteLayerUpload\",\"ecr:BatchGetImage\",\"ecr:BatchCheckLayerAvailability\"],\"Effect\":\"Allow\",\"Principal\":{\"AWS\":\"*\"},\"Resource\":\"*\"},{\"Action\":\"*\",\"Condition\":{\"StringNotEquals\":{\"aws:SourceVpc\":\"vpc-04a04f7600ace7f1e\"}},\"Effect\":\"Deny\",\"Principal\":\"*\",\"Resource\":\"*\"}],\"Version\":\"2012-10-17\"}",
            "prefix_list_id": null,
            "private_dns_enabled": true,
            "requester_managed": false,
            "route_table_ids": [],
            "security_group_ids": [
              "sg-09112ca123695f26c",
              "sg-0bfc6d8e74520459b"
            ],
            "service_name": "com.amazonaws.us-east-2.ecr.dkr",
            "state": "available",
            "subnet_ids": [
              "subnet-017421dc4e20034f4",
              "subnet-02b82103b7f59cf49",
              "subnet-05907faca564b2249"
            ],
            "tags": {
              "Endpoint": "true",
              "Environment": "dev",
              "GithubOrg": "terraform-aws-modules",
              "GithubRepo": "terraform-aws-vpc",
              "Project": "du-iac-cicd",
              "RootTFModule": "bootstrap"
            },
            "tags_all": {
              "Endpoint": "true",
              "Environment": "dev",
              "GithubOrg": "terraform-aws-modules",
              "GithubRepo": "terraform-aws-vpc",
              "Project": "du-iac-cicd",
              "RootTFModule": "bootstrap"
            },
            "timeouts": {
              "create": "10m",
              "delete": "10m",
              "update": "10m"
            },
            "vpc_endpoint_type": "Interface",
            "vpc_id": "vpc-04a04f7600ace7f1e"
          },
          "sensitive_attributes": [],
          "private": "eyJlMmJmYjczMC1lY2FhLTExZTYtOGY4OC0zNDM2M2JjN2M0YzAiOnsiY3JlYXRlIjo2MDAwMDAwMDAwMDAsImRlbGV0ZSI6NjAwMDAwMDAwMDAwLCJ1cGRhdGUiOjYwMDAwMDAwMDAwMH19",
          "dependencies": [
            "module.vpc.aws_security_group.vpc_tls",
            "module.vpc.data.aws_iam_policy_document.ecr",
            "module.vpc.data.aws_security_group.default",
            "module.vpc.module.vpc.aws_route_table.intra",
            "module.vpc.module.vpc.aws_route_table.private",
            "module.vpc.module.vpc.aws_route_table.public",
            "module.vpc.module.vpc.aws_subnet.private",
            "module.vpc.module.vpc.aws_vpc.this",
            "module.vpc.module.vpc.aws_vpc_ipv4_cidr_block_association.this",
            "module.vpc.module.vpc_endpoints.aws_security_group.this",
            "module.vpc.module.vpc_endpoints.data.aws_vpc_endpoint_service.this",
            "random_id.default"
          ]
        },
        {
          "index_key": "efs",
          "schema_version": 0,
          "attributes": {
            "arn": "arn:aws:ec2:us-east-2:730071141898:vpc-endpoint/vpce-079921e597cdcb48c",
            "auto_accept": null,
            "cidr_blocks": [],
            "dns_entry": [
              {
                "dns_name": "vpce-079921e597cdcb48c-lbmduqwn.elasticfilesystem.us-east-2.vpce.amazonaws.com",
                "hosted_zone_id": "ZC8PG0KIFKBRI"
              },
              {
                "dns_name": "vpce-079921e597cdcb48c-lbmduqwn-us-east-2c.elasticfilesystem.us-east-2.vpce.amazonaws.com",
                "hosted_zone_id": "ZC8PG0KIFKBRI"
              },
              {
                "dns_name": "vpce-079921e597cdcb48c-lbmduqwn-us-east-2b.elasticfilesystem.us-east-2.vpce.amazonaws.com",
                "hosted_zone_id": "ZC8PG0KIFKBRI"
              },
              {
                "dns_name": "vpce-079921e597cdcb48c-lbmduqwn-us-east-2a.elasticfilesystem.us-east-2.vpce.amazonaws.com",
                "hosted_zone_id": "ZC8PG0KIFKBRI"
              },
              {
                "dns_name": "elasticfilesystem.us-east-2.amazonaws.com",
                "hosted_zone_id": "Z09444861XU9032TPYGY5"
              }
            ],
            "dns_options": [
              {
                "dns_record_ip_type": "ipv4",
                "private_dns_only_for_inbound_resolver_endpoint": false
              }
            ],
            "id": "vpce-079921e597cdcb48c",
            "ip_address_type": "ipv4",
            "network_interface_ids": [
              "eni-025aa238be2e9ce69",
              "eni-04d0fa832e490017d",
              "eni-0bade0e520479c110"
            ],
            "owner_id": "730071141898",
            "policy": "{\"Statement\":[{\"Action\":\"*\",\"Effect\":\"Allow\",\"Principal\":\"*\",\"Resource\":\"*\"}]}",
            "prefix_list_id": null,
            "private_dns_enabled": true,
            "requester_managed": false,
            "route_table_ids": [],
            "security_group_ids": [
              "sg-09112ca123695f26c",
              "sg-0bfc6d8e74520459b"
            ],
            "service_name": "com.amazonaws.us-east-2.elasticfilesystem",
            "state": "available",
            "subnet_ids": [
              "subnet-017421dc4e20034f4",
              "subnet-02b82103b7f59cf49",
              "subnet-05907faca564b2249"
            ],
            "tags": {
              "Endpoint": "true",
              "Environment": "dev",
              "GithubOrg": "terraform-aws-modules",
              "GithubRepo": "terraform-aws-vpc",
              "Project": "du-iac-cicd",
              "RootTFModule": "bootstrap"
            },
            "tags_all": {
              "Endpoint": "true",
              "Environment": "dev",
              "GithubOrg": "terraform-aws-modules",
              "GithubRepo": "terraform-aws-vpc",
              "Project": "du-iac-cicd",
              "RootTFModule": "bootstrap"
            },
            "timeouts": {
              "create": "10m",
              "delete": "10m",
              "update": "10m"
            },
            "vpc_endpoint_type": "Interface",
            "vpc_id": "vpc-04a04f7600ace7f1e"
          },
          "sensitive_attributes": [],
          "private": "eyJlMmJmYjczMC1lY2FhLTExZTYtOGY4OC0zNDM2M2JjN2M0YzAiOnsiY3JlYXRlIjo2MDAwMDAwMDAwMDAsImRlbGV0ZSI6NjAwMDAwMDAwMDAwLCJ1cGRhdGUiOjYwMDAwMDAwMDAwMH19",
          "dependencies": [
            "module.vpc.aws_security_group.vpc_tls",
            "module.vpc.data.aws_iam_policy_document.ecr",
            "module.vpc.data.aws_security_group.default",
            "module.vpc.module.vpc.aws_route_table.intra",
            "module.vpc.module.vpc.aws_route_table.private",
            "module.vpc.module.vpc.aws_route_table.public",
            "module.vpc.module.vpc.aws_subnet.private",
            "module.vpc.module.vpc.aws_vpc.this",
            "module.vpc.module.vpc.aws_vpc_ipv4_cidr_block_association.this",
            "module.vpc.module.vpc_endpoints.aws_security_group.this",
            "module.vpc.module.vpc_endpoints.data.aws_vpc_endpoint_service.this",
            "random_id.default"
          ]
        },
        {
          "index_key": "elasticloadbalancing",
          "schema_version": 0,
          "attributes": {
            "arn": "arn:aws:ec2:us-east-2:730071141898:vpc-endpoint/vpce-0158402bd5d91a1d4",
            "auto_accept": null,
            "cidr_blocks": [],
            "dns_entry": [
              {
                "dns_name": "vpce-0158402bd5d91a1d4-c0e548sp.elasticloadbalancing.us-east-2.vpce.amazonaws.com",
                "hosted_zone_id": "ZC8PG0KIFKBRI"
              },
              {
                "dns_name": "vpce-0158402bd5d91a1d4-c0e548sp-us-east-2a.elasticloadbalancing.us-east-2.vpce.amazonaws.com",
                "hosted_zone_id": "ZC8PG0KIFKBRI"
              },
              {
                "dns_name": "vpce-0158402bd5d91a1d4-c0e548sp-us-east-2b.elasticloadbalancing.us-east-2.vpce.amazonaws.com",
                "hosted_zone_id": "ZC8PG0KIFKBRI"
              },
              {
                "dns_name": "vpce-0158402bd5d91a1d4-c0e548sp-us-east-2c.elasticloadbalancing.us-east-2.vpce.amazonaws.com",
                "hosted_zone_id": "ZC8PG0KIFKBRI"
              },
              {
                "dns_name": "elasticloadbalancing.us-east-2.amazonaws.com",
                "hosted_zone_id": "Z03595451VQSEDA5YAUCK"
              }
            ],
            "dns_options": [
              {
                "dns_record_ip_type": "ipv4",
                "private_dns_only_for_inbound_resolver_endpoint": false
              }
            ],
            "id": "vpce-0158402bd5d91a1d4",
            "ip_address_type": "ipv4",
            "network_interface_ids": [
              "eni-0753df3c580a97974",
              "eni-08f7b983356592a4e",
              "eni-0cdc303b62faaaec2"
            ],
            "owner_id": "730071141898",
            "policy": "{\"Statement\":[{\"Action\":\"*\",\"Effect\":\"Allow\",\"Principal\":\"*\",\"Resource\":\"*\"}]}",
            "prefix_list_id": null,
            "private_dns_enabled": true,
            "requester_managed": false,
            "route_table_ids": [],
            "security_group_ids": [
              "sg-09112ca123695f26c",
              "sg-0bfc6d8e74520459b"
            ],
            "service_name": "com.amazonaws.us-east-2.elasticloadbalancing",
            "state": "available",
            "subnet_ids": [
              "subnet-017421dc4e20034f4",
              "subnet-02b82103b7f59cf49",
              "subnet-05907faca564b2249"
            ],
            "tags": {
              "Endpoint": "true",
              "Environment": "dev",
              "GithubOrg": "terraform-aws-modules",
              "GithubRepo": "terraform-aws-vpc",
              "Project": "du-iac-cicd",
              "RootTFModule": "bootstrap"
            },
            "tags_all": {
              "Endpoint": "true",
              "Environment": "dev",
              "GithubOrg": "terraform-aws-modules",
              "GithubRepo": "terraform-aws-vpc",
              "Project": "du-iac-cicd",
              "RootTFModule": "bootstrap"
            },
            "timeouts": {
              "create": "10m",
              "delete": "10m",
              "update": "10m"
            },
            "vpc_endpoint_type": "Interface",
            "vpc_id": "vpc-04a04f7600ace7f1e"
          },
          "sensitive_attributes": [],
          "private": "eyJlMmJmYjczMC1lY2FhLTExZTYtOGY4OC0zNDM2M2JjN2M0YzAiOnsiY3JlYXRlIjo2MDAwMDAwMDAwMDAsImRlbGV0ZSI6NjAwMDAwMDAwMDAwLCJ1cGRhdGUiOjYwMDAwMDAwMDAwMH19",
          "dependencies": [
            "module.vpc.aws_security_group.vpc_tls",
            "module.vpc.data.aws_iam_policy_document.ecr",
            "module.vpc.data.aws_security_group.default",
            "module.vpc.module.vpc.aws_route_table.intra",
            "module.vpc.module.vpc.aws_route_table.private",
            "module.vpc.module.vpc.aws_route_table.public",
            "module.vpc.module.vpc.aws_subnet.private",
            "module.vpc.module.vpc.aws_vpc.this",
            "module.vpc.module.vpc.aws_vpc_ipv4_cidr_block_association.this",
            "module.vpc.module.vpc_endpoints.aws_security_group.this",
            "module.vpc.module.vpc_endpoints.data.aws_vpc_endpoint_service.this",
            "random_id.default"
          ]
        },
        {
          "index_key": "kms",
          "schema_version": 0,
          "attributes": {
            "arn": "arn:aws:ec2:us-east-2:730071141898:vpc-endpoint/vpce-0ecb60c7df9ba08a2",
            "auto_accept": null,
            "cidr_blocks": [],
            "dns_entry": [
              {
                "dns_name": "vpce-0ecb60c7df9ba08a2-x9b644or.kms.us-east-2.vpce.amazonaws.com",
                "hosted_zone_id": "ZC8PG0KIFKBRI"
              },
              {
                "dns_name": "vpce-0ecb60c7df9ba08a2-x9b644or-us-east-2a.kms.us-east-2.vpce.amazonaws.com",
                "hosted_zone_id": "ZC8PG0KIFKBRI"
              },
              {
                "dns_name": "vpce-0ecb60c7df9ba08a2-x9b644or-us-east-2b.kms.us-east-2.vpce.amazonaws.com",
                "hosted_zone_id": "ZC8PG0KIFKBRI"
              },
              {
                "dns_name": "vpce-0ecb60c7df9ba08a2-x9b644or-us-east-2c.kms.us-east-2.vpce.amazonaws.com",
                "hosted_zone_id": "ZC8PG0KIFKBRI"
              },
              {
                "dns_name": "kms.us-east-2.amazonaws.com",
                "hosted_zone_id": "Z042223222X34FEHMGOM9"
              }
            ],
            "dns_options": [
              {
                "dns_record_ip_type": "ipv4",
                "private_dns_only_for_inbound_resolver_endpoint": false
              }
            ],
            "id": "vpce-0ecb60c7df9ba08a2",
            "ip_address_type": "ipv4",
            "network_interface_ids": [
              "eni-021a12778d625dd1e",
              "eni-0510d092e2526a177",
              "eni-0ae3fe6316f2697d9"
            ],
            "owner_id": "730071141898",
            "policy": "{\"Statement\":[{\"Action\":\"*\",\"Effect\":\"Allow\",\"Principal\":\"*\",\"Resource\":\"*\"}]}",
            "prefix_list_id": null,
            "private_dns_enabled": true,
            "requester_managed": false,
            "route_table_ids": [],
            "security_group_ids": [
              "sg-09112ca123695f26c",
              "sg-0bfc6d8e74520459b"
            ],
            "service_name": "com.amazonaws.us-east-2.kms",
            "state": "available",
            "subnet_ids": [
              "subnet-017421dc4e20034f4",
              "subnet-02b82103b7f59cf49",
              "subnet-05907faca564b2249"
            ],
            "tags": {
              "Endpoint": "true",
              "Environment": "dev",
              "GithubOrg": "terraform-aws-modules",
              "GithubRepo": "terraform-aws-vpc",
              "Project": "du-iac-cicd",
              "RootTFModule": "bootstrap"
            },
            "tags_all": {
              "Endpoint": "true",
              "Environment": "dev",
              "GithubOrg": "terraform-aws-modules",
              "GithubRepo": "terraform-aws-vpc",
              "Project": "du-iac-cicd",
              "RootTFModule": "bootstrap"
            },
            "timeouts": {
              "create": "10m",
              "delete": "10m",
              "update": "10m"
            },
            "vpc_endpoint_type": "Interface",
            "vpc_id": "vpc-04a04f7600ace7f1e"
          },
          "sensitive_attributes": [],
          "private": "eyJlMmJmYjczMC1lY2FhLTExZTYtOGY4OC0zNDM2M2JjN2M0YzAiOnsiY3JlYXRlIjo2MDAwMDAwMDAwMDAsImRlbGV0ZSI6NjAwMDAwMDAwMDAwLCJ1cGRhdGUiOjYwMDAwMDAwMDAwMH19",
          "dependencies": [
            "module.vpc.aws_security_group.vpc_tls",
            "module.vpc.data.aws_iam_policy_document.ecr",
            "module.vpc.data.aws_security_group.default",
            "module.vpc.module.vpc.aws_route_table.intra",
            "module.vpc.module.vpc.aws_route_table.private",
            "module.vpc.module.vpc.aws_route_table.public",
            "module.vpc.module.vpc.aws_subnet.private",
            "module.vpc.module.vpc.aws_vpc.this",
            "module.vpc.module.vpc.aws_vpc_ipv4_cidr_block_association.this",
            "module.vpc.module.vpc_endpoints.aws_security_group.this",
            "module.vpc.module.vpc_endpoints.data.aws_vpc_endpoint_service.this",
            "random_id.default"
          ]
        },
        {
          "index_key": "lambda",
          "schema_version": 0,
          "attributes": {
            "arn": "arn:aws:ec2:us-east-2:730071141898:vpc-endpoint/vpce-0af50d6451b4fe180",
            "auto_accept": null,
            "cidr_blocks": [],
            "dns_entry": [
              {
                "dns_name": "vpce-0af50d6451b4fe180-7meaai40.lambda.us-east-2.vpce.amazonaws.com",
                "hosted_zone_id": "ZC8PG0KIFKBRI"
              },
              {
                "dns_name": "vpce-0af50d6451b4fe180-7meaai40-us-east-2b.lambda.us-east-2.vpce.amazonaws.com",
                "hosted_zone_id": "ZC8PG0KIFKBRI"
              },
              {
                "dns_name": "vpce-0af50d6451b4fe180-7meaai40-us-east-2a.lambda.us-east-2.vpce.amazonaws.com",
                "hosted_zone_id": "ZC8PG0KIFKBRI"
              },
              {
                "dns_name": "vpce-0af50d6451b4fe180-7meaai40-us-east-2c.lambda.us-east-2.vpce.amazonaws.com",
                "hosted_zone_id": "ZC8PG0KIFKBRI"
              },
              {
                "dns_name": "lambda.us-east-2.amazonaws.com",
                "hosted_zone_id": "Z03599151SGY7YVB9BDMK"
              },
              {
                "dns_name": "lambda.us-east-2.api.aws",
                "hosted_zone_id": "Z04235041WP6RRAH3SBSC"
              }
            ],
            "dns_options": [
              {
                "dns_record_ip_type": "ipv4",
                "private_dns_only_for_inbound_resolver_endpoint": false
              }
            ],
            "id": "vpce-0af50d6451b4fe180",
            "ip_address_type": "ipv4",
            "network_interface_ids": [
              "eni-027f5216980a00a67",
              "eni-028a07798dd21fd26",
              "eni-06c4a130f64671383"
            ],
            "owner_id": "730071141898",
            "policy": "{\"Statement\":[{\"Action\":\"*\",\"Effect\":\"Allow\",\"Principal\":\"*\",\"Resource\":\"*\"}]}",
            "prefix_list_id": null,
            "private_dns_enabled": true,
            "requester_managed": false,
            "route_table_ids": [],
            "security_group_ids": [
              "sg-09112ca123695f26c",
              "sg-0bfc6d8e74520459b"
            ],
            "service_name": "com.amazonaws.us-east-2.lambda",
            "state": "available",
            "subnet_ids": [
              "subnet-017421dc4e20034f4",
              "subnet-02b82103b7f59cf49",
              "subnet-05907faca564b2249"
            ],
            "tags": {
              "Endpoint": "true",
              "Environment": "dev",
              "GithubOrg": "terraform-aws-modules",
              "GithubRepo": "terraform-aws-vpc",
              "Project": "du-iac-cicd",
              "RootTFModule": "bootstrap"
            },
            "tags_all": {
              "Endpoint": "true",
              "Environment": "dev",
              "GithubOrg": "terraform-aws-modules",
              "GithubRepo": "terraform-aws-vpc",
              "Project": "du-iac-cicd",
              "RootTFModule": "bootstrap"
            },
            "timeouts": {
              "create": "10m",
              "delete": "10m",
              "update": "10m"
            },
            "vpc_endpoint_type": "Interface",
            "vpc_id": "vpc-04a04f7600ace7f1e"
          },
          "sensitive_attributes": [],
          "private": "eyJlMmJmYjczMC1lY2FhLTExZTYtOGY4OC0zNDM2M2JjN2M0YzAiOnsiY3JlYXRlIjo2MDAwMDAwMDAwMDAsImRlbGV0ZSI6NjAwMDAwMDAwMDAwLCJ1cGRhdGUiOjYwMDAwMDAwMDAwMH19",
          "dependencies": [
            "module.vpc.aws_security_group.vpc_tls",
            "module.vpc.data.aws_iam_policy_document.ecr",
            "module.vpc.data.aws_security_group.default",
            "module.vpc.module.vpc.aws_route_table.intra",
            "module.vpc.module.vpc.aws_route_table.private",
            "module.vpc.module.vpc.aws_route_table.public",
            "module.vpc.module.vpc.aws_subnet.private",
            "module.vpc.module.vpc.aws_vpc.this",
            "module.vpc.module.vpc.aws_vpc_ipv4_cidr_block_association.this",
            "module.vpc.module.vpc_endpoints.aws_security_group.this",
            "module.vpc.module.vpc_endpoints.data.aws_vpc_endpoint_service.this",
            "random_id.default"
          ]
        },
        {
          "index_key": "logs",
          "schema_version": 0,
          "attributes": {
            "arn": "arn:aws:ec2:us-east-2:730071141898:vpc-endpoint/vpce-0fb5f9b4b50af93cc",
            "auto_accept": null,
            "cidr_blocks": [],
            "dns_entry": [
              {
                "dns_name": "vpce-0fb5f9b4b50af93cc-nvq1wji3.logs.us-east-2.vpce.amazonaws.com",
                "hosted_zone_id": "ZC8PG0KIFKBRI"
              },
              {
                "dns_name": "vpce-0fb5f9b4b50af93cc-nvq1wji3-us-east-2a.logs.us-east-2.vpce.amazonaws.com",
                "hosted_zone_id": "ZC8PG0KIFKBRI"
              },
              {
                "dns_name": "vpce-0fb5f9b4b50af93cc-nvq1wji3-us-east-2c.logs.us-east-2.vpce.amazonaws.com",
                "hosted_zone_id": "ZC8PG0KIFKBRI"
              },
              {
                "dns_name": "vpce-0fb5f9b4b50af93cc-nvq1wji3-us-east-2b.logs.us-east-2.vpce.amazonaws.com",
                "hosted_zone_id": "ZC8PG0KIFKBRI"
              },
              {
                "dns_name": "logs.us-east-2.amazonaws.com",
                "hosted_zone_id": "Z094375864H4Q8SFS05I"
              }
            ],
            "dns_options": [
              {
                "dns_record_ip_type": "ipv4",
                "private_dns_only_for_inbound_resolver_endpoint": false
              }
            ],
            "id": "vpce-0fb5f9b4b50af93cc",
            "ip_address_type": "ipv4",
            "network_interface_ids": [
              "eni-0a98d001a74b45dbb",
              "eni-0c1c0dca1f6976400",
              "eni-0e2bdd91c4ce43ca4"
            ],
            "owner_id": "730071141898",
            "policy": "{\"Statement\":[{\"Action\":\"*\",\"Effect\":\"Allow\",\"Principal\":\"*\",\"Resource\":\"*\"}]}",
            "prefix_list_id": null,
            "private_dns_enabled": true,
            "requester_managed": false,
            "route_table_ids": [],
            "security_group_ids": [
              "sg-09112ca123695f26c",
              "sg-0bfc6d8e74520459b"
            ],
            "service_name": "com.amazonaws.us-east-2.logs",
            "state": "available",
            "subnet_ids": [
              "subnet-017421dc4e20034f4",
              "subnet-02b82103b7f59cf49",
              "subnet-05907faca564b2249"
            ],
            "tags": {
              "Endpoint": "true",
              "Environment": "dev",
              "GithubOrg": "terraform-aws-modules",
              "GithubRepo": "terraform-aws-vpc",
              "Project": "du-iac-cicd",
              "RootTFModule": "bootstrap"
            },
            "tags_all": {
              "Endpoint": "true",
              "Environment": "dev",
              "GithubOrg": "terraform-aws-modules",
              "GithubRepo": "terraform-aws-vpc",
              "Project": "du-iac-cicd",
              "RootTFModule": "bootstrap"
            },
            "timeouts": {
              "create": "10m",
              "delete": "10m",
              "update": "10m"
            },
            "vpc_endpoint_type": "Interface",
            "vpc_id": "vpc-04a04f7600ace7f1e"
          },
          "sensitive_attributes": [],
          "private": "eyJlMmJmYjczMC1lY2FhLTExZTYtOGY4OC0zNDM2M2JjN2M0YzAiOnsiY3JlYXRlIjo2MDAwMDAwMDAwMDAsImRlbGV0ZSI6NjAwMDAwMDAwMDAwLCJ1cGRhdGUiOjYwMDAwMDAwMDAwMH19",
          "dependencies": [
            "module.vpc.aws_security_group.vpc_tls",
            "module.vpc.data.aws_iam_policy_document.ecr",
            "module.vpc.data.aws_security_group.default",
            "module.vpc.module.vpc.aws_route_table.intra",
            "module.vpc.module.vpc.aws_route_table.private",
            "module.vpc.module.vpc.aws_route_table.public",
            "module.vpc.module.vpc.aws_subnet.private",
            "module.vpc.module.vpc.aws_vpc.this",
            "module.vpc.module.vpc.aws_vpc_ipv4_cidr_block_association.this",
            "module.vpc.module.vpc_endpoints.aws_security_group.this",
            "module.vpc.module.vpc_endpoints.data.aws_vpc_endpoint_service.this",
            "random_id.default"
          ]
        },
        {
          "index_key": "s3",
          "schema_version": 0,
          "attributes": {
            "arn": "arn:aws:ec2:us-east-2:730071141898:vpc-endpoint/vpce-0462030a152389d80",
            "auto_accept": null,
            "cidr_blocks": [
              "18.34.252.0/22",
              "52.219.141.0/24",
              "18.34.72.0/21",
              "52.219.96.0/20",
              "52.219.224.0/21",
              "16.12.60.0/22",
              "52.219.232.0/22",
              "52.219.80.0/20",
              "3.5.128.0/22",
              "52.219.142.0/23",
              "3.5.132.0/23",
              "16.12.64.0/22",
              "52.219.212.0/22",
              "52.219.176.0/22"
            ],
            "dns_entry": [],
            "dns_options": [],
            "id": "vpce-0462030a152389d80",
            "ip_address_type": "",
            "network_interface_ids": [],
            "owner_id": "730071141898",
            "policy": "{\"Statement\":[{\"Action\":\"*\",\"Effect\":\"Allow\",\"Principal\":\"*\",\"Resource\":\"*\"}],\"Version\":\"2008-10-17\"}",
            "prefix_list_id": "pl-7ba54012",
            "private_dns_enabled": false,
            "requester_managed": false,
            "route_table_ids": [
              "rtb-04508d788e2af2e65",
              "rtb-08e523f6fb9d0aa27",
              "rtb-0a932e0839d21da11"
            ],
            "security_group_ids": [],
            "service_name": "com.amazonaws.us-east-2.s3",
            "state": "available",
            "subnet_ids": [],
            "tags": {
              "Endpoint": "true",
              "Environment": "dev",
              "GithubOrg": "terraform-aws-modules",
              "GithubRepo": "terraform-aws-vpc",
              "Name": "s3-vpc-endpoint",
              "Project": "du-iac-cicd",
              "RootTFModule": "bootstrap"
            },
            "tags_all": {
              "Endpoint": "true",
              "Environment": "dev",
              "GithubOrg": "terraform-aws-modules",
              "GithubRepo": "terraform-aws-vpc",
              "Name": "s3-vpc-endpoint",
              "Project": "du-iac-cicd",
              "RootTFModule": "bootstrap"
            },
            "timeouts": {
              "create": "10m",
              "delete": "10m",
              "update": "10m"
            },
            "vpc_endpoint_type": "Gateway",
            "vpc_id": "vpc-04a04f7600ace7f1e"
          },
          "sensitive_attributes": [],
          "private": "eyJlMmJmYjczMC1lY2FhLTExZTYtOGY4OC0zNDM2M2JjN2M0YzAiOnsiY3JlYXRlIjo2MDAwMDAwMDAwMDAsImRlbGV0ZSI6NjAwMDAwMDAwMDAwLCJ1cGRhdGUiOjYwMDAwMDAwMDAwMH19",
          "dependencies": [
            "module.vpc.aws_security_group.vpc_tls",
            "module.vpc.data.aws_iam_policy_document.ecr",
            "module.vpc.data.aws_security_group.default",
            "module.vpc.module.vpc.aws_route_table.intra",
            "module.vpc.module.vpc.aws_route_table.private",
            "module.vpc.module.vpc.aws_route_table.public",
            "module.vpc.module.vpc.aws_subnet.private",
            "module.vpc.module.vpc.aws_vpc.this",
            "module.vpc.module.vpc.aws_vpc_ipv4_cidr_block_association.this",
            "module.vpc.module.vpc_endpoints.aws_security_group.this",
            "module.vpc.module.vpc_endpoints.data.aws_vpc_endpoint_service.this",
            "random_id.default"
          ]
        },
        {
          "index_key": "secretsmanager",
          "schema_version": 0,
          "attributes": {
            "arn": "arn:aws:ec2:us-east-2:730071141898:vpc-endpoint/vpce-075785851fa3e35b5",
            "auto_accept": null,
            "cidr_blocks": [],
            "dns_entry": [
              {
                "dns_name": "vpce-075785851fa3e35b5-fi68usc8.secretsmanager.us-east-2.vpce.amazonaws.com",
                "hosted_zone_id": "ZC8PG0KIFKBRI"
              },
              {
                "dns_name": "vpce-075785851fa3e35b5-fi68usc8-us-east-2a.secretsmanager.us-east-2.vpce.amazonaws.com",
                "hosted_zone_id": "ZC8PG0KIFKBRI"
              },
              {
                "dns_name": "vpce-075785851fa3e35b5-fi68usc8-us-east-2c.secretsmanager.us-east-2.vpce.amazonaws.com",
                "hosted_zone_id": "ZC8PG0KIFKBRI"
              },
              {
                "dns_name": "vpce-075785851fa3e35b5-fi68usc8-us-east-2b.secretsmanager.us-east-2.vpce.amazonaws.com",
                "hosted_zone_id": "ZC8PG0KIFKBRI"
              },
              {
                "dns_name": "secretsmanager.us-east-2.amazonaws.com",
                "hosted_zone_id": "Z09423671O1RF1KCY258Z"
              }
            ],
            "dns_options": [
              {
                "dns_record_ip_type": "ipv4",
                "private_dns_only_for_inbound_resolver_endpoint": false
              }
            ],
            "id": "vpce-075785851fa3e35b5",
            "ip_address_type": "ipv4",
            "network_interface_ids": [
              "eni-00e90212501570110",
              "eni-054cf90854206a34e",
              "eni-0732606d23ea485ac"
            ],
            "owner_id": "730071141898",
            "policy": "{\"Statement\":[{\"Action\":\"*\",\"Effect\":\"Allow\",\"Principal\":\"*\",\"Resource\":\"*\"}]}",
            "prefix_list_id": null,
            "private_dns_enabled": true,
            "requester_managed": false,
            "route_table_ids": [],
            "security_group_ids": [
              "sg-09112ca123695f26c",
              "sg-0bfc6d8e74520459b"
            ],
            "service_name": "com.amazonaws.us-east-2.secretsmanager",
            "state": "available",
            "subnet_ids": [
              "subnet-017421dc4e20034f4",
              "subnet-02b82103b7f59cf49",
              "subnet-05907faca564b2249"
            ],
            "tags": {
              "Endpoint": "true",
              "Environment": "dev",
              "GithubOrg": "terraform-aws-modules",
              "GithubRepo": "terraform-aws-vpc",
              "Project": "du-iac-cicd",
              "RootTFModule": "bootstrap"
            },
            "tags_all": {
              "Endpoint": "true",
              "Environment": "dev",
              "GithubOrg": "terraform-aws-modules",
              "GithubRepo": "terraform-aws-vpc",
              "Project": "du-iac-cicd",
              "RootTFModule": "bootstrap"
            },
            "timeouts": {
              "create": "10m",
              "delete": "10m",
              "update": "10m"
            },
            "vpc_endpoint_type": "Interface",
            "vpc_id": "vpc-04a04f7600ace7f1e"
          },
          "sensitive_attributes": [],
          "private": "eyJlMmJmYjczMC1lY2FhLTExZTYtOGY4OC0zNDM2M2JjN2M0YzAiOnsiY3JlYXRlIjo2MDAwMDAwMDAwMDAsImRlbGV0ZSI6NjAwMDAwMDAwMDAwLCJ1cGRhdGUiOjYwMDAwMDAwMDAwMH19",
          "dependencies": [
            "module.vpc.aws_security_group.vpc_tls",
            "module.vpc.data.aws_iam_policy_document.ecr",
            "module.vpc.data.aws_security_group.default",
            "module.vpc.module.vpc.aws_route_table.intra",
            "module.vpc.module.vpc.aws_route_table.private",
            "module.vpc.module.vpc.aws_route_table.public",
            "module.vpc.module.vpc.aws_subnet.private",
            "module.vpc.module.vpc.aws_vpc.this",
            "module.vpc.module.vpc.aws_vpc_ipv4_cidr_block_association.this",
            "module.vpc.module.vpc_endpoints.aws_security_group.this",
            "module.vpc.module.vpc_endpoints.data.aws_vpc_endpoint_service.this",
            "random_id.default"
          ]
        },
        {
          "index_key": "ssm",
          "schema_version": 0,
          "attributes": {
            "arn": "arn:aws:ec2:us-east-2:730071141898:vpc-endpoint/vpce-01b87b9d75c02c869",
            "auto_accept": null,
            "cidr_blocks": [],
            "dns_entry": [
              {
                "dns_name": "vpce-01b87b9d75c02c869-mmshyoig.ssm.us-east-2.vpce.amazonaws.com",
                "hosted_zone_id": "ZC8PG0KIFKBRI"
              },
              {
                "dns_name": "vpce-01b87b9d75c02c869-mmshyoig-us-east-2c.ssm.us-east-2.vpce.amazonaws.com",
                "hosted_zone_id": "ZC8PG0KIFKBRI"
              },
              {
                "dns_name": "vpce-01b87b9d75c02c869-mmshyoig-us-east-2b.ssm.us-east-2.vpce.amazonaws.com",
                "hosted_zone_id": "ZC8PG0KIFKBRI"
              },
              {
                "dns_name": "vpce-01b87b9d75c02c869-mmshyoig-us-east-2a.ssm.us-east-2.vpce.amazonaws.com",
                "hosted_zone_id": "ZC8PG0KIFKBRI"
              },
              {
                "dns_name": "ssm.us-east-2.amazonaws.com",
                "hosted_zone_id": "Z04247682Y9EF9SVWZEBH"
              }
            ],
            "dns_options": [
              {
                "dns_record_ip_type": "ipv4",
                "private_dns_only_for_inbound_resolver_endpoint": false
              }
            ],
            "id": "vpce-01b87b9d75c02c869",
            "ip_address_type": "ipv4",
            "network_interface_ids": [
              "eni-041e30e77ccfb1380",
              "eni-090310687f7f06d44",
              "eni-0dd5928902f71b7fe"
            ],
            "owner_id": "730071141898",
            "policy": "{\"Statement\":[{\"Action\":\"*\",\"Effect\":\"Allow\",\"Principal\":\"*\",\"Resource\":\"*\"}]}",
            "prefix_list_id": null,
            "private_dns_enabled": true,
            "requester_managed": false,
            "route_table_ids": [],
            "security_group_ids": [
              "sg-09112ca123695f26c",
              "sg-0bfc6d8e74520459b"
            ],
            "service_name": "com.amazonaws.us-east-2.ssm",
            "state": "available",
            "subnet_ids": [
              "subnet-017421dc4e20034f4",
              "subnet-02b82103b7f59cf49",
              "subnet-05907faca564b2249"
            ],
            "tags": {
              "Endpoint": "true",
              "Environment": "dev",
              "GithubOrg": "terraform-aws-modules",
              "GithubRepo": "terraform-aws-vpc",
              "Project": "du-iac-cicd",
              "RootTFModule": "bootstrap"
            },
            "tags_all": {
              "Endpoint": "true",
              "Environment": "dev",
              "GithubOrg": "terraform-aws-modules",
              "GithubRepo": "terraform-aws-vpc",
              "Project": "du-iac-cicd",
              "RootTFModule": "bootstrap"
            },
            "timeouts": {
              "create": "10m",
              "delete": "10m",
              "update": "10m"
            },
            "vpc_endpoint_type": "Interface",
            "vpc_id": "vpc-04a04f7600ace7f1e"
          },
          "sensitive_attributes": [],
          "private": "eyJlMmJmYjczMC1lY2FhLTExZTYtOGY4OC0zNDM2M2JjN2M0YzAiOnsiY3JlYXRlIjo2MDAwMDAwMDAwMDAsImRlbGV0ZSI6NjAwMDAwMDAwMDAwLCJ1cGRhdGUiOjYwMDAwMDAwMDAwMH19",
          "dependencies": [
            "module.vpc.aws_security_group.vpc_tls",
            "module.vpc.data.aws_iam_policy_document.ecr",
            "module.vpc.data.aws_security_group.default",
            "module.vpc.module.vpc.aws_route_table.intra",
            "module.vpc.module.vpc.aws_route_table.private",
            "module.vpc.module.vpc.aws_route_table.public",
            "module.vpc.module.vpc.aws_subnet.private",
            "module.vpc.module.vpc.aws_vpc.this",
            "module.vpc.module.vpc.aws_vpc_ipv4_cidr_block_association.this",
            "module.vpc.module.vpc_endpoints.aws_security_group.this",
            "module.vpc.module.vpc_endpoints.data.aws_vpc_endpoint_service.this",
            "random_id.default"
          ]
        },
        {
          "index_key": "ssmmessages",
          "schema_version": 0,
          "attributes": {
            "arn": "arn:aws:ec2:us-east-2:730071141898:vpc-endpoint/vpce-0e84ebe8b9cf584c3",
            "auto_accept": null,
            "cidr_blocks": [],
            "dns_entry": [
              {
                "dns_name": "vpce-0e84ebe8b9cf584c3-8yv4kjx6.ssmmessages.us-east-2.vpce.amazonaws.com",
                "hosted_zone_id": "ZC8PG0KIFKBRI"
              },
              {
                "dns_name": "vpce-0e84ebe8b9cf584c3-8yv4kjx6-us-east-2a.ssmmessages.us-east-2.vpce.amazonaws.com",
                "hosted_zone_id": "ZC8PG0KIFKBRI"
              },
              {
                "dns_name": "vpce-0e84ebe8b9cf584c3-8yv4kjx6-us-east-2b.ssmmessages.us-east-2.vpce.amazonaws.com",
                "hosted_zone_id": "ZC8PG0KIFKBRI"
              },
              {
                "dns_name": "vpce-0e84ebe8b9cf584c3-8yv4kjx6-us-east-2c.ssmmessages.us-east-2.vpce.amazonaws.com",
                "hosted_zone_id": "ZC8PG0KIFKBRI"
              },
              {
                "dns_name": "ssmmessages.us-east-2.amazonaws.com",
                "hosted_zone_id": "Z002558620MBVACL434ZY"
              }
            ],
            "dns_options": [
              {
                "dns_record_ip_type": "ipv4",
                "private_dns_only_for_inbound_resolver_endpoint": false
              }
            ],
            "id": "vpce-0e84ebe8b9cf584c3",
            "ip_address_type": "ipv4",
            "network_interface_ids": [
              "eni-0332b7abd4dbb9a65",
              "eni-07cfb48ef1d018817",
              "eni-0d5ae7ad5850fa7e2"
            ],
            "owner_id": "730071141898",
            "policy": "{\"Statement\":[{\"Action\":\"*\",\"Effect\":\"Allow\",\"Principal\":\"*\",\"Resource\":\"*\"}]}",
            "prefix_list_id": null,
            "private_dns_enabled": true,
            "requester_managed": false,
            "route_table_ids": [],
            "security_group_ids": [
              "sg-09112ca123695f26c",
              "sg-0bfc6d8e74520459b"
            ],
            "service_name": "com.amazonaws.us-east-2.ssmmessages",
            "state": "available",
            "subnet_ids": [
              "subnet-017421dc4e20034f4",
              "subnet-02b82103b7f59cf49",
              "subnet-05907faca564b2249"
            ],
            "tags": {
              "Endpoint": "true",
              "Environment": "dev",
              "GithubOrg": "terraform-aws-modules",
              "GithubRepo": "terraform-aws-vpc",
              "Project": "du-iac-cicd",
              "RootTFModule": "bootstrap"
            },
            "tags_all": {
              "Endpoint": "true",
              "Environment": "dev",
              "GithubOrg": "terraform-aws-modules",
              "GithubRepo": "terraform-aws-vpc",
              "Project": "du-iac-cicd",
              "RootTFModule": "bootstrap"
            },
            "timeouts": {
              "create": "10m",
              "delete": "10m",
              "update": "10m"
            },
            "vpc_endpoint_type": "Interface",
            "vpc_id": "vpc-04a04f7600ace7f1e"
          },
          "sensitive_attributes": [],
          "private": "eyJlMmJmYjczMC1lY2FhLTExZTYtOGY4OC0zNDM2M2JjN2M0YzAiOnsiY3JlYXRlIjo2MDAwMDAwMDAwMDAsImRlbGV0ZSI6NjAwMDAwMDAwMDAwLCJ1cGRhdGUiOjYwMDAwMDAwMDAwMH19",
          "dependencies": [
            "module.vpc.aws_security_group.vpc_tls",
            "module.vpc.data.aws_iam_policy_document.ecr",
            "module.vpc.data.aws_security_group.default",
            "module.vpc.module.vpc.aws_route_table.intra",
            "module.vpc.module.vpc.aws_route_table.private",
            "module.vpc.module.vpc.aws_route_table.public",
            "module.vpc.module.vpc.aws_subnet.private",
            "module.vpc.module.vpc.aws_vpc.this",
            "module.vpc.module.vpc.aws_vpc_ipv4_cidr_block_association.this",
            "module.vpc.module.vpc_endpoints.aws_security_group.this",
            "module.vpc.module.vpc_endpoints.data.aws_vpc_endpoint_service.this",
            "random_id.default"
          ]
        },
        {
          "index_key": "sts",
          "schema_version": 0,
          "attributes": {
            "arn": "arn:aws:ec2:us-east-2:730071141898:vpc-endpoint/vpce-022b25285ea3b24e2",
            "auto_accept": null,
            "cidr_blocks": [],
            "dns_entry": [
              {
                "dns_name": "vpce-022b25285ea3b24e2-1737h45g.sts.us-east-2.vpce.amazonaws.com",
                "hosted_zone_id": "ZC8PG0KIFKBRI"
              },
              {
                "dns_name": "vpce-022b25285ea3b24e2-1737h45g-us-east-2c.sts.us-east-2.vpce.amazonaws.com",
                "hosted_zone_id": "ZC8PG0KIFKBRI"
              },
              {
                "dns_name": "vpce-022b25285ea3b24e2-1737h45g-us-east-2b.sts.us-east-2.vpce.amazonaws.com",
                "hosted_zone_id": "ZC8PG0KIFKBRI"
              },
              {
                "dns_name": "vpce-022b25285ea3b24e2-1737h45g-us-east-2a.sts.us-east-2.vpce.amazonaws.com",
                "hosted_zone_id": "ZC8PG0KIFKBRI"
              },
              {
                "dns_name": "sts.us-east-2.amazonaws.com",
                "hosted_zone_id": "Z04224153LUN307K9ZS2J"
              }
            ],
            "dns_options": [
              {
                "dns_record_ip_type": "ipv4",
                "private_dns_only_for_inbound_resolver_endpoint": false
              }
            ],
            "id": "vpce-022b25285ea3b24e2",
            "ip_address_type": "ipv4",
            "network_interface_ids": [
              "eni-0261705b88d4e1edd",
              "eni-0a83f36b29b733cae",
              "eni-0cf0ac5fa145b9a1b"
            ],
            "owner_id": "730071141898",
            "policy": "{\"Statement\":[{\"Action\":\"*\",\"Effect\":\"Allow\",\"Principal\":\"*\",\"Resource\":\"*\"}]}",
            "prefix_list_id": null,
            "private_dns_enabled": true,
            "requester_managed": false,
            "route_table_ids": [],
            "security_group_ids": [
              "sg-09112ca123695f26c",
              "sg-0bfc6d8e74520459b"
            ],
            "service_name": "com.amazonaws.us-east-2.sts",
            "state": "available",
            "subnet_ids": [
              "subnet-017421dc4e20034f4",
              "subnet-02b82103b7f59cf49",
              "subnet-05907faca564b2249"
            ],
            "tags": {
              "Endpoint": "true",
              "Environment": "dev",
              "GithubOrg": "terraform-aws-modules",
              "GithubRepo": "terraform-aws-vpc",
              "Project": "du-iac-cicd",
              "RootTFModule": "bootstrap"
            },
            "tags_all": {
              "Endpoint": "true",
              "Environment": "dev",
              "GithubOrg": "terraform-aws-modules",
              "GithubRepo": "terraform-aws-vpc",
              "Project": "du-iac-cicd",
              "RootTFModule": "bootstrap"
            },
            "timeouts": {
              "create": "10m",
              "delete": "10m",
              "update": "10m"
            },
            "vpc_endpoint_type": "Interface",
            "vpc_id": "vpc-04a04f7600ace7f1e"
          },
          "sensitive_attributes": [],
          "private": "eyJlMmJmYjczMC1lY2FhLTExZTYtOGY4OC0zNDM2M2JjN2M0YzAiOnsiY3JlYXRlIjo2MDAwMDAwMDAwMDAsImRlbGV0ZSI6NjAwMDAwMDAwMDAwLCJ1cGRhdGUiOjYwMDAwMDAwMDAwMH19",
          "dependencies": [
            "module.vpc.aws_security_group.vpc_tls",
            "module.vpc.data.aws_iam_policy_document.ecr",
            "module.vpc.data.aws_security_group.default",
            "module.vpc.module.vpc.aws_route_table.intra",
            "module.vpc.module.vpc.aws_route_table.private",
            "module.vpc.module.vpc.aws_route_table.public",
            "module.vpc.module.vpc.aws_subnet.private",
            "module.vpc.module.vpc.aws_vpc.this",
            "module.vpc.module.vpc.aws_vpc_ipv4_cidr_block_association.this",
            "module.vpc.module.vpc_endpoints.aws_security_group.this",
            "module.vpc.module.vpc_endpoints.data.aws_vpc_endpoint_service.this",
            "random_id.default"
          ]
        }
      ]
    }
  ],
  "check_results": [
    {
      "object_kind": "resource",
      "config_addr": "aws_s3_bucket.access_log_bucket",
      "status": "pass",
      "objects": [
        {
          "object_addr": "aws_s3_bucket.access_log_bucket",
          "status": "pass"
        }
      ]
    }
  ]
}
